
Microsoft Visual Studio Solution File, Format Version 12.00
# Visual Studio 14
VisualStudioVersion = 14.0.25420.1
MinimumVisualStudioVersion = 10.0.40219.1
Project("{2150E333-8FDC-42A3-9474-1A3956D46DE8}") = "freeimage", "freeimage", "{98A27805-5FAA-472D-9637-748D70A2A63A}"
EndProject
Project("{8BC9CEB8-8B4A-11D0-8D11-00A0C91BC942}") = "libfreeimage", "libfreeimage\libfreeimage.vcxproj", "{A44D4843-B5B2-454E-8A48-D7498CA6734E}"
EndProject
Project("{8BC9CEB8-8B4A-11D0-8D11-00A0C91BC942}") = "libjpeg", "libjpeg\libjpeg.vcxproj", "{5E1D4E5F-E10C-4BA3-B663-F33014FD21D9}"
EndProject
Project("{8BC9CEB8-8B4A-11D0-8D11-00A0C91BC942}") = "libjxr", "libjxr\libjxr.vcxproj", "{244455E0-5F25-4451-9540-F317883E52A8}"
EndProject
Project("{8BC9CEB8-8B4A-11D0-8D11-00A0C91BC942}") = "libopenexr", "libopenexr\libopenexr.vcxproj", "{17A4874B-0606-4687-90B6-F91F8CB3B8AF}"
EndProject
Project("{8BC9CEB8-8B4A-11D0-8D11-00A0C91BC942}") = "libopenjpeg", "libopenjpeg\libopenjpeg.vcxproj", "{E3536C28-A7F1-4B53-8E52-7D2232F9E098}"
EndProject
Project("{8BC9CEB8-8B4A-11D0-8D11-00A0C91BC942}") = "libpng", "libpng\libpng.vcxproj", "{7DB10B50-CE00-4D7A-B322-6824F05D2FCB}"
EndProject
Project("{8BC9CEB8-8B4A-11D0-8D11-00A0C91BC942}") = "librawlite", "librawlite\librawlite.vcxproj", "{07F662C1-1323-42AB-B6AF-FBFD34A7437A}"
EndProject
Project("{8BC9CEB8-8B4A-11D0-8D11-00A0C91BC942}") = "libtiff4", "libtiff4\libtiff4.vcxproj", "{EC085CBD-E9C3-477F-9A97-CB9D5DA30E27}"
EndProject
Project("{8BC9CEB8-8B4A-11D0-8D11-00A0C91BC942}") = "libwebp", "libwebp\libwebp.vcxproj", "{097D9F6C-FD0E-4CBC-9676-009012AAECA8}"
EndProject
Project("{2150E333-8FDC-42A3-9474-1A3956D46DE8}") = "ogre", "ogre", "{08D7E9DB-DF3C-4B14-AC2A-BFCE1EFDEE50}"
EndProject
Project("{8BC9CEB8-8B4A-11D0-8D11-00A0C91BC942}") = "libzlib", "libzlib\libzlib.vcxproj", "{3EDA72B4-0BF1-4D04-ADE4-B6ED77CDB985}"
EndProject
Project("{8BC9CEB8-8B4A-11D0-8D11-00A0C91BC942}") = "libfreetype", "libfreetype\libfreetype.vcxproj", "{40019CFF-D32E-4BCF-9831-17F1F15690C5}"
EndProject
Project("{8BC9CEB8-8B4A-11D0-8D11-00A0C91BC942}") = "OgreMain", "OgreMain\OgreMain.vcxproj", "{704023A8-B55F-4639-B982-05DAC1440951}"
EndProject
Project("{8BC9CEB8-8B4A-11D0-8D11-00A0C91BC942}") = "libzzip", "libzzip\libzzip.vcxproj", "{C091B95A-81FE-4AB4-B448-2BA8F80A36E2}"
EndProject
Project("{8BC9CEB8-8B4A-11D0-8D11-00A0C91BC942}") = "OgreOverlay", "OgreOverlay\OgreOverlay.vcxproj", "{DA7B5B0B-3E99-4D78-8C10-A64218FC1C10}"
EndProject
Project("{8BC9CEB8-8B4A-11D0-8D11-00A0C91BC942}") = "OgrePaging", "OgrePaging\OgrePaging.vcxproj", "{347A5014-A452-47B3-9AFA-A6202A8F964C}"
EndProject
Project("{8BC9CEB8-8B4A-11D0-8D11-00A0C91BC942}") = "OgreRTShaderSystem", "OgreRTShaderSystem\OgreRTShaderSystem.vcxproj", "{4BF2DEEB-5806-4AD1-9F1B-1311802E360B}"
EndProject
Project("{8BC9CEB8-8B4A-11D0-8D11-00A0C91BC942}") = "OgreTerrain", "OgreTerrain\OgreTerrain.vcxproj", "{57B9E8CC-EEB1-47AD-826E-B17A7C25F97E}"
EndProject
Project("{8BC9CEB8-8B4A-11D0-8D11-00A0C91BC942}") = "OgreVolume", "OgreVolume\OgreVolume.vcxproj", "{C185ED70-ABBA-4C57-889D-685D80F8505B}"
EndProject
Project("{8BC9CEB8-8B4A-11D0-8D11-00A0C91BC942}") = "Plugin_BSPSceneManager", "Plugin_BSPSceneManager\Plugin_BSPSceneManager.vcxproj", "{37C490DF-ED1B-486D-928F-C372811F6903}"
EndProject
Project("{8BC9CEB8-8B4A-11D0-8D11-00A0C91BC942}") = "Plugin_CgProgramManager", "Plugin_CgProgramManager\Plugin_CgProgramManager.vcxproj", "{39402C85-138B-4A60-BF00-B8B1EF740D84}"
EndProject
Project("{8BC9CEB8-8B4A-11D0-8D11-00A0C91BC942}") = "Plugin_OctreeSceneManager", "Plugin_OctreeSceneManager\Plugin_OctreeSceneManager.vcxproj", "{62EBDD0B-74DB-4C7F-B766-70DD8CB617E7}"
EndProject
Project("{8BC9CEB8-8B4A-11D0-8D11-00A0C91BC942}") = "Plugin_OctreeZone", "Plugin_OctreeZone\Plugin_OctreeZone.vcxproj", "{25FE4F64-BCA4-4E49-A180-2A785DFAB7BA}"
EndProject
Project("{8BC9CEB8-8B4A-11D0-8D11-00A0C91BC942}") = "Plugin_ParticleFX", "Plugin_ParticleFX\Plugin_ParticleFX.vcxproj", "{F8E68448-1C56-4418-8DB3-134C6106F027}"
EndProject
Project("{8BC9CEB8-8B4A-11D0-8D11-00A0C91BC942}") = "Plugin_PCZSceneManager", "Plugin_PCZSceneManager\Plugin_PCZSceneManager.vcxproj", "{885FC338-5BC9-4C21-82CD-36133F7F0F90}"
EndProject
Project("{8BC9CEB8-8B4A-11D0-8D11-00A0C91BC942}") = "RenderSystem_Direct3D11", "RenderSystem_Direct3D11\RenderSystem_Direct3D11.vcxproj", "{4574DF00-1CD3-46E0-ABBF-469009F97DA6}"
EndProject
Project("{8BC9CEB8-8B4A-11D0-8D11-00A0C91BC942}") = "RenderSystem_Direct3D9", "RenderSystem_Direct3D9\RenderSystem_Direct3D9.vcxproj", "{AA9BCDC7-7BE7-4461-931B-549184E71E6D}"
EndProject
Project("{8BC9CEB8-8B4A-11D0-8D11-00A0C91BC942}") = "RenderSystem_GL", "RenderSystem_GL\RenderSystem_GL.vcxproj", "{F80EE5ED-76AF-4F69-A4DE-30A098A2FEA3}"
EndProject
Project("{8BC9CEB8-8B4A-11D0-8D11-00A0C91BC942}") = "Sample_BSP", "Sample_BSP\Sample_BSP.vcxproj", "{F5ED5563-CF5C-4CF6-A5EE-BFB801E02ED2}"
EndProject
Project("{8BC9CEB8-8B4A-11D0-8D11-00A0C91BC942}") = "OIS", "OIS\OIS.vcxproj", "{B975C98E-D4FD-4D8F-8F4A-48E669570BCF}"
EndProject
Project("{8BC9CEB8-8B4A-11D0-8D11-00A0C91BC942}") = "OpenDungeons", "OpenDungeons\OpenDungeons.vcxproj", "{94EF7A84-4C93-4346-BFD1-12E2F39B8648}"
EndProject
Project("{2150E333-8FDC-42A3-9474-1A3956D46DE8}") = "cegui", "cegui", "{E9D0D945-48CE-4AEA-A08F-F05B192D387B}"
EndProject
Project("{8BC9CEB8-8B4A-11D0-8D11-00A0C91BC942}") = "libCEGUIBase", "libCEGUIBase\libCEGUIBase.vcxproj", "{A4BB4C53-4B15-4EBD-90E1-1E86B0C682BC}"
EndProject
Project("{8BC9CEB8-8B4A-11D0-8D11-00A0C91BC942}") = "libCEGUIExpatParser", "libCEGUIExpatParser\libCEGUIExpatParser.vcxproj", "{36160BA8-DC7B-4E75-8B6E-871FDBDFED73}"
EndProject
Project("{8BC9CEB8-8B4A-11D0-8D11-00A0C91BC942}") = "libexpat", "libexpat\libexpat.vcxproj", "{FBE9C7CA-A8ED-4505-BEFF-11A1AE24AE57}"
EndProject
Project("{8BC9CEB8-8B4A-11D0-8D11-00A0C91BC942}") = "libsilly", "libsilly\libsilly.vcxproj", "{1F010819-E0CD-495B-A92E-FDBE70A5A37D}"
EndProject
Project("{8BC9CEB8-8B4A-11D0-8D11-00A0C91BC942}") = "libCEGUISILLYImageCodec", "libCEGUISILLYImageCodec\libCEGUISILLYImageCodec.vcxproj", "{9883D203-6A0B-4556-A020-439618932DFD}"
EndProject
Project("{8BC9CEB8-8B4A-11D0-8D11-00A0C91BC942}") = "libCEGUICommonDialogs", "libCEGUICommonDialogs\libCEGUICommonDialogs.vcxproj", "{F77F1BDA-B499-45D3-89C2-4C126F77C198}"
EndProject
Project("{8BC9CEB8-8B4A-11D0-8D11-00A0C91BC942}") = "libCEGUICoreWindowRendererSet", "libCEGUICoreWindowRendererSet\libCEGUICoreWindowRendererSet.vcxproj", "{2A1DC6B6-A4E1-4870-8424-9631414838BF}"
EndProject
Project("{8BC9CEB8-8B4A-11D0-8D11-00A0C91BC942}") = "CEGUIOgreRenderer", "CEGUIOgreRenderer\CEGUIOgreRenderer.vcxproj", "{4CB993CC-53E4-4E8E-BA66-C04F5A24920D}"
EndProject
Project("{8BC9CEB8-8B4A-11D0-8D11-00A0C91BC942}") = "libCEGUIOgreRenderer", "libCEGUIOgreRenderer\libCEGUIOgreRenderer.vcxproj", "{5C2F3564-608E-4435-992B-FD18A07B7265}"
EndProject
Project("{8BC9CEB8-8B4A-11D0-8D11-00A0C91BC942}") = "Sample", "Sample\Sample.vcxproj", "{AC242F15-BC88-4812-9155-0145E8602294}"
EndProject
Project("{8BC9CEB8-8B4A-11D0-8D11-00A0C91BC942}") = "SampleBrowser", "SampleBrowser\SampleBrowser.vcxproj", "{ECDEDB15-CB6A-4814-93DA-F38D0246EAFF}"
EndProject
Project("{8BC9CEB8-8B4A-11D0-8D11-00A0C91BC942}") = "CEGUIBase", "CEGUIBase\CEGUIBase.vcxproj", "{4FAD6657-F044-40D0-8051-F43E1401E51D}"
EndProject
Project("{8BC9CEB8-8B4A-11D0-8D11-00A0C91BC942}") = "OgreGLSupport", "OgreGLSupport\OgreGLSupport.vcxproj", "{B6B6F6DB-EDC2-404E-9BEE-3ADB81606672}"
EndProject
Global
	GlobalSection(SolutionConfigurationPlatforms) = preSolution
		Debug|x64 = Debug|x64
		Debug|x86 = Debug|x86
		MinSizeRel|x64 = MinSizeRel|x64
		MinSizeRel|x86 = MinSizeRel|x86
		Release|x64 = Release|x64
		Release|x86 = Release|x86
		RelWithDebInfo|x64 = RelWithDebInfo|x64
		RelWithDebInfo|x86 = RelWithDebInfo|x86
	EndGlobalSection
	GlobalSection(ProjectConfigurationPlatforms) = postSolution
		{A44D4843-B5B2-454E-8A48-D7498CA6734E}.Debug|x64.ActiveCfg = Debug|x64
		{A44D4843-B5B2-454E-8A48-D7498CA6734E}.Debug|x64.Build.0 = Debug|x64
		{A44D4843-B5B2-454E-8A48-D7498CA6734E}.Debug|x86.ActiveCfg = Debug|Win32
		{A44D4843-B5B2-454E-8A48-D7498CA6734E}.Debug|x86.Build.0 = Debug|Win32
		{A44D4843-B5B2-454E-8A48-D7498CA6734E}.MinSizeRel|x64.ActiveCfg = Release|x64
		{A44D4843-B5B2-454E-8A48-D7498CA6734E}.MinSizeRel|x64.Build.0 = Release|x64
		{A44D4843-B5B2-454E-8A48-D7498CA6734E}.MinSizeRel|x86.ActiveCfg = Release|Win32
		{A44D4843-B5B2-454E-8A48-D7498CA6734E}.MinSizeRel|x86.Build.0 = Release|Win32
		{A44D4843-B5B2-454E-8A48-D7498CA6734E}.Release|x64.ActiveCfg = Release|x64
		{A44D4843-B5B2-454E-8A48-D7498CA6734E}.Release|x64.Build.0 = Release|x64
		{A44D4843-B5B2-454E-8A48-D7498CA6734E}.Release|x86.ActiveCfg = Release|Win32
		{A44D4843-B5B2-454E-8A48-D7498CA6734E}.Release|x86.Build.0 = Release|Win32
		{A44D4843-B5B2-454E-8A48-D7498CA6734E}.RelWithDebInfo|x64.ActiveCfg = Release|x64
		{A44D4843-B5B2-454E-8A48-D7498CA6734E}.RelWithDebInfo|x64.Build.0 = Release|x64
		{A44D4843-B5B2-454E-8A48-D7498CA6734E}.RelWithDebInfo|x86.ActiveCfg = Release|Win32
		{A44D4843-B5B2-454E-8A48-D7498CA6734E}.RelWithDebInfo|x86.Build.0 = Release|Win32
		{5E1D4E5F-E10C-4BA3-B663-F33014FD21D9}.Debug|x64.ActiveCfg = Debug|x64
		{5E1D4E5F-E10C-4BA3-B663-F33014FD21D9}.Debug|x64.Build.0 = Debug|x64
		{5E1D4E5F-E10C-4BA3-B663-F33014FD21D9}.Debug|x86.ActiveCfg = Debug|Win32
		{5E1D4E5F-E10C-4BA3-B663-F33014FD21D9}.Debug|x86.Build.0 = Debug|Win32
		{5E1D4E5F-E10C-4BA3-B663-F33014FD21D9}.MinSizeRel|x64.ActiveCfg = Release|x64
		{5E1D4E5F-E10C-4BA3-B663-F33014FD21D9}.MinSizeRel|x64.Build.0 = Release|x64
		{5E1D4E5F-E10C-4BA3-B663-F33014FD21D9}.MinSizeRel|x86.ActiveCfg = Release|Win32
		{5E1D4E5F-E10C-4BA3-B663-F33014FD21D9}.MinSizeRel|x86.Build.0 = Release|Win32
		{5E1D4E5F-E10C-4BA3-B663-F33014FD21D9}.Release|x64.ActiveCfg = Release|x64
		{5E1D4E5F-E10C-4BA3-B663-F33014FD21D9}.Release|x64.Build.0 = Release|x64
		{5E1D4E5F-E10C-4BA3-B663-F33014FD21D9}.Release|x86.ActiveCfg = Release|Win32
		{5E1D4E5F-E10C-4BA3-B663-F33014FD21D9}.Release|x86.Build.0 = Release|Win32
		{5E1D4E5F-E10C-4BA3-B663-F33014FD21D9}.RelWithDebInfo|x64.ActiveCfg = Release|x64
		{5E1D4E5F-E10C-4BA3-B663-F33014FD21D9}.RelWithDebInfo|x64.Build.0 = Release|x64
		{5E1D4E5F-E10C-4BA3-B663-F33014FD21D9}.RelWithDebInfo|x86.ActiveCfg = Release|Win32
		{5E1D4E5F-E10C-4BA3-B663-F33014FD21D9}.RelWithDebInfo|x86.Build.0 = Release|Win32
		{244455E0-5F25-4451-9540-F317883E52A8}.Debug|x64.ActiveCfg = Debug|x64
		{244455E0-5F25-4451-9540-F317883E52A8}.Debug|x64.Build.0 = Debug|x64
		{244455E0-5F25-4451-9540-F317883E52A8}.Debug|x86.ActiveCfg = Debug|Win32
		{244455E0-5F25-4451-9540-F317883E52A8}.Debug|x86.Build.0 = Debug|Win32
		{244455E0-5F25-4451-9540-F317883E52A8}.MinSizeRel|x64.ActiveCfg = Release|x64
		{244455E0-5F25-4451-9540-F317883E52A8}.MinSizeRel|x64.Build.0 = Release|x64
		{244455E0-5F25-4451-9540-F317883E52A8}.MinSizeRel|x86.ActiveCfg = Release|Win32
		{244455E0-5F25-4451-9540-F317883E52A8}.MinSizeRel|x86.Build.0 = Release|Win32
		{244455E0-5F25-4451-9540-F317883E52A8}.Release|x64.ActiveCfg = Release|x64
		{244455E0-5F25-4451-9540-F317883E52A8}.Release|x64.Build.0 = Release|x64
		{244455E0-5F25-4451-9540-F317883E52A8}.Release|x86.ActiveCfg = Release|Win32
		{244455E0-5F25-4451-9540-F317883E52A8}.Release|x86.Build.0 = Release|Win32
		{244455E0-5F25-4451-9540-F317883E52A8}.RelWithDebInfo|x64.ActiveCfg = Release|x64
		{244455E0-5F25-4451-9540-F317883E52A8}.RelWithDebInfo|x64.Build.0 = Release|x64
		{244455E0-5F25-4451-9540-F317883E52A8}.RelWithDebInfo|x86.ActiveCfg = Release|Win32
		{244455E0-5F25-4451-9540-F317883E52A8}.RelWithDebInfo|x86.Build.0 = Release|Win32
		{17A4874B-0606-4687-90B6-F91F8CB3B8AF}.Debug|x64.ActiveCfg = Debug|x64
		{17A4874B-0606-4687-90B6-F91F8CB3B8AF}.Debug|x64.Build.0 = Debug|x64
		{17A4874B-0606-4687-90B6-F91F8CB3B8AF}.Debug|x86.ActiveCfg = Debug|Win32
		{17A4874B-0606-4687-90B6-F91F8CB3B8AF}.Debug|x86.Build.0 = Debug|Win32
		{17A4874B-0606-4687-90B6-F91F8CB3B8AF}.MinSizeRel|x64.ActiveCfg = Release|x64
		{17A4874B-0606-4687-90B6-F91F8CB3B8AF}.MinSizeRel|x64.Build.0 = Release|x64
		{17A4874B-0606-4687-90B6-F91F8CB3B8AF}.MinSizeRel|x86.ActiveCfg = Release|Win32
		{17A4874B-0606-4687-90B6-F91F8CB3B8AF}.MinSizeRel|x86.Build.0 = Release|Win32
		{17A4874B-0606-4687-90B6-F91F8CB3B8AF}.Release|x64.ActiveCfg = Release|x64
		{17A4874B-0606-4687-90B6-F91F8CB3B8AF}.Release|x64.Build.0 = Release|x64
		{17A4874B-0606-4687-90B6-F91F8CB3B8AF}.Release|x86.ActiveCfg = Release|Win32
		{17A4874B-0606-4687-90B6-F91F8CB3B8AF}.Release|x86.Build.0 = Release|Win32
		{17A4874B-0606-4687-90B6-F91F8CB3B8AF}.RelWithDebInfo|x64.ActiveCfg = Release|x64
		{17A4874B-0606-4687-90B6-F91F8CB3B8AF}.RelWithDebInfo|x64.Build.0 = Release|x64
		{17A4874B-0606-4687-90B6-F91F8CB3B8AF}.RelWithDebInfo|x86.ActiveCfg = Release|Win32
		{17A4874B-0606-4687-90B6-F91F8CB3B8AF}.RelWithDebInfo|x86.Build.0 = Release|Win32
		{E3536C28-A7F1-4B53-8E52-7D2232F9E098}.Debug|x64.ActiveCfg = Debug|x64
		{E3536C28-A7F1-4B53-8E52-7D2232F9E098}.Debug|x64.Build.0 = Debug|x64
		{E3536C28-A7F1-4B53-8E52-7D2232F9E098}.Debug|x86.ActiveCfg = Debug|Win32
		{E3536C28-A7F1-4B53-8E52-7D2232F9E098}.Debug|x86.Build.0 = Debug|Win32
		{E3536C28-A7F1-4B53-8E52-7D2232F9E098}.MinSizeRel|x64.ActiveCfg = Release|x64
		{E3536C28-A7F1-4B53-8E52-7D2232F9E098}.MinSizeRel|x64.Build.0 = Release|x64
		{E3536C28-A7F1-4B53-8E52-7D2232F9E098}.MinSizeRel|x86.ActiveCfg = Release|Win32
		{E3536C28-A7F1-4B53-8E52-7D2232F9E098}.MinSizeRel|x86.Build.0 = Release|Win32
		{E3536C28-A7F1-4B53-8E52-7D2232F9E098}.Release|x64.ActiveCfg = Release|x64
		{E3536C28-A7F1-4B53-8E52-7D2232F9E098}.Release|x64.Build.0 = Release|x64
		{E3536C28-A7F1-4B53-8E52-7D2232F9E098}.Release|x86.ActiveCfg = Release|Win32
		{E3536C28-A7F1-4B53-8E52-7D2232F9E098}.Release|x86.Build.0 = Release|Win32
		{E3536C28-A7F1-4B53-8E52-7D2232F9E098}.RelWithDebInfo|x64.ActiveCfg = Release|x64
		{E3536C28-A7F1-4B53-8E52-7D2232F9E098}.RelWithDebInfo|x64.Build.0 = Release|x64
		{E3536C28-A7F1-4B53-8E52-7D2232F9E098}.RelWithDebInfo|x86.ActiveCfg = Release|Win32
		{E3536C28-A7F1-4B53-8E52-7D2232F9E098}.RelWithDebInfo|x86.Build.0 = Release|Win32
		{7DB10B50-CE00-4D7A-B322-6824F05D2FCB}.Debug|x64.ActiveCfg = Debug|x64
		{7DB10B50-CE00-4D7A-B322-6824F05D2FCB}.Debug|x64.Build.0 = Debug|x64
		{7DB10B50-CE00-4D7A-B322-6824F05D2FCB}.Debug|x86.ActiveCfg = Debug|Win32
		{7DB10B50-CE00-4D7A-B322-6824F05D2FCB}.Debug|x86.Build.0 = Debug|Win32
		{7DB10B50-CE00-4D7A-B322-6824F05D2FCB}.MinSizeRel|x64.ActiveCfg = Release|x64
		{7DB10B50-CE00-4D7A-B322-6824F05D2FCB}.MinSizeRel|x64.Build.0 = Release|x64
		{7DB10B50-CE00-4D7A-B322-6824F05D2FCB}.MinSizeRel|x86.ActiveCfg = Release|Win32
		{7DB10B50-CE00-4D7A-B322-6824F05D2FCB}.MinSizeRel|x86.Build.0 = Release|Win32
		{7DB10B50-CE00-4D7A-B322-6824F05D2FCB}.Release|x64.ActiveCfg = Release|x64
		{7DB10B50-CE00-4D7A-B322-6824F05D2FCB}.Release|x64.Build.0 = Release|x64
		{7DB10B50-CE00-4D7A-B322-6824F05D2FCB}.Release|x86.ActiveCfg = Release|Win32
		{7DB10B50-CE00-4D7A-B322-6824F05D2FCB}.Release|x86.Build.0 = Release|Win32
		{7DB10B50-CE00-4D7A-B322-6824F05D2FCB}.RelWithDebInfo|x64.ActiveCfg = Release|x64
		{7DB10B50-CE00-4D7A-B322-6824F05D2FCB}.RelWithDebInfo|x64.Build.0 = Release|x64
		{7DB10B50-CE00-4D7A-B322-6824F05D2FCB}.RelWithDebInfo|x86.ActiveCfg = Release|Win32
		{7DB10B50-CE00-4D7A-B322-6824F05D2FCB}.RelWithDebInfo|x86.Build.0 = Release|Win32
		{07F662C1-1323-42AB-B6AF-FBFD34A7437A}.Debug|x64.ActiveCfg = Debug|x64
		{07F662C1-1323-42AB-B6AF-FBFD34A7437A}.Debug|x64.Build.0 = Debug|x64
		{07F662C1-1323-42AB-B6AF-FBFD34A7437A}.Debug|x86.ActiveCfg = Debug|Win32
		{07F662C1-1323-42AB-B6AF-FBFD34A7437A}.Debug|x86.Build.0 = Debug|Win32
		{07F662C1-1323-42AB-B6AF-FBFD34A7437A}.MinSizeRel|x64.ActiveCfg = Release|x64
		{07F662C1-1323-42AB-B6AF-FBFD34A7437A}.MinSizeRel|x64.Build.0 = Release|x64
		{07F662C1-1323-42AB-B6AF-FBFD34A7437A}.MinSizeRel|x86.ActiveCfg = Release|Win32
		{07F662C1-1323-42AB-B6AF-FBFD34A7437A}.MinSizeRel|x86.Build.0 = Release|Win32
		{07F662C1-1323-42AB-B6AF-FBFD34A7437A}.Release|x64.ActiveCfg = Release|x64
		{07F662C1-1323-42AB-B6AF-FBFD34A7437A}.Release|x64.Build.0 = Release|x64
		{07F662C1-1323-42AB-B6AF-FBFD34A7437A}.Release|x86.ActiveCfg = Release|Win32
		{07F662C1-1323-42AB-B6AF-FBFD34A7437A}.Release|x86.Build.0 = Release|Win32
		{07F662C1-1323-42AB-B6AF-FBFD34A7437A}.RelWithDebInfo|x64.ActiveCfg = Release|x64
		{07F662C1-1323-42AB-B6AF-FBFD34A7437A}.RelWithDebInfo|x64.Build.0 = Release|x64
		{07F662C1-1323-42AB-B6AF-FBFD34A7437A}.RelWithDebInfo|x86.ActiveCfg = Release|Win32
		{07F662C1-1323-42AB-B6AF-FBFD34A7437A}.RelWithDebInfo|x86.Build.0 = Release|Win32
		{EC085CBD-E9C3-477F-9A97-CB9D5DA30E27}.Debug|x64.ActiveCfg = Debug|x64
		{EC085CBD-E9C3-477F-9A97-CB9D5DA30E27}.Debug|x64.Build.0 = Debug|x64
		{EC085CBD-E9C3-477F-9A97-CB9D5DA30E27}.Debug|x86.ActiveCfg = Debug|Win32
		{EC085CBD-E9C3-477F-9A97-CB9D5DA30E27}.Debug|x86.Build.0 = Debug|Win32
		{EC085CBD-E9C3-477F-9A97-CB9D5DA30E27}.MinSizeRel|x64.ActiveCfg = Release|x64
		{EC085CBD-E9C3-477F-9A97-CB9D5DA30E27}.MinSizeRel|x64.Build.0 = Release|x64
		{EC085CBD-E9C3-477F-9A97-CB9D5DA30E27}.MinSizeRel|x86.ActiveCfg = Release|Win32
		{EC085CBD-E9C3-477F-9A97-CB9D5DA30E27}.MinSizeRel|x86.Build.0 = Release|Win32
		{EC085CBD-E9C3-477F-9A97-CB9D5DA30E27}.Release|x64.ActiveCfg = Release|x64
		{EC085CBD-E9C3-477F-9A97-CB9D5DA30E27}.Release|x64.Build.0 = Release|x64
		{EC085CBD-E9C3-477F-9A97-CB9D5DA30E27}.Release|x86.ActiveCfg = Release|Win32
		{EC085CBD-E9C3-477F-9A97-CB9D5DA30E27}.Release|x86.Build.0 = Release|Win32
		{EC085CBD-E9C3-477F-9A97-CB9D5DA30E27}.RelWithDebInfo|x64.ActiveCfg = Release|x64
		{EC085CBD-E9C3-477F-9A97-CB9D5DA30E27}.RelWithDebInfo|x64.Build.0 = Release|x64
		{EC085CBD-E9C3-477F-9A97-CB9D5DA30E27}.RelWithDebInfo|x86.ActiveCfg = Release|Win32
		{EC085CBD-E9C3-477F-9A97-CB9D5DA30E27}.RelWithDebInfo|x86.Build.0 = Release|Win32
		{097D9F6C-FD0E-4CBC-9676-009012AAECA8}.Debug|x64.ActiveCfg = Debug|x64
		{097D9F6C-FD0E-4CBC-9676-009012AAECA8}.Debug|x64.Build.0 = Debug|x64
		{097D9F6C-FD0E-4CBC-9676-009012AAECA8}.Debug|x86.ActiveCfg = Debug|Win32
		{097D9F6C-FD0E-4CBC-9676-009012AAECA8}.Debug|x86.Build.0 = Debug|Win32
		{097D9F6C-FD0E-4CBC-9676-009012AAECA8}.MinSizeRel|x64.ActiveCfg = Release|x64
		{097D9F6C-FD0E-4CBC-9676-009012AAECA8}.MinSizeRel|x64.Build.0 = Release|x64
		{097D9F6C-FD0E-4CBC-9676-009012AAECA8}.MinSizeRel|x86.ActiveCfg = Release|Win32
		{097D9F6C-FD0E-4CBC-9676-009012AAECA8}.MinSizeRel|x86.Build.0 = Release|Win32
		{097D9F6C-FD0E-4CBC-9676-009012AAECA8}.Release|x64.ActiveCfg = Release|x64
		{097D9F6C-FD0E-4CBC-9676-009012AAECA8}.Release|x64.Build.0 = Release|x64
		{097D9F6C-FD0E-4CBC-9676-009012AAECA8}.Release|x86.ActiveCfg = Release|Win32
		{097D9F6C-FD0E-4CBC-9676-009012AAECA8}.Release|x86.Build.0 = Release|Win32
		{097D9F6C-FD0E-4CBC-9676-009012AAECA8}.RelWithDebInfo|x64.ActiveCfg = Release|x64
		{097D9F6C-FD0E-4CBC-9676-009012AAECA8}.RelWithDebInfo|x64.Build.0 = Release|x64
		{097D9F6C-FD0E-4CBC-9676-009012AAECA8}.RelWithDebInfo|x86.ActiveCfg = Release|Win32
		{097D9F6C-FD0E-4CBC-9676-009012AAECA8}.RelWithDebInfo|x86.Build.0 = Release|Win32
		{3EDA72B4-0BF1-4D04-ADE4-B6ED77CDB985}.Debug|x64.ActiveCfg = Debug|x64
		{3EDA72B4-0BF1-4D04-ADE4-B6ED77CDB985}.Debug|x64.Build.0 = Debug|x64
		{3EDA72B4-0BF1-4D04-ADE4-B6ED77CDB985}.Debug|x86.ActiveCfg = Debug|Win32
		{3EDA72B4-0BF1-4D04-ADE4-B6ED77CDB985}.Debug|x86.Build.0 = Debug|Win32
		{3EDA72B4-0BF1-4D04-ADE4-B6ED77CDB985}.MinSizeRel|x64.ActiveCfg = Release|x64
		{3EDA72B4-0BF1-4D04-ADE4-B6ED77CDB985}.MinSizeRel|x64.Build.0 = Release|x64
		{3EDA72B4-0BF1-4D04-ADE4-B6ED77CDB985}.MinSizeRel|x86.ActiveCfg = Release|Win32
		{3EDA72B4-0BF1-4D04-ADE4-B6ED77CDB985}.MinSizeRel|x86.Build.0 = Release|Win32
		{3EDA72B4-0BF1-4D04-ADE4-B6ED77CDB985}.Release|x64.ActiveCfg = Release|x64
		{3EDA72B4-0BF1-4D04-ADE4-B6ED77CDB985}.Release|x64.Build.0 = Release|x64
		{3EDA72B4-0BF1-4D04-ADE4-B6ED77CDB985}.Release|x86.ActiveCfg = Release|Win32
		{3EDA72B4-0BF1-4D04-ADE4-B6ED77CDB985}.Release|x86.Build.0 = Release|Win32
		{3EDA72B4-0BF1-4D04-ADE4-B6ED77CDB985}.RelWithDebInfo|x64.ActiveCfg = Release|x64
		{3EDA72B4-0BF1-4D04-ADE4-B6ED77CDB985}.RelWithDebInfo|x64.Build.0 = Release|x64
		{3EDA72B4-0BF1-4D04-ADE4-B6ED77CDB985}.RelWithDebInfo|x86.ActiveCfg = Release|Win32
		{3EDA72B4-0BF1-4D04-ADE4-B6ED77CDB985}.RelWithDebInfo|x86.Build.0 = Release|Win32
		{40019CFF-D32E-4BCF-9831-17F1F15690C5}.Debug|x64.ActiveCfg = Debug|x64
		{40019CFF-D32E-4BCF-9831-17F1F15690C5}.Debug|x64.Build.0 = Debug|x64
		{40019CFF-D32E-4BCF-9831-17F1F15690C5}.Debug|x86.ActiveCfg = Debug|Win32
		{40019CFF-D32E-4BCF-9831-17F1F15690C5}.Debug|x86.Build.0 = Debug|Win32
		{40019CFF-D32E-4BCF-9831-17F1F15690C5}.MinSizeRel|x64.ActiveCfg = Release|x64
		{40019CFF-D32E-4BCF-9831-17F1F15690C5}.MinSizeRel|x64.Build.0 = Release|x64
		{40019CFF-D32E-4BCF-9831-17F1F15690C5}.MinSizeRel|x86.ActiveCfg = Release|Win32
		{40019CFF-D32E-4BCF-9831-17F1F15690C5}.MinSizeRel|x86.Build.0 = Release|Win32
		{40019CFF-D32E-4BCF-9831-17F1F15690C5}.Release|x64.ActiveCfg = Release|x64
		{40019CFF-D32E-4BCF-9831-17F1F15690C5}.Release|x64.Build.0 = Release|x64
		{40019CFF-D32E-4BCF-9831-17F1F15690C5}.Release|x86.ActiveCfg = Release|Win32
		{40019CFF-D32E-4BCF-9831-17F1F15690C5}.Release|x86.Build.0 = Release|Win32
		{40019CFF-D32E-4BCF-9831-17F1F15690C5}.RelWithDebInfo|x64.ActiveCfg = Release|x64
		{40019CFF-D32E-4BCF-9831-17F1F15690C5}.RelWithDebInfo|x64.Build.0 = Release|x64
		{40019CFF-D32E-4BCF-9831-17F1F15690C5}.RelWithDebInfo|x86.ActiveCfg = Release|Win32
		{40019CFF-D32E-4BCF-9831-17F1F15690C5}.RelWithDebInfo|x86.Build.0 = Release|Win32
		{704023A8-B55F-4639-B982-05DAC1440951}.Debug|x64.ActiveCfg = Debug|x64
		{704023A8-B55F-4639-B982-05DAC1440951}.Debug|x64.Build.0 = Debug|x64
		{704023A8-B55F-4639-B982-05DAC1440951}.Debug|x86.ActiveCfg = Debug|Win32
		{704023A8-B55F-4639-B982-05DAC1440951}.Debug|x86.Build.0 = Debug|Win32
		{704023A8-B55F-4639-B982-05DAC1440951}.MinSizeRel|x64.ActiveCfg = Release|x64
		{704023A8-B55F-4639-B982-05DAC1440951}.MinSizeRel|x64.Build.0 = Release|x64
		{704023A8-B55F-4639-B982-05DAC1440951}.MinSizeRel|x86.ActiveCfg = Release|Win32
		{704023A8-B55F-4639-B982-05DAC1440951}.MinSizeRel|x86.Build.0 = Release|Win32
		{704023A8-B55F-4639-B982-05DAC1440951}.Release|x64.ActiveCfg = Release|x64
		{704023A8-B55F-4639-B982-05DAC1440951}.Release|x64.Build.0 = Release|x64
		{704023A8-B55F-4639-B982-05DAC1440951}.Release|x86.ActiveCfg = Release|Win32
		{704023A8-B55F-4639-B982-05DAC1440951}.Release|x86.Build.0 = Release|Win32
		{704023A8-B55F-4639-B982-05DAC1440951}.RelWithDebInfo|x64.ActiveCfg = Release|x64
		{704023A8-B55F-4639-B982-05DAC1440951}.RelWithDebInfo|x64.Build.0 = Release|x64
		{704023A8-B55F-4639-B982-05DAC1440951}.RelWithDebInfo|x86.ActiveCfg = Release|Win32
		{704023A8-B55F-4639-B982-05DAC1440951}.RelWithDebInfo|x86.Build.0 = Release|Win32
		{C091B95A-81FE-4AB4-B448-2BA8F80A36E2}.Debug|x64.ActiveCfg = Debug|x64
		{C091B95A-81FE-4AB4-B448-2BA8F80A36E2}.Debug|x64.Build.0 = Debug|x64
		{C091B95A-81FE-4AB4-B448-2BA8F80A36E2}.Debug|x86.ActiveCfg = Debug|Win32
		{C091B95A-81FE-4AB4-B448-2BA8F80A36E2}.Debug|x86.Build.0 = Debug|Win32
		{C091B95A-81FE-4AB4-B448-2BA8F80A36E2}.MinSizeRel|x64.ActiveCfg = Release|x64
		{C091B95A-81FE-4AB4-B448-2BA8F80A36E2}.MinSizeRel|x64.Build.0 = Release|x64
		{C091B95A-81FE-4AB4-B448-2BA8F80A36E2}.MinSizeRel|x86.ActiveCfg = Release|Win32
		{C091B95A-81FE-4AB4-B448-2BA8F80A36E2}.MinSizeRel|x86.Build.0 = Release|Win32
		{C091B95A-81FE-4AB4-B448-2BA8F80A36E2}.Release|x64.ActiveCfg = Release|x64
		{C091B95A-81FE-4AB4-B448-2BA8F80A36E2}.Release|x64.Build.0 = Release|x64
		{C091B95A-81FE-4AB4-B448-2BA8F80A36E2}.Release|x86.ActiveCfg = Release|Win32
		{C091B95A-81FE-4AB4-B448-2BA8F80A36E2}.Release|x86.Build.0 = Release|Win32
		{C091B95A-81FE-4AB4-B448-2BA8F80A36E2}.RelWithDebInfo|x64.ActiveCfg = Release|x64
		{C091B95A-81FE-4AB4-B448-2BA8F80A36E2}.RelWithDebInfo|x64.Build.0 = Release|x64
		{C091B95A-81FE-4AB4-B448-2BA8F80A36E2}.RelWithDebInfo|x86.ActiveCfg = Release|Win32
		{C091B95A-81FE-4AB4-B448-2BA8F80A36E2}.RelWithDebInfo|x86.Build.0 = Release|Win32
		{DA7B5B0B-3E99-4D78-8C10-A64218FC1C10}.Debug|x64.ActiveCfg = Debug|x64
		{DA7B5B0B-3E99-4D78-8C10-A64218FC1C10}.Debug|x64.Build.0 = Debug|x64
		{DA7B5B0B-3E99-4D78-8C10-A64218FC1C10}.Debug|x86.ActiveCfg = Debug|Win32
		{DA7B5B0B-3E99-4D78-8C10-A64218FC1C10}.Debug|x86.Build.0 = Debug|Win32
		{DA7B5B0B-3E99-4D78-8C10-A64218FC1C10}.MinSizeRel|x64.ActiveCfg = Release|x64
		{DA7B5B0B-3E99-4D78-8C10-A64218FC1C10}.MinSizeRel|x64.Build.0 = Release|x64
		{DA7B5B0B-3E99-4D78-8C10-A64218FC1C10}.MinSizeRel|x86.ActiveCfg = Release|Win32
		{DA7B5B0B-3E99-4D78-8C10-A64218FC1C10}.MinSizeRel|x86.Build.0 = Release|Win32
		{DA7B5B0B-3E99-4D78-8C10-A64218FC1C10}.Release|x64.ActiveCfg = Release|x64
		{DA7B5B0B-3E99-4D78-8C10-A64218FC1C10}.Release|x64.Build.0 = Release|x64
		{DA7B5B0B-3E99-4D78-8C10-A64218FC1C10}.Release|x86.ActiveCfg = Release|Win32
		{DA7B5B0B-3E99-4D78-8C10-A64218FC1C10}.Release|x86.Build.0 = Release|Win32
		{DA7B5B0B-3E99-4D78-8C10-A64218FC1C10}.RelWithDebInfo|x64.ActiveCfg = Release|x64
		{DA7B5B0B-3E99-4D78-8C10-A64218FC1C10}.RelWithDebInfo|x64.Build.0 = Release|x64
		{DA7B5B0B-3E99-4D78-8C10-A64218FC1C10}.RelWithDebInfo|x86.ActiveCfg = Release|Win32
		{DA7B5B0B-3E99-4D78-8C10-A64218FC1C10}.RelWithDebInfo|x86.Build.0 = Release|Win32
		{347A5014-A452-47B3-9AFA-A6202A8F964C}.Debug|x64.ActiveCfg = Debug|x64
		{347A5014-A452-47B3-9AFA-A6202A8F964C}.Debug|x64.Build.0 = Debug|x64
		{347A5014-A452-47B3-9AFA-A6202A8F964C}.Debug|x86.ActiveCfg = Debug|Win32
		{347A5014-A452-47B3-9AFA-A6202A8F964C}.Debug|x86.Build.0 = Debug|Win32
		{347A5014-A452-47B3-9AFA-A6202A8F964C}.MinSizeRel|x64.ActiveCfg = Release|x64
		{347A5014-A452-47B3-9AFA-A6202A8F964C}.MinSizeRel|x64.Build.0 = Release|x64
		{347A5014-A452-47B3-9AFA-A6202A8F964C}.MinSizeRel|x86.ActiveCfg = Release|Win32
		{347A5014-A452-47B3-9AFA-A6202A8F964C}.MinSizeRel|x86.Build.0 = Release|Win32
		{347A5014-A452-47B3-9AFA-A6202A8F964C}.Release|x64.ActiveCfg = Release|x64
		{347A5014-A452-47B3-9AFA-A6202A8F964C}.Release|x64.Build.0 = Release|x64
		{347A5014-A452-47B3-9AFA-A6202A8F964C}.Release|x86.ActiveCfg = Release|Win32
		{347A5014-A452-47B3-9AFA-A6202A8F964C}.Release|x86.Build.0 = Release|Win32
		{347A5014-A452-47B3-9AFA-A6202A8F964C}.RelWithDebInfo|x64.ActiveCfg = Release|x64
		{347A5014-A452-47B3-9AFA-A6202A8F964C}.RelWithDebInfo|x64.Build.0 = Release|x64
		{347A5014-A452-47B3-9AFA-A6202A8F964C}.RelWithDebInfo|x86.ActiveCfg = Release|Win32
		{347A5014-A452-47B3-9AFA-A6202A8F964C}.RelWithDebInfo|x86.Build.0 = Release|Win32
		{4BF2DEEB-5806-4AD1-9F1B-1311802E360B}.Debug|x64.ActiveCfg = Debug|x64
		{4BF2DEEB-5806-4AD1-9F1B-1311802E360B}.Debug|x64.Build.0 = Debug|x64
		{4BF2DEEB-5806-4AD1-9F1B-1311802E360B}.Debug|x86.ActiveCfg = Debug|Win32
		{4BF2DEEB-5806-4AD1-9F1B-1311802E360B}.Debug|x86.Build.0 = Debug|Win32
		{4BF2DEEB-5806-4AD1-9F1B-1311802E360B}.MinSizeRel|x64.ActiveCfg = Release|x64
		{4BF2DEEB-5806-4AD1-9F1B-1311802E360B}.MinSizeRel|x64.Build.0 = Release|x64
		{4BF2DEEB-5806-4AD1-9F1B-1311802E360B}.MinSizeRel|x86.ActiveCfg = Release|Win32
		{4BF2DEEB-5806-4AD1-9F1B-1311802E360B}.MinSizeRel|x86.Build.0 = Release|Win32
		{4BF2DEEB-5806-4AD1-9F1B-1311802E360B}.Release|x64.ActiveCfg = Release|x64
		{4BF2DEEB-5806-4AD1-9F1B-1311802E360B}.Release|x64.Build.0 = Release|x64
		{4BF2DEEB-5806-4AD1-9F1B-1311802E360B}.Release|x86.ActiveCfg = Release|Win32
		{4BF2DEEB-5806-4AD1-9F1B-1311802E360B}.Release|x86.Build.0 = Release|Win32
		{4BF2DEEB-5806-4AD1-9F1B-1311802E360B}.RelWithDebInfo|x64.ActiveCfg = Release|x64
		{4BF2DEEB-5806-4AD1-9F1B-1311802E360B}.RelWithDebInfo|x64.Build.0 = Release|x64
		{4BF2DEEB-5806-4AD1-9F1B-1311802E360B}.RelWithDebInfo|x86.ActiveCfg = Release|Win32
		{4BF2DEEB-5806-4AD1-9F1B-1311802E360B}.RelWithDebInfo|x86.Build.0 = Release|Win32
		{57B9E8CC-EEB1-47AD-826E-B17A7C25F97E}.Debug|x64.ActiveCfg = Debug|x64
		{57B9E8CC-EEB1-47AD-826E-B17A7C25F97E}.Debug|x64.Build.0 = Debug|x64
		{57B9E8CC-EEB1-47AD-826E-B17A7C25F97E}.Debug|x86.ActiveCfg = Debug|Win32
		{57B9E8CC-EEB1-47AD-826E-B17A7C25F97E}.Debug|x86.Build.0 = Debug|Win32
		{57B9E8CC-EEB1-47AD-826E-B17A7C25F97E}.MinSizeRel|x64.ActiveCfg = Release|x64
		{57B9E8CC-EEB1-47AD-826E-B17A7C25F97E}.MinSizeRel|x64.Build.0 = Release|x64
		{57B9E8CC-EEB1-47AD-826E-B17A7C25F97E}.MinSizeRel|x86.ActiveCfg = Release|Win32
		{57B9E8CC-EEB1-47AD-826E-B17A7C25F97E}.MinSizeRel|x86.Build.0 = Release|Win32
		{57B9E8CC-EEB1-47AD-826E-B17A7C25F97E}.Release|x64.ActiveCfg = Release|x64
		{57B9E8CC-EEB1-47AD-826E-B17A7C25F97E}.Release|x64.Build.0 = Release|x64
		{57B9E8CC-EEB1-47AD-826E-B17A7C25F97E}.Release|x86.ActiveCfg = Release|Win32
		{57B9E8CC-EEB1-47AD-826E-B17A7C25F97E}.Release|x86.Build.0 = Release|Win32
		{57B9E8CC-EEB1-47AD-826E-B17A7C25F97E}.RelWithDebInfo|x64.ActiveCfg = Release|x64
		{57B9E8CC-EEB1-47AD-826E-B17A7C25F97E}.RelWithDebInfo|x64.Build.0 = Release|x64
		{57B9E8CC-EEB1-47AD-826E-B17A7C25F97E}.RelWithDebInfo|x86.ActiveCfg = Release|Win32
		{57B9E8CC-EEB1-47AD-826E-B17A7C25F97E}.RelWithDebInfo|x86.Build.0 = Release|Win32
		{C185ED70-ABBA-4C57-889D-685D80F8505B}.Debug|x64.ActiveCfg = Debug|x64
		{C185ED70-ABBA-4C57-889D-685D80F8505B}.Debug|x64.Build.0 = Debug|x64
		{C185ED70-ABBA-4C57-889D-685D80F8505B}.Debug|x86.ActiveCfg = Debug|Win32
		{C185ED70-ABBA-4C57-889D-685D80F8505B}.Debug|x86.Build.0 = Debug|Win32
		{C185ED70-ABBA-4C57-889D-685D80F8505B}.MinSizeRel|x64.ActiveCfg = Release|x64
		{C185ED70-ABBA-4C57-889D-685D80F8505B}.MinSizeRel|x64.Build.0 = Release|x64
		{C185ED70-ABBA-4C57-889D-685D80F8505B}.MinSizeRel|x86.ActiveCfg = Release|Win32
		{C185ED70-ABBA-4C57-889D-685D80F8505B}.MinSizeRel|x86.Build.0 = Release|Win32
		{C185ED70-ABBA-4C57-889D-685D80F8505B}.Release|x64.ActiveCfg = Release|x64
		{C185ED70-ABBA-4C57-889D-685D80F8505B}.Release|x64.Build.0 = Release|x64
		{C185ED70-ABBA-4C57-889D-685D80F8505B}.Release|x86.ActiveCfg = Release|Win32
		{C185ED70-ABBA-4C57-889D-685D80F8505B}.Release|x86.Build.0 = Release|Win32
		{C185ED70-ABBA-4C57-889D-685D80F8505B}.RelWithDebInfo|x64.ActiveCfg = Release|x64
		{C185ED70-ABBA-4C57-889D-685D80F8505B}.RelWithDebInfo|x64.Build.0 = Release|x64
		{C185ED70-ABBA-4C57-889D-685D80F8505B}.RelWithDebInfo|x86.ActiveCfg = Release|Win32
		{C185ED70-ABBA-4C57-889D-685D80F8505B}.RelWithDebInfo|x86.Build.0 = Release|Win32
		{37C490DF-ED1B-486D-928F-C372811F6903}.Debug|x64.ActiveCfg = Debug|x64
		{37C490DF-ED1B-486D-928F-C372811F6903}.Debug|x64.Build.0 = Debug|x64
		{37C490DF-ED1B-486D-928F-C372811F6903}.Debug|x86.ActiveCfg = Debug|Win32
		{37C490DF-ED1B-486D-928F-C372811F6903}.Debug|x86.Build.0 = Debug|Win32
		{37C490DF-ED1B-486D-928F-C372811F6903}.MinSizeRel|x64.ActiveCfg = Release|x64
		{37C490DF-ED1B-486D-928F-C372811F6903}.MinSizeRel|x64.Build.0 = Release|x64
		{37C490DF-ED1B-486D-928F-C372811F6903}.MinSizeRel|x86.ActiveCfg = Release|Win32
		{37C490DF-ED1B-486D-928F-C372811F6903}.MinSizeRel|x86.Build.0 = Release|Win32
		{37C490DF-ED1B-486D-928F-C372811F6903}.Release|x64.ActiveCfg = Release|x64
		{37C490DF-ED1B-486D-928F-C372811F6903}.Release|x64.Build.0 = Release|x64
		{37C490DF-ED1B-486D-928F-C372811F6903}.Release|x86.ActiveCfg = Release|Win32
		{37C490DF-ED1B-486D-928F-C372811F6903}.Release|x86.Build.0 = Release|Win32
		{37C490DF-ED1B-486D-928F-C372811F6903}.RelWithDebInfo|x64.ActiveCfg = Release|x64
		{37C490DF-ED1B-486D-928F-C372811F6903}.RelWithDebInfo|x64.Build.0 = Release|x64
		{37C490DF-ED1B-486D-928F-C372811F6903}.RelWithDebInfo|x86.ActiveCfg = Release|Win32
		{37C490DF-ED1B-486D-928F-C372811F6903}.RelWithDebInfo|x86.Build.0 = Release|Win32
		{39402C85-138B-4A60-BF00-B8B1EF740D84}.Debug|x64.ActiveCfg = Debug|x64
		{39402C85-138B-4A60-BF00-B8B1EF740D84}.Debug|x64.Build.0 = Debug|x64
		{39402C85-138B-4A60-BF00-B8B1EF740D84}.Debug|x86.ActiveCfg = Debug|Win32
		{39402C85-138B-4A60-BF00-B8B1EF740D84}.Debug|x86.Build.0 = Debug|Win32
		{39402C85-138B-4A60-BF00-B8B1EF740D84}.MinSizeRel|x64.ActiveCfg = Release|x64
		{39402C85-138B-4A60-BF00-B8B1EF740D84}.MinSizeRel|x64.Build.0 = Release|x64
		{39402C85-138B-4A60-BF00-B8B1EF740D84}.MinSizeRel|x86.ActiveCfg = Release|Win32
		{39402C85-138B-4A60-BF00-B8B1EF740D84}.MinSizeRel|x86.Build.0 = Release|Win32
		{39402C85-138B-4A60-BF00-B8B1EF740D84}.Release|x64.ActiveCfg = Release|x64
		{39402C85-138B-4A60-BF00-B8B1EF740D84}.Release|x64.Build.0 = Release|x64
		{39402C85-138B-4A60-BF00-B8B1EF740D84}.Release|x86.ActiveCfg = Release|Win32
		{39402C85-138B-4A60-BF00-B8B1EF740D84}.Release|x86.Build.0 = Release|Win32
		{39402C85-138B-4A60-BF00-B8B1EF740D84}.RelWithDebInfo|x64.ActiveCfg = Release|x64
		{39402C85-138B-4A60-BF00-B8B1EF740D84}.RelWithDebInfo|x64.Build.0 = Release|x64
		{39402C85-138B-4A60-BF00-B8B1EF740D84}.RelWithDebInfo|x86.ActiveCfg = Release|Win32
		{39402C85-138B-4A60-BF00-B8B1EF740D84}.RelWithDebInfo|x86.Build.0 = Release|Win32
		{62EBDD0B-74DB-4C7F-B766-70DD8CB617E7}.Debug|x64.ActiveCfg = Debug|x64
		{62EBDD0B-74DB-4C7F-B766-70DD8CB617E7}.Debug|x64.Build.0 = Debug|x64
		{62EBDD0B-74DB-4C7F-B766-70DD8CB617E7}.Debug|x86.ActiveCfg = Debug|Win32
		{62EBDD0B-74DB-4C7F-B766-70DD8CB617E7}.Debug|x86.Build.0 = Debug|Win32
		{62EBDD0B-74DB-4C7F-B766-70DD8CB617E7}.MinSizeRel|x64.ActiveCfg = Release|x64
		{62EBDD0B-74DB-4C7F-B766-70DD8CB617E7}.MinSizeRel|x64.Build.0 = Release|x64
		{62EBDD0B-74DB-4C7F-B766-70DD8CB617E7}.MinSizeRel|x86.ActiveCfg = Release|Win32
		{62EBDD0B-74DB-4C7F-B766-70DD8CB617E7}.MinSizeRel|x86.Build.0 = Release|Win32
		{62EBDD0B-74DB-4C7F-B766-70DD8CB617E7}.Release|x64.ActiveCfg = Release|x64
		{62EBDD0B-74DB-4C7F-B766-70DD8CB617E7}.Release|x64.Build.0 = Release|x64
		{62EBDD0B-74DB-4C7F-B766-70DD8CB617E7}.Release|x86.ActiveCfg = Release|Win32
		{62EBDD0B-74DB-4C7F-B766-70DD8CB617E7}.Release|x86.Build.0 = Release|Win32
		{62EBDD0B-74DB-4C7F-B766-70DD8CB617E7}.RelWithDebInfo|x64.ActiveCfg = Release|x64
		{62EBDD0B-74DB-4C7F-B766-70DD8CB617E7}.RelWithDebInfo|x64.Build.0 = Release|x64
		{62EBDD0B-74DB-4C7F-B766-70DD8CB617E7}.RelWithDebInfo|x86.ActiveCfg = Release|Win32
		{62EBDD0B-74DB-4C7F-B766-70DD8CB617E7}.RelWithDebInfo|x86.Build.0 = Release|Win32
		{25FE4F64-BCA4-4E49-A180-2A785DFAB7BA}.Debug|x64.ActiveCfg = Debug|x64
		{25FE4F64-BCA4-4E49-A180-2A785DFAB7BA}.Debug|x64.Build.0 = Debug|x64
		{25FE4F64-BCA4-4E49-A180-2A785DFAB7BA}.Debug|x86.ActiveCfg = Debug|Win32
		{25FE4F64-BCA4-4E49-A180-2A785DFAB7BA}.Debug|x86.Build.0 = Debug|Win32
		{25FE4F64-BCA4-4E49-A180-2A785DFAB7BA}.MinSizeRel|x64.ActiveCfg = Release|x64
		{25FE4F64-BCA4-4E49-A180-2A785DFAB7BA}.MinSizeRel|x64.Build.0 = Release|x64
		{25FE4F64-BCA4-4E49-A180-2A785DFAB7BA}.MinSizeRel|x86.ActiveCfg = Release|Win32
		{25FE4F64-BCA4-4E49-A180-2A785DFAB7BA}.MinSizeRel|x86.Build.0 = Release|Win32
		{25FE4F64-BCA4-4E49-A180-2A785DFAB7BA}.Release|x64.ActiveCfg = Release|x64
		{25FE4F64-BCA4-4E49-A180-2A785DFAB7BA}.Release|x64.Build.0 = Release|x64
		{25FE4F64-BCA4-4E49-A180-2A785DFAB7BA}.Release|x86.ActiveCfg = Release|Win32
		{25FE4F64-BCA4-4E49-A180-2A785DFAB7BA}.Release|x86.Build.0 = Release|Win32
		{25FE4F64-BCA4-4E49-A180-2A785DFAB7BA}.RelWithDebInfo|x64.ActiveCfg = Release|x64
		{25FE4F64-BCA4-4E49-A180-2A785DFAB7BA}.RelWithDebInfo|x64.Build.0 = Release|x64
		{25FE4F64-BCA4-4E49-A180-2A785DFAB7BA}.RelWithDebInfo|x86.ActiveCfg = Release|Win32
		{25FE4F64-BCA4-4E49-A180-2A785DFAB7BA}.RelWithDebInfo|x86.Build.0 = Release|Win32
		{F8E68448-1C56-4418-8DB3-134C6106F027}.Debug|x64.ActiveCfg = Debug|x64
		{F8E68448-1C56-4418-8DB3-134C6106F027}.Debug|x64.Build.0 = Debug|x64
		{F8E68448-1C56-4418-8DB3-134C6106F027}.Debug|x86.ActiveCfg = Debug|Win32
		{F8E68448-1C56-4418-8DB3-134C6106F027}.Debug|x86.Build.0 = Debug|Win32
		{F8E68448-1C56-4418-8DB3-134C6106F027}.MinSizeRel|x64.ActiveCfg = Release|x64
		{F8E68448-1C56-4418-8DB3-134C6106F027}.MinSizeRel|x64.Build.0 = Release|x64
		{F8E68448-1C56-4418-8DB3-134C6106F027}.MinSizeRel|x86.ActiveCfg = Release|Win32
		{F8E68448-1C56-4418-8DB3-134C6106F027}.MinSizeRel|x86.Build.0 = Release|Win32
		{F8E68448-1C56-4418-8DB3-134C6106F027}.Release|x64.ActiveCfg = Release|x64
		{F8E68448-1C56-4418-8DB3-134C6106F027}.Release|x64.Build.0 = Release|x64
		{F8E68448-1C56-4418-8DB3-134C6106F027}.Release|x86.ActiveCfg = Release|Win32
		{F8E68448-1C56-4418-8DB3-134C6106F027}.Release|x86.Build.0 = Release|Win32
		{F8E68448-1C56-4418-8DB3-134C6106F027}.RelWithDebInfo|x64.ActiveCfg = Release|x64
		{F8E68448-1C56-4418-8DB3-134C6106F027}.RelWithDebInfo|x64.Build.0 = Release|x64
		{F8E68448-1C56-4418-8DB3-134C6106F027}.RelWithDebInfo|x86.ActiveCfg = Release|Win32
		{F8E68448-1C56-4418-8DB3-134C6106F027}.RelWithDebInfo|x86.Build.0 = Release|Win32
		{885FC338-5BC9-4C21-82CD-36133F7F0F90}.Debug|x64.ActiveCfg = Debug|x64
		{885FC338-5BC9-4C21-82CD-36133F7F0F90}.Debug|x64.Build.0 = Debug|x64
		{885FC338-5BC9-4C21-82CD-36133F7F0F90}.Debug|x86.ActiveCfg = Debug|Win32
		{885FC338-5BC9-4C21-82CD-36133F7F0F90}.Debug|x86.Build.0 = Debug|Win32
		{885FC338-5BC9-4C21-82CD-36133F7F0F90}.MinSizeRel|x64.ActiveCfg = Release|x64
		{885FC338-5BC9-4C21-82CD-36133F7F0F90}.MinSizeRel|x64.Build.0 = Release|x64
		{885FC338-5BC9-4C21-82CD-36133F7F0F90}.MinSizeRel|x86.ActiveCfg = Release|Win32
		{885FC338-5BC9-4C21-82CD-36133F7F0F90}.MinSizeRel|x86.Build.0 = Release|Win32
		{885FC338-5BC9-4C21-82CD-36133F7F0F90}.Release|x64.ActiveCfg = Release|x64
		{885FC338-5BC9-4C21-82CD-36133F7F0F90}.Release|x64.Build.0 = Release|x64
		{885FC338-5BC9-4C21-82CD-36133F7F0F90}.Release|x86.ActiveCfg = Release|Win32
		{885FC338-5BC9-4C21-82CD-36133F7F0F90}.Release|x86.Build.0 = Release|Win32
		{885FC338-5BC9-4C21-82CD-36133F7F0F90}.RelWithDebInfo|x64.ActiveCfg = Release|x64
		{885FC338-5BC9-4C21-82CD-36133F7F0F90}.RelWithDebInfo|x64.Build.0 = Release|x64
		{885FC338-5BC9-4C21-82CD-36133F7F0F90}.RelWithDebInfo|x86.ActiveCfg = Release|Win32
		{885FC338-5BC9-4C21-82CD-36133F7F0F90}.RelWithDebInfo|x86.Build.0 = Release|Win32
		{4574DF00-1CD3-46E0-ABBF-469009F97DA6}.Debug|x64.ActiveCfg = Debug|x64
		{4574DF00-1CD3-46E0-ABBF-469009F97DA6}.Debug|x64.Build.0 = Debug|x64
		{4574DF00-1CD3-46E0-ABBF-469009F97DA6}.Debug|x86.ActiveCfg = Debug|Win32
		{4574DF00-1CD3-46E0-ABBF-469009F97DA6}.Debug|x86.Build.0 = Debug|Win32
		{4574DF00-1CD3-46E0-ABBF-469009F97DA6}.MinSizeRel|x64.ActiveCfg = Release|x64
		{4574DF00-1CD3-46E0-ABBF-469009F97DA6}.MinSizeRel|x64.Build.0 = Release|x64
		{4574DF00-1CD3-46E0-ABBF-469009F97DA6}.MinSizeRel|x86.ActiveCfg = Release|Win32
		{4574DF00-1CD3-46E0-ABBF-469009F97DA6}.MinSizeRel|x86.Build.0 = Release|Win32
		{4574DF00-1CD3-46E0-ABBF-469009F97DA6}.Release|x64.ActiveCfg = Release|x64
		{4574DF00-1CD3-46E0-ABBF-469009F97DA6}.Release|x64.Build.0 = Release|x64
		{4574DF00-1CD3-46E0-ABBF-469009F97DA6}.Release|x86.ActiveCfg = Release|Win32
		{4574DF00-1CD3-46E0-ABBF-469009F97DA6}.Release|x86.Build.0 = Release|Win32
		{4574DF00-1CD3-46E0-ABBF-469009F97DA6}.RelWithDebInfo|x64.ActiveCfg = Release|x64
		{4574DF00-1CD3-46E0-ABBF-469009F97DA6}.RelWithDebInfo|x64.Build.0 = Release|x64
		{4574DF00-1CD3-46E0-ABBF-469009F97DA6}.RelWithDebInfo|x86.ActiveCfg = Release|Win32
		{4574DF00-1CD3-46E0-ABBF-469009F97DA6}.RelWithDebInfo|x86.Build.0 = Release|Win32
		{AA9BCDC7-7BE7-4461-931B-549184E71E6D}.Debug|x64.ActiveCfg = Debug|x64
		{AA9BCDC7-7BE7-4461-931B-549184E71E6D}.Debug|x64.Build.0 = Debug|x64
		{AA9BCDC7-7BE7-4461-931B-549184E71E6D}.Debug|x86.ActiveCfg = Debug|Win32
		{AA9BCDC7-7BE7-4461-931B-549184E71E6D}.Debug|x86.Build.0 = Debug|Win32
		{AA9BCDC7-7BE7-4461-931B-549184E71E6D}.MinSizeRel|x64.ActiveCfg = Release|x64
		{AA9BCDC7-7BE7-4461-931B-549184E71E6D}.MinSizeRel|x64.Build.0 = Release|x64
		{AA9BCDC7-7BE7-4461-931B-549184E71E6D}.MinSizeRel|x86.ActiveCfg = Release|Win32
		{AA9BCDC7-7BE7-4461-931B-549184E71E6D}.MinSizeRel|x86.Build.0 = Release|Win32
		{AA9BCDC7-7BE7-4461-931B-549184E71E6D}.Release|x64.ActiveCfg = Release|x64
		{AA9BCDC7-7BE7-4461-931B-549184E71E6D}.Release|x64.Build.0 = Release|x64
		{AA9BCDC7-7BE7-4461-931B-549184E71E6D}.Release|x86.ActiveCfg = Release|Win32
		{AA9BCDC7-7BE7-4461-931B-549184E71E6D}.Release|x86.Build.0 = Release|Win32
		{AA9BCDC7-7BE7-4461-931B-549184E71E6D}.RelWithDebInfo|x64.ActiveCfg = Release|x64
		{AA9BCDC7-7BE7-4461-931B-549184E71E6D}.RelWithDebInfo|x64.Build.0 = Release|x64
		{AA9BCDC7-7BE7-4461-931B-549184E71E6D}.RelWithDebInfo|x86.ActiveCfg = Release|Win32
		{AA9BCDC7-7BE7-4461-931B-549184E71E6D}.RelWithDebInfo|x86.Build.0 = Release|Win32
		{F80EE5ED-76AF-4F69-A4DE-30A098A2FEA3}.Debug|x64.ActiveCfg = Debug|x64
		{F80EE5ED-76AF-4F69-A4DE-30A098A2FEA3}.Debug|x64.Build.0 = Debug|x64
		{F80EE5ED-76AF-4F69-A4DE-30A098A2FEA3}.Debug|x86.ActiveCfg = Debug|Win32
		{F80EE5ED-76AF-4F69-A4DE-30A098A2FEA3}.Debug|x86.Build.0 = Debug|Win32
		{F80EE5ED-76AF-4F69-A4DE-30A098A2FEA3}.MinSizeRel|x64.ActiveCfg = Release|x64
		{F80EE5ED-76AF-4F69-A4DE-30A098A2FEA3}.MinSizeRel|x64.Build.0 = Release|x64
		{F80EE5ED-76AF-4F69-A4DE-30A098A2FEA3}.MinSizeRel|x86.ActiveCfg = Release|Win32
		{F80EE5ED-76AF-4F69-A4DE-30A098A2FEA3}.MinSizeRel|x86.Build.0 = Release|Win32
		{F80EE5ED-76AF-4F69-A4DE-30A098A2FEA3}.Release|x64.ActiveCfg = Release|x64
		{F80EE5ED-76AF-4F69-A4DE-30A098A2FEA3}.Release|x64.Build.0 = Release|x64
		{F80EE5ED-76AF-4F69-A4DE-30A098A2FEA3}.Release|x86.ActiveCfg = Release|Win32
		{F80EE5ED-76AF-4F69-A4DE-30A098A2FEA3}.Release|x86.Build.0 = Release|Win32
		{F80EE5ED-76AF-4F69-A4DE-30A098A2FEA3}.RelWithDebInfo|x64.ActiveCfg = Release|x64
		{F80EE5ED-76AF-4F69-A4DE-30A098A2FEA3}.RelWithDebInfo|x64.Build.0 = Release|x64
		{F80EE5ED-76AF-4F69-A4DE-30A098A2FEA3}.RelWithDebInfo|x86.ActiveCfg = Release|Win32
		{F80EE5ED-76AF-4F69-A4DE-30A098A2FEA3}.RelWithDebInfo|x86.Build.0 = Release|Win32
		{F5ED5563-CF5C-4CF6-A5EE-BFB801E02ED2}.Debug|x64.ActiveCfg = Debug|x64
		{F5ED5563-CF5C-4CF6-A5EE-BFB801E02ED2}.Debug|x64.Build.0 = Debug|x64
		{F5ED5563-CF5C-4CF6-A5EE-BFB801E02ED2}.Debug|x86.ActiveCfg = Debug|Win32
		{F5ED5563-CF5C-4CF6-A5EE-BFB801E02ED2}.Debug|x86.Build.0 = Debug|Win32
		{F5ED5563-CF5C-4CF6-A5EE-BFB801E02ED2}.MinSizeRel|x64.ActiveCfg = Release|x64
		{F5ED5563-CF5C-4CF6-A5EE-BFB801E02ED2}.MinSizeRel|x64.Build.0 = Release|x64
		{F5ED5563-CF5C-4CF6-A5EE-BFB801E02ED2}.MinSizeRel|x86.ActiveCfg = Release|Win32
		{F5ED5563-CF5C-4CF6-A5EE-BFB801E02ED2}.MinSizeRel|x86.Build.0 = Release|Win32
		{F5ED5563-CF5C-4CF6-A5EE-BFB801E02ED2}.Release|x64.ActiveCfg = Release|x64
		{F5ED5563-CF5C-4CF6-A5EE-BFB801E02ED2}.Release|x64.Build.0 = Release|x64
		{F5ED5563-CF5C-4CF6-A5EE-BFB801E02ED2}.Release|x86.ActiveCfg = Release|Win32
		{F5ED5563-CF5C-4CF6-A5EE-BFB801E02ED2}.Release|x86.Build.0 = Release|Win32
		{F5ED5563-CF5C-4CF6-A5EE-BFB801E02ED2}.RelWithDebInfo|x64.ActiveCfg = Release|x64
		{F5ED5563-CF5C-4CF6-A5EE-BFB801E02ED2}.RelWithDebInfo|x64.Build.0 = Release|x64
		{F5ED5563-CF5C-4CF6-A5EE-BFB801E02ED2}.RelWithDebInfo|x86.ActiveCfg = Release|Win32
		{F5ED5563-CF5C-4CF6-A5EE-BFB801E02ED2}.RelWithDebInfo|x86.Build.0 = Release|Win32
		{B975C98E-D4FD-4D8F-8F4A-48E669570BCF}.Debug|x64.ActiveCfg = Debug|x64
		{B975C98E-D4FD-4D8F-8F4A-48E669570BCF}.Debug|x64.Build.0 = Debug|x64
		{B975C98E-D4FD-4D8F-8F4A-48E669570BCF}.Debug|x86.ActiveCfg = Debug|Win32
		{B975C98E-D4FD-4D8F-8F4A-48E669570BCF}.Debug|x86.Build.0 = Debug|Win32
		{B975C98E-D4FD-4D8F-8F4A-48E669570BCF}.MinSizeRel|x64.ActiveCfg = Release|x64
		{B975C98E-D4FD-4D8F-8F4A-48E669570BCF}.MinSizeRel|x64.Build.0 = Release|x64
		{B975C98E-D4FD-4D8F-8F4A-48E669570BCF}.MinSizeRel|x86.ActiveCfg = Release|Win32
		{B975C98E-D4FD-4D8F-8F4A-48E669570BCF}.MinSizeRel|x86.Build.0 = Release|Win32
		{B975C98E-D4FD-4D8F-8F4A-48E669570BCF}.Release|x64.ActiveCfg = Release|x64
		{B975C98E-D4FD-4D8F-8F4A-48E669570BCF}.Release|x64.Build.0 = Release|x64
		{B975C98E-D4FD-4D8F-8F4A-48E669570BCF}.Release|x86.ActiveCfg = Release|Win32
		{B975C98E-D4FD-4D8F-8F4A-48E669570BCF}.Release|x86.Build.0 = Release|Win32
		{B975C98E-D4FD-4D8F-8F4A-48E669570BCF}.RelWithDebInfo|x64.ActiveCfg = Release|x64
		{B975C98E-D4FD-4D8F-8F4A-48E669570BCF}.RelWithDebInfo|x64.Build.0 = Release|x64
		{B975C98E-D4FD-4D8F-8F4A-48E669570BCF}.RelWithDebInfo|x86.ActiveCfg = Release|Win32
		{B975C98E-D4FD-4D8F-8F4A-48E669570BCF}.RelWithDebInfo|x86.Build.0 = Release|Win32
		{94EF7A84-4C93-4346-BFD1-12E2F39B8648}.Debug|x64.ActiveCfg = Debug|x64
		{94EF7A84-4C93-4346-BFD1-12E2F39B8648}.Debug|x64.Build.0 = Debug|x64
		{94EF7A84-4C93-4346-BFD1-12E2F39B8648}.Debug|x86.ActiveCfg = Debug|Win32
		{94EF7A84-4C93-4346-BFD1-12E2F39B8648}.Debug|x86.Build.0 = Debug|Win32
		{94EF7A84-4C93-4346-BFD1-12E2F39B8648}.MinSizeRel|x64.ActiveCfg = Release|x64
		{94EF7A84-4C93-4346-BFD1-12E2F39B8648}.MinSizeRel|x64.Build.0 = Release|x64
		{94EF7A84-4C93-4346-BFD1-12E2F39B8648}.MinSizeRel|x86.ActiveCfg = Release|Win32
		{94EF7A84-4C93-4346-BFD1-12E2F39B8648}.MinSizeRel|x86.Build.0 = Release|Win32
		{94EF7A84-4C93-4346-BFD1-12E2F39B8648}.Release|x64.ActiveCfg = Release|x64
		{94EF7A84-4C93-4346-BFD1-12E2F39B8648}.Release|x64.Build.0 = Release|x64
		{94EF7A84-4C93-4346-BFD1-12E2F39B8648}.Release|x86.ActiveCfg = Release|Win32
		{94EF7A84-4C93-4346-BFD1-12E2F39B8648}.Release|x86.Build.0 = Release|Win32
		{94EF7A84-4C93-4346-BFD1-12E2F39B8648}.RelWithDebInfo|x64.ActiveCfg = Release|x64
		{94EF7A84-4C93-4346-BFD1-12E2F39B8648}.RelWithDebInfo|x64.Build.0 = Release|x64
		{94EF7A84-4C93-4346-BFD1-12E2F39B8648}.RelWithDebInfo|x86.ActiveCfg = Release|Win32
		{94EF7A84-4C93-4346-BFD1-12E2F39B8648}.RelWithDebInfo|x86.Build.0 = Release|Win32
		{A4BB4C53-4B15-4EBD-90E1-1E86B0C682BC}.Debug|x64.ActiveCfg = Debug|x64
		{A4BB4C53-4B15-4EBD-90E1-1E86B0C682BC}.Debug|x64.Build.0 = Debug|x64
		{A4BB4C53-4B15-4EBD-90E1-1E86B0C682BC}.Debug|x86.ActiveCfg = Debug|Win32
		{A4BB4C53-4B15-4EBD-90E1-1E86B0C682BC}.Debug|x86.Build.0 = Debug|Win32
		{A4BB4C53-4B15-4EBD-90E1-1E86B0C682BC}.MinSizeRel|x64.ActiveCfg = Release|x64
		{A4BB4C53-4B15-4EBD-90E1-1E86B0C682BC}.MinSizeRel|x64.Build.0 = Release|x64
		{A4BB4C53-4B15-4EBD-90E1-1E86B0C682BC}.MinSizeRel|x86.ActiveCfg = Release|Win32
		{A4BB4C53-4B15-4EBD-90E1-1E86B0C682BC}.MinSizeRel|x86.Build.0 = Release|Win32
		{A4BB4C53-4B15-4EBD-90E1-1E86B0C682BC}.Release|x64.ActiveCfg = Release|x64
		{A4BB4C53-4B15-4EBD-90E1-1E86B0C682BC}.Release|x64.Build.0 = Release|x64
		{A4BB4C53-4B15-4EBD-90E1-1E86B0C682BC}.Release|x86.ActiveCfg = Release|Win32
		{A4BB4C53-4B15-4EBD-90E1-1E86B0C682BC}.Release|x86.Build.0 = Release|Win32
		{A4BB4C53-4B15-4EBD-90E1-1E86B0C682BC}.RelWithDebInfo|x64.ActiveCfg = Release|x64
		{A4BB4C53-4B15-4EBD-90E1-1E86B0C682BC}.RelWithDebInfo|x64.Build.0 = Release|x64
		{A4BB4C53-4B15-4EBD-90E1-1E86B0C682BC}.RelWithDebInfo|x86.ActiveCfg = Release|Win32
		{A4BB4C53-4B15-4EBD-90E1-1E86B0C682BC}.RelWithDebInfo|x86.Build.0 = Release|Win32
		{36160BA8-DC7B-4E75-8B6E-871FDBDFED73}.Debug|x64.ActiveCfg = Debug|x64
		{36160BA8-DC7B-4E75-8B6E-871FDBDFED73}.Debug|x64.Build.0 = Debug|x64
		{36160BA8-DC7B-4E75-8B6E-871FDBDFED73}.Debug|x86.ActiveCfg = Debug|Win32
		{36160BA8-DC7B-4E75-8B6E-871FDBDFED73}.Debug|x86.Build.0 = Debug|Win32
		{36160BA8-DC7B-4E75-8B6E-871FDBDFED73}.MinSizeRel|x64.ActiveCfg = Release|x64
		{36160BA8-DC7B-4E75-8B6E-871FDBDFED73}.MinSizeRel|x64.Build.0 = Release|x64
		{36160BA8-DC7B-4E75-8B6E-871FDBDFED73}.MinSizeRel|x86.ActiveCfg = Release|Win32
		{36160BA8-DC7B-4E75-8B6E-871FDBDFED73}.MinSizeRel|x86.Build.0 = Release|Win32
		{36160BA8-DC7B-4E75-8B6E-871FDBDFED73}.Release|x64.ActiveCfg = Release|x64
		{36160BA8-DC7B-4E75-8B6E-871FDBDFED73}.Release|x64.Build.0 = Release|x64
		{36160BA8-DC7B-4E75-8B6E-871FDBDFED73}.Release|x86.ActiveCfg = Release|Win32
		{36160BA8-DC7B-4E75-8B6E-871FDBDFED73}.Release|x86.Build.0 = Release|Win32
		{36160BA8-DC7B-4E75-8B6E-871FDBDFED73}.RelWithDebInfo|x64.ActiveCfg = Release|x64
		{36160BA8-DC7B-4E75-8B6E-871FDBDFED73}.RelWithDebInfo|x64.Build.0 = Release|x64
		{36160BA8-DC7B-4E75-8B6E-871FDBDFED73}.RelWithDebInfo|x86.ActiveCfg = Release|Win32
		{36160BA8-DC7B-4E75-8B6E-871FDBDFED73}.RelWithDebInfo|x86.Build.0 = Release|Win32
		{FBE9C7CA-A8ED-4505-BEFF-11A1AE24AE57}.Debug|x64.ActiveCfg = Debug|x64
		{FBE9C7CA-A8ED-4505-BEFF-11A1AE24AE57}.Debug|x64.Build.0 = Debug|x64
		{FBE9C7CA-A8ED-4505-BEFF-11A1AE24AE57}.Debug|x86.ActiveCfg = Debug|Win32
		{FBE9C7CA-A8ED-4505-BEFF-11A1AE24AE57}.Debug|x86.Build.0 = Debug|Win32
		{FBE9C7CA-A8ED-4505-BEFF-11A1AE24AE57}.MinSizeRel|x64.ActiveCfg = Release|x64
		{FBE9C7CA-A8ED-4505-BEFF-11A1AE24AE57}.MinSizeRel|x64.Build.0 = Release|x64
		{FBE9C7CA-A8ED-4505-BEFF-11A1AE24AE57}.MinSizeRel|x86.ActiveCfg = Release|Win32
		{FBE9C7CA-A8ED-4505-BEFF-11A1AE24AE57}.MinSizeRel|x86.Build.0 = Release|Win32
		{FBE9C7CA-A8ED-4505-BEFF-11A1AE24AE57}.Release|x64.ActiveCfg = Release|x64
		{FBE9C7CA-A8ED-4505-BEFF-11A1AE24AE57}.Release|x64.Build.0 = Release|x64
		{FBE9C7CA-A8ED-4505-BEFF-11A1AE24AE57}.Release|x86.ActiveCfg = Release|Win32
		{FBE9C7CA-A8ED-4505-BEFF-11A1AE24AE57}.Release|x86.Build.0 = Release|Win32
		{FBE9C7CA-A8ED-4505-BEFF-11A1AE24AE57}.RelWithDebInfo|x64.ActiveCfg = Release|x64
		{FBE9C7CA-A8ED-4505-BEFF-11A1AE24AE57}.RelWithDebInfo|x64.Build.0 = Release|x64
		{FBE9C7CA-A8ED-4505-BEFF-11A1AE24AE57}.RelWithDebInfo|x86.ActiveCfg = Release|Win32
		{FBE9C7CA-A8ED-4505-BEFF-11A1AE24AE57}.RelWithDebInfo|x86.Build.0 = Release|Win32
		{1F010819-E0CD-495B-A92E-FDBE70A5A37D}.Debug|x64.ActiveCfg = Debug|x64
		{1F010819-E0CD-495B-A92E-FDBE70A5A37D}.Debug|x64.Build.0 = Debug|x64
		{1F010819-E0CD-495B-A92E-FDBE70A5A37D}.Debug|x86.ActiveCfg = Debug|Win32
		{1F010819-E0CD-495B-A92E-FDBE70A5A37D}.Debug|x86.Build.0 = Debug|Win32
		{1F010819-E0CD-495B-A92E-FDBE70A5A37D}.MinSizeRel|x64.ActiveCfg = Release|x64
		{1F010819-E0CD-495B-A92E-FDBE70A5A37D}.MinSizeRel|x64.Build.0 = Release|x64
		{1F010819-E0CD-495B-A92E-FDBE70A5A37D}.MinSizeRel|x86.ActiveCfg = Release|Win32
		{1F010819-E0CD-495B-A92E-FDBE70A5A37D}.MinSizeRel|x86.Build.0 = Release|Win32
		{1F010819-E0CD-495B-A92E-FDBE70A5A37D}.Release|x64.ActiveCfg = Release|x64
		{1F010819-E0CD-495B-A92E-FDBE70A5A37D}.Release|x64.Build.0 = Release|x64
		{1F010819-E0CD-495B-A92E-FDBE70A5A37D}.Release|x86.ActiveCfg = Release|Win32
		{1F010819-E0CD-495B-A92E-FDBE70A5A37D}.Release|x86.Build.0 = Release|Win32
		{1F010819-E0CD-495B-A92E-FDBE70A5A37D}.RelWithDebInfo|x64.ActiveCfg = Release|x64
		{1F010819-E0CD-495B-A92E-FDBE70A5A37D}.RelWithDebInfo|x64.Build.0 = Release|x64
		{1F010819-E0CD-495B-A92E-FDBE70A5A37D}.RelWithDebInfo|x86.ActiveCfg = Release|Win32
		{1F010819-E0CD-495B-A92E-FDBE70A5A37D}.RelWithDebInfo|x86.Build.0 = Release|Win32
		{9883D203-6A0B-4556-A020-439618932DFD}.Debug|x64.ActiveCfg = Debug|x64
		{9883D203-6A0B-4556-A020-439618932DFD}.Debug|x64.Build.0 = Debug|x64
		{9883D203-6A0B-4556-A020-439618932DFD}.Debug|x86.ActiveCfg = Debug|Win32
		{9883D203-6A0B-4556-A020-439618932DFD}.Debug|x86.Build.0 = Debug|Win32
		{9883D203-6A0B-4556-A020-439618932DFD}.MinSizeRel|x64.ActiveCfg = Release|x64
		{9883D203-6A0B-4556-A020-439618932DFD}.MinSizeRel|x64.Build.0 = Release|x64
		{9883D203-6A0B-4556-A020-439618932DFD}.MinSizeRel|x86.ActiveCfg = Release|Win32
		{9883D203-6A0B-4556-A020-439618932DFD}.MinSizeRel|x86.Build.0 = Release|Win32
		{9883D203-6A0B-4556-A020-439618932DFD}.Release|x64.ActiveCfg = Release|x64
		{9883D203-6A0B-4556-A020-439618932DFD}.Release|x64.Build.0 = Release|x64
		{9883D203-6A0B-4556-A020-439618932DFD}.Release|x86.ActiveCfg = Release|Win32
		{9883D203-6A0B-4556-A020-439618932DFD}.Release|x86.Build.0 = Release|Win32
		{9883D203-6A0B-4556-A020-439618932DFD}.RelWithDebInfo|x64.ActiveCfg = Release|x64
		{9883D203-6A0B-4556-A020-439618932DFD}.RelWithDebInfo|x64.Build.0 = Release|x64
		{9883D203-6A0B-4556-A020-439618932DFD}.RelWithDebInfo|x86.ActiveCfg = Release|Win32
		{9883D203-6A0B-4556-A020-439618932DFD}.RelWithDebInfo|x86.Build.0 = Release|Win32
		{F77F1BDA-B499-45D3-89C2-4C126F77C198}.Debug|x64.ActiveCfg = Debug|x64
		{F77F1BDA-B499-45D3-89C2-4C126F77C198}.Debug|x64.Build.0 = Debug|x64
		{F77F1BDA-B499-45D3-89C2-4C126F77C198}.Debug|x86.ActiveCfg = Debug|Win32
		{F77F1BDA-B499-45D3-89C2-4C126F77C198}.Debug|x86.Build.0 = Debug|Win32
		{F77F1BDA-B499-45D3-89C2-4C126F77C198}.MinSizeRel|x64.ActiveCfg = Release|x64
		{F77F1BDA-B499-45D3-89C2-4C126F77C198}.MinSizeRel|x64.Build.0 = Release|x64
		{F77F1BDA-B499-45D3-89C2-4C126F77C198}.MinSizeRel|x86.ActiveCfg = Release|Win32
		{F77F1BDA-B499-45D3-89C2-4C126F77C198}.MinSizeRel|x86.Build.0 = Release|Win32
		{F77F1BDA-B499-45D3-89C2-4C126F77C198}.Release|x64.ActiveCfg = Release|x64
		{F77F1BDA-B499-45D3-89C2-4C126F77C198}.Release|x64.Build.0 = Release|x64
		{F77F1BDA-B499-45D3-89C2-4C126F77C198}.Release|x86.ActiveCfg = Release|Win32
		{F77F1BDA-B499-45D3-89C2-4C126F77C198}.Release|x86.Build.0 = Release|Win32
		{F77F1BDA-B499-45D3-89C2-4C126F77C198}.RelWithDebInfo|x64.ActiveCfg = Release|x64
		{F77F1BDA-B499-45D3-89C2-4C126F77C198}.RelWithDebInfo|x64.Build.0 = Release|x64
		{F77F1BDA-B499-45D3-89C2-4C126F77C198}.RelWithDebInfo|x86.ActiveCfg = Release|Win32
		{F77F1BDA-B499-45D3-89C2-4C126F77C198}.RelWithDebInfo|x86.Build.0 = Release|Win32
		{2A1DC6B6-A4E1-4870-8424-9631414838BF}.Debug|x64.ActiveCfg = Debug|x64
		{2A1DC6B6-A4E1-4870-8424-9631414838BF}.Debug|x64.Build.0 = Debug|x64
		{2A1DC6B6-A4E1-4870-8424-9631414838BF}.Debug|x86.ActiveCfg = Debug|Win32
		{2A1DC6B6-A4E1-4870-8424-9631414838BF}.Debug|x86.Build.0 = Debug|Win32
		{2A1DC6B6-A4E1-4870-8424-9631414838BF}.MinSizeRel|x64.ActiveCfg = Release|x64
		{2A1DC6B6-A4E1-4870-8424-9631414838BF}.MinSizeRel|x64.Build.0 = Release|x64
		{2A1DC6B6-A4E1-4870-8424-9631414838BF}.MinSizeRel|x86.ActiveCfg = Release|Win32
		{2A1DC6B6-A4E1-4870-8424-9631414838BF}.MinSizeRel|x86.Build.0 = Release|Win32
		{2A1DC6B6-A4E1-4870-8424-9631414838BF}.Release|x64.ActiveCfg = Release|x64
		{2A1DC6B6-A4E1-4870-8424-9631414838BF}.Release|x64.Build.0 = Release|x64
		{2A1DC6B6-A4E1-4870-8424-9631414838BF}.Release|x86.ActiveCfg = Release|Win32
		{2A1DC6B6-A4E1-4870-8424-9631414838BF}.Release|x86.Build.0 = Release|Win32
		{2A1DC6B6-A4E1-4870-8424-9631414838BF}.RelWithDebInfo|x64.ActiveCfg = Release|x64
		{2A1DC6B6-A4E1-4870-8424-9631414838BF}.RelWithDebInfo|x64.Build.0 = Release|x64
		{2A1DC6B6-A4E1-4870-8424-9631414838BF}.RelWithDebInfo|x86.ActiveCfg = Release|Win32
		{2A1DC6B6-A4E1-4870-8424-9631414838BF}.RelWithDebInfo|x86.Build.0 = Release|Win32
		{4CB993CC-53E4-4E8E-BA66-C04F5A24920D}.Debug|x64.ActiveCfg = Debug|x64
		{4CB993CC-53E4-4E8E-BA66-C04F5A24920D}.Debug|x64.Build.0 = Debug|x64
		{4CB993CC-53E4-4E8E-BA66-C04F5A24920D}.Debug|x86.ActiveCfg = Debug|Win32
		{4CB993CC-53E4-4E8E-BA66-C04F5A24920D}.Debug|x86.Build.0 = Debug|Win32
		{4CB993CC-53E4-4E8E-BA66-C04F5A24920D}.MinSizeRel|x64.ActiveCfg = Release|x64
		{4CB993CC-53E4-4E8E-BA66-C04F5A24920D}.MinSizeRel|x64.Build.0 = Release|x64
		{4CB993CC-53E4-4E8E-BA66-C04F5A24920D}.MinSizeRel|x86.ActiveCfg = Release|Win32
		{4CB993CC-53E4-4E8E-BA66-C04F5A24920D}.MinSizeRel|x86.Build.0 = Release|Win32
		{4CB993CC-53E4-4E8E-BA66-C04F5A24920D}.Release|x64.ActiveCfg = Release|x64
		{4CB993CC-53E4-4E8E-BA66-C04F5A24920D}.Release|x64.Build.0 = Release|x64
		{4CB993CC-53E4-4E8E-BA66-C04F5A24920D}.Release|x86.ActiveCfg = Release|Win32
		{4CB993CC-53E4-4E8E-BA66-C04F5A24920D}.Release|x86.Build.0 = Release|Win32
		{4CB993CC-53E4-4E8E-BA66-C04F5A24920D}.RelWithDebInfo|x64.ActiveCfg = Release|x64
		{4CB993CC-53E4-4E8E-BA66-C04F5A24920D}.RelWithDebInfo|x64.Build.0 = Release|x64
		{4CB993CC-53E4-4E8E-BA66-C04F5A24920D}.RelWithDebInfo|x86.ActiveCfg = Release|Win32
		{4CB993CC-53E4-4E8E-BA66-C04F5A24920D}.RelWithDebInfo|x86.Build.0 = Release|Win32
		{5C2F3564-608E-4435-992B-FD18A07B7265}.Debug|x64.ActiveCfg = Debug|x64
		{5C2F3564-608E-4435-992B-FD18A07B7265}.Debug|x64.Build.0 = Debug|x64
		{5C2F3564-608E-4435-992B-FD18A07B7265}.Debug|x86.ActiveCfg = Debug|Win32
		{5C2F3564-608E-4435-992B-FD18A07B7265}.Debug|x86.Build.0 = Debug|Win32
		{5C2F3564-608E-4435-992B-FD18A07B7265}.MinSizeRel|x64.ActiveCfg = Release|x64
		{5C2F3564-608E-4435-992B-FD18A07B7265}.MinSizeRel|x64.Build.0 = Release|x64
		{5C2F3564-608E-4435-992B-FD18A07B7265}.MinSizeRel|x86.ActiveCfg = Release|Win32
		{5C2F3564-608E-4435-992B-FD18A07B7265}.MinSizeRel|x86.Build.0 = Release|Win32
		{5C2F3564-608E-4435-992B-FD18A07B7265}.Release|x64.ActiveCfg = Release|x64
		{5C2F3564-608E-4435-992B-FD18A07B7265}.Release|x64.Build.0 = Release|x64
		{5C2F3564-608E-4435-992B-FD18A07B7265}.Release|x86.ActiveCfg = Release|Win32
		{5C2F3564-608E-4435-992B-FD18A07B7265}.Release|x86.Build.0 = Release|Win32
		{5C2F3564-608E-4435-992B-FD18A07B7265}.RelWithDebInfo|x64.ActiveCfg = Release|x64
		{5C2F3564-608E-4435-992B-FD18A07B7265}.RelWithDebInfo|x64.Build.0 = Release|x64
		{5C2F3564-608E-4435-992B-FD18A07B7265}.RelWithDebInfo|x86.ActiveCfg = Release|Win32
		{5C2F3564-608E-4435-992B-FD18A07B7265}.RelWithDebInfo|x86.Build.0 = Release|Win32
		{AC242F15-BC88-4812-9155-0145E8602294}.Debug|x64.ActiveCfg = Debug|x64
		{AC242F15-BC88-4812-9155-0145E8602294}.Debug|x64.Build.0 = Debug|x64
		{AC242F15-BC88-4812-9155-0145E8602294}.Debug|x86.ActiveCfg = Debug|Win32
		{AC242F15-BC88-4812-9155-0145E8602294}.Debug|x86.Build.0 = Debug|Win32
		{AC242F15-BC88-4812-9155-0145E8602294}.MinSizeRel|x64.ActiveCfg = Release|x64
		{AC242F15-BC88-4812-9155-0145E8602294}.MinSizeRel|x64.Build.0 = Release|x64
		{AC242F15-BC88-4812-9155-0145E8602294}.MinSizeRel|x86.ActiveCfg = Release|Win32
		{AC242F15-BC88-4812-9155-0145E8602294}.MinSizeRel|x86.Build.0 = Release|Win32
		{AC242F15-BC88-4812-9155-0145E8602294}.Release|x64.ActiveCfg = Release|x64
		{AC242F15-BC88-4812-9155-0145E8602294}.Release|x64.Build.0 = Release|x64
		{AC242F15-BC88-4812-9155-0145E8602294}.Release|x86.ActiveCfg = Release|Win32
		{AC242F15-BC88-4812-9155-0145E8602294}.Release|x86.Build.0 = Release|Win32
		{AC242F15-BC88-4812-9155-0145E8602294}.RelWithDebInfo|x64.ActiveCfg = Release|x64
		{AC242F15-BC88-4812-9155-0145E8602294}.RelWithDebInfo|x64.Build.0 = Release|x64
		{AC242F15-BC88-4812-9155-0145E8602294}.RelWithDebInfo|x86.ActiveCfg = Release|Win32
		{AC242F15-BC88-4812-9155-0145E8602294}.RelWithDebInfo|x86.Build.0 = Release|Win32
		{ECDEDB15-CB6A-4814-93DA-F38D0246EAFF}.Debug|x64.ActiveCfg = Debug|x64
		{ECDEDB15-CB6A-4814-93DA-F38D0246EAFF}.Debug|x64.Build.0 = Debug|x64
		{ECDEDB15-CB6A-4814-93DA-F38D0246EAFF}.Debug|x86.ActiveCfg = Debug|Win32
		{ECDEDB15-CB6A-4814-93DA-F38D0246EAFF}.Debug|x86.Build.0 = Debug|Win32
		{ECDEDB15-CB6A-4814-93DA-F38D0246EAFF}.MinSizeRel|x64.ActiveCfg = Release|x64
		{ECDEDB15-CB6A-4814-93DA-F38D0246EAFF}.MinSizeRel|x64.Build.0 = Release|x64
		{ECDEDB15-CB6A-4814-93DA-F38D0246EAFF}.MinSizeRel|x86.ActiveCfg = Release|Win32
		{ECDEDB15-CB6A-4814-93DA-F38D0246EAFF}.MinSizeRel|x86.Build.0 = Release|Win32
		{ECDEDB15-CB6A-4814-93DA-F38D0246EAFF}.Release|x64.ActiveCfg = Release|x64
		{ECDEDB15-CB6A-4814-93DA-F38D0246EAFF}.Release|x64.Build.0 = Release|x64
		{ECDEDB15-CB6A-4814-93DA-F38D0246EAFF}.Release|x86.ActiveCfg = Release|Win32
		{ECDEDB15-CB6A-4814-93DA-F38D0246EAFF}.Release|x86.Build.0 = Release|Win32
		{ECDEDB15-CB6A-4814-93DA-F38D0246EAFF}.RelWithDebInfo|x64.ActiveCfg = Release|x64
		{ECDEDB15-CB6A-4814-93DA-F38D0246EAFF}.RelWithDebInfo|x64.Build.0 = Release|x64
		{ECDEDB15-CB6A-4814-93DA-F38D0246EAFF}.RelWithDebInfo|x86.ActiveCfg = Release|Win32
		{ECDEDB15-CB6A-4814-93DA-F38D0246EAFF}.RelWithDebInfo|x86.Build.0 = Release|Win32
		{4FAD6657-F044-40D0-8051-F43E1401E51D}.Debug|x64.ActiveCfg = Debug|x64
		{4FAD6657-F044-40D0-8051-F43E1401E51D}.Debug|x64.Build.0 = Debug|x64
		{4FAD6657-F044-40D0-8051-F43E1401E51D}.Debug|x86.ActiveCfg = Debug|Win32
		{4FAD6657-F044-40D0-8051-F43E1401E51D}.Debug|x86.Build.0 = Debug|Win32
		{4FAD6657-F044-40D0-8051-F43E1401E51D}.MinSizeRel|x64.ActiveCfg = Release|x64
		{4FAD6657-F044-40D0-8051-F43E1401E51D}.MinSizeRel|x64.Build.0 = Release|x64
		{4FAD6657-F044-40D0-8051-F43E1401E51D}.MinSizeRel|x86.ActiveCfg = Release|Win32
		{4FAD6657-F044-40D0-8051-F43E1401E51D}.MinSizeRel|x86.Build.0 = Release|Win32
		{4FAD6657-F044-40D0-8051-F43E1401E51D}.Release|x64.ActiveCfg = Release|x64
		{4FAD6657-F044-40D0-8051-F43E1401E51D}.Release|x64.Build.0 = Release|x64
		{4FAD6657-F044-40D0-8051-F43E1401E51D}.Release|x86.ActiveCfg = Release|Win32
		{4FAD6657-F044-40D0-8051-F43E1401E51D}.Release|x86.Build.0 = Release|Win32
		{4FAD6657-F044-40D0-8051-F43E1401E51D}.RelWithDebInfo|x64.ActiveCfg = Release|x64
		{4FAD6657-F044-40D0-8051-F43E1401E51D}.RelWithDebInfo|x64.Build.0 = Release|x64
		{4FAD6657-F044-40D0-8051-F43E1401E51D}.RelWithDebInfo|x86.ActiveCfg = Release|Win32
		{4FAD6657-F044-40D0-8051-F43E1401E51D}.RelWithDebInfo|x86.Build.0 = Release|Win32
		{B6B6F6DB-EDC2-404E-9BEE-3ADB81606672}.Debug|x64.ActiveCfg = Debug|x64
		{B6B6F6DB-EDC2-404E-9BEE-3ADB81606672}.Debug|x64.Build.0 = Debug|x64
		{B6B6F6DB-EDC2-404E-9BEE-3ADB81606672}.Debug|x86.ActiveCfg = Debug|Win32
		{B6B6F6DB-EDC2-404E-9BEE-3ADB81606672}.Debug|x86.Build.0 = Debug|Win32
		{B6B6F6DB-EDC2-404E-9BEE-3ADB81606672}.MinSizeRel|x64.ActiveCfg = Release|x64
		{B6B6F6DB-EDC2-404E-9BEE-3ADB81606672}.MinSizeRel|x64.Build.0 = Release|x64
		{B6B6F6DB-EDC2-404E-9BEE-3ADB81606672}.MinSizeRel|x86.ActiveCfg = Release|Win32
		{B6B6F6DB-EDC2-404E-9BEE-3ADB81606672}.MinSizeRel|x86.Build.0 = Release|Win32
		{B6B6F6DB-EDC2-404E-9BEE-3ADB81606672}.Release|x64.ActiveCfg = Release|x64
		{B6B6F6DB-EDC2-404E-9BEE-3ADB81606672}.Release|x64.Build.0 = Release|x64
		{B6B6F6DB-EDC2-404E-9BEE-3ADB81606672}.Release|x86.ActiveCfg = Release|Win32
		{B6B6F6DB-EDC2-404E-9BEE-3ADB81606672}.Release|x86.Build.0 = Release|Win32
		{B6B6F6DB-EDC2-404E-9BEE-3ADB81606672}.RelWithDebInfo|x64.ActiveCfg = Release|x64
		{B6B6F6DB-EDC2-404E-9BEE-3ADB81606672}.RelWithDebInfo|x64.Build.0 = Release|x64
		{B6B6F6DB-EDC2-404E-9BEE-3ADB81606672}.RelWithDebInfo|x86.ActiveCfg = Release|Win32
		{B6B6F6DB-EDC2-404E-9BEE-3ADB81606672}.RelWithDebInfo|x86.Build.0 = Release|Win32
	EndGlobalSection
	GlobalSection(SolutionProperties) = preSolution
		HideSolutionNode = FALSE
	EndGlobalSection
	GlobalSection(NestedProjects) = preSolution
		{A44D4843-B5B2-454E-8A48-D7498CA6734E} = {98A27805-5FAA-472D-9637-748D70A2A63A}
		{5E1D4E5F-E10C-4BA3-B663-F33014FD21D9} = {98A27805-5FAA-472D-9637-748D70A2A63A}
		{244455E0-5F25-4451-9540-F317883E52A8} = {98A27805-5FAA-472D-9637-748D70A2A63A}
		{17A4874B-0606-4687-90B6-F91F8CB3B8AF} = {98A27805-5FAA-472D-9637-748D70A2A63A}
		{E3536C28-A7F1-4B53-8E52-7D2232F9E098} = {98A27805-5FAA-472D-9637-748D70A2A63A}
		{7DB10B50-CE00-4D7A-B322-6824F05D2FCB} = {98A27805-5FAA-472D-9637-748D70A2A63A}
		{07F662C1-1323-42AB-B6AF-FBFD34A7437A} = {98A27805-5FAA-472D-9637-748D70A2A63A}
		{EC085CBD-E9C3-477F-9A97-CB9D5DA30E27} = {98A27805-5FAA-472D-9637-748D70A2A63A}
		{097D9F6C-FD0E-4CBC-9676-009012AAECA8} = {98A27805-5FAA-472D-9637-748D70A2A63A}
		{704023A8-B55F-4639-B982-05DAC1440951} = {08D7E9DB-DF3C-4B14-AC2A-BFCE1EFDEE50}
		{DA7B5B0B-3E99-4D78-8C10-A64218FC1C10} = {08D7E9DB-DF3C-4B14-AC2A-BFCE1EFDEE50}
		{347A5014-A452-47B3-9AFA-A6202A8F964C} = {08D7E9DB-DF3C-4B14-AC2A-BFCE1EFDEE50}
		{4BF2DEEB-5806-4AD1-9F1B-1311802E360B} = {08D7E9DB-DF3C-4B14-AC2A-BFCE1EFDEE50}
		{57B9E8CC-EEB1-47AD-826E-B17A7C25F97E} = {08D7E9DB-DF3C-4B14-AC2A-BFCE1EFDEE50}
		{C185ED70-ABBA-4C57-889D-685D80F8505B} = {08D7E9DB-DF3C-4B14-AC2A-BFCE1EFDEE50}
		{37C490DF-ED1B-486D-928F-C372811F6903} = {08D7E9DB-DF3C-4B14-AC2A-BFCE1EFDEE50}
		{39402C85-138B-4A60-BF00-B8B1EF740D84} = {08D7E9DB-DF3C-4B14-AC2A-BFCE1EFDEE50}
		{62EBDD0B-74DB-4C7F-B766-70DD8CB617E7} = {08D7E9DB-DF3C-4B14-AC2A-BFCE1EFDEE50}
		{25FE4F64-BCA4-4E49-A180-2A785DFAB7BA} = {08D7E9DB-DF3C-4B14-AC2A-BFCE1EFDEE50}
		{F8E68448-1C56-4418-8DB3-134C6106F027} = {08D7E9DB-DF3C-4B14-AC2A-BFCE1EFDEE50}
		{885FC338-5BC9-4C21-82CD-36133F7F0F90} = {08D7E9DB-DF3C-4B14-AC2A-BFCE1EFDEE50}
		{4574DF00-1CD3-46E0-ABBF-469009F97DA6} = {08D7E9DB-DF3C-4B14-AC2A-BFCE1EFDEE50}
		{AA9BCDC7-7BE7-4461-931B-549184E71E6D} = {08D7E9DB-DF3C-4B14-AC2A-BFCE1EFDEE50}
		{F80EE5ED-76AF-4F69-A4DE-30A098A2FEA3} = {08D7E9DB-DF3C-4B14-AC2A-BFCE1EFDEE50}
		{F5ED5563-CF5C-4CF6-A5EE-BFB801E02ED2} = {08D7E9DB-DF3C-4B14-AC2A-BFCE1EFDEE50}
		{A4BB4C53-4B15-4EBD-90E1-1E86B0C682BC} = {E9D0D945-48CE-4AEA-A08F-F05B192D387B}
		{36160BA8-DC7B-4E75-8B6E-871FDBDFED73} = {E9D0D945-48CE-4AEA-A08F-F05B192D387B}
		{FBE9C7CA-A8ED-4505-BEFF-11A1AE24AE57} = {E9D0D945-48CE-4AEA-A08F-F05B192D387B}
		{1F010819-E0CD-495B-A92E-FDBE70A5A37D} = {E9D0D945-48CE-4AEA-A08F-F05B192D387B}
		{9883D203-6A0B-4556-A020-439618932DFD} = {E9D0D945-48CE-4AEA-A08F-F05B192D387B}
		{F77F1BDA-B499-45D3-89C2-4C126F77C198} = {E9D0D945-48CE-4AEA-A08F-F05B192D387B}
		{2A1DC6B6-A4E1-4870-8424-9631414838BF} = {E9D0D945-48CE-4AEA-A08F-F05B192D387B}
		{4CB993CC-53E4-4E8E-BA66-C04F5A24920D} = {E9D0D945-48CE-4AEA-A08F-F05B192D387B}
		{5C2F3564-608E-4435-992B-FD18A07B7265} = {E9D0D945-48CE-4AEA-A08F-F05B192D387B}
		{ECDEDB15-CB6A-4814-93DA-F38D0246EAFF} = {08D7E9DB-DF3C-4B14-AC2A-BFCE1EFDEE50}
		{4FAD6657-F044-40D0-8051-F43E1401E51D} = {E9D0D945-48CE-4AEA-A08F-F05B192D387B}
		{B6B6F6DB-EDC2-404E-9BEE-3ADB81606672} = {08D7E9DB-DF3C-4B14-AC2A-BFCE1EFDEE50}
	EndGlobalSection
EndGlobal
