
Microsoft Visual Studio Solution File, Format Version 12.00
# Visual Studio 14
VisualStudioVersion = 14.0.25420.1
MinimumVisualStudioVersion = 10.0.40219.1
Project("{2150E333-8FDC-42A3-9474-1A3956D46DE8}") = "freeimage", "freeimage", "{F8BE681D-C98C-4B1E-832F-A45CEBB12CB3}"
EndProject
Project("{8BC9CEB8-8B4A-11D0-8D11-00A0C91BC942}") = "libfreeimage", "libfreeimage\libfreeimage.vcxproj", "{A44D4843-B5B2-454E-8A48-D7498CA6734E}"
EndProject
Project("{8BC9CEB8-8B4A-11D0-8D11-00A0C91BC942}") = "libjxr", "libjxr\libjxr.vcxproj", "{244455E0-5F25-4451-9540-F317883E52A8}"
EndProject
Project("{8BC9CEB8-8B4A-11D0-8D11-00A0C91BC942}") = "libopenexr", "libopenexr\libopenexr.vcxproj", "{17A4874B-0606-4687-90B6-F91F8CB3B8AF}"
EndProject
Project("{8BC9CEB8-8B4A-11D0-8D11-00A0C91BC942}") = "libopenjpeg", "libopenjpeg\libopenjpeg.vcxproj", "{E3536C28-A7F1-4B53-8E52-7D2232F9E098}"
EndProject
Project("{8BC9CEB8-8B4A-11D0-8D11-00A0C91BC942}") = "librawlite", "librawlite\librawlite.vcxproj", "{07F662C1-1323-42AB-B6AF-FBFD34A7437A}"
EndProject
Project("{8BC9CEB8-8B4A-11D0-8D11-00A0C91BC942}") = "libtiff4", "libtiff4\libtiff4.vcxproj", "{EC085CBD-E9C3-477F-9A97-CB9D5DA30E27}"
EndProject
Project("{8BC9CEB8-8B4A-11D0-8D11-00A0C91BC942}") = "libwebp", "libwebp\libwebp.vcxproj", "{097D9F6C-FD0E-4CBC-9676-009012AAECA8}"
EndProject
Project("{8BC9CEB8-8B4A-11D0-8D11-00A0C91BC942}") = "OgreBites", "OgreBites\OgreBites.vcxproj", "{766D2C35-62D5-4699-94FC-C4EAABCC18A8}"
EndProject
Project("{8BC9CEB8-8B4A-11D0-8D11-00A0C91BC942}") = "OgreGLSupport", "OgreGLSupport\OgreGLSupport.vcxproj", "{B6B6F6DB-EDC2-404E-9BEE-3ADB81606672}"
EndProject
Project("{8BC9CEB8-8B4A-11D0-8D11-00A0C91BC942}") = "OgreHLMS", "OgreHLMS\OgreHLMS.vcxproj", "{E739B8C8-12A7-4BF4-A259-507F9B694534}"
EndProject
Project("{8BC9CEB8-8B4A-11D0-8D11-00A0C91BC942}") = "OgreMain", "OgreMain\OgreMain.vcxproj", "{704023A8-B55F-4639-B982-05DAC1440951}"
EndProject
Project("{8BC9CEB8-8B4A-11D0-8D11-00A0C91BC942}") = "OgreMeshLodGenerator", "OgreMeshLodGenerator\OgreMeshLodGenerator.vcxproj", "{6B7A5F9B-9028-4D8B-8D73-1DBF415C5764}"
EndProject
Project("{8BC9CEB8-8B4A-11D0-8D11-00A0C91BC942}") = "OgreOverlay", "OgreOverlay\OgreOverlay.vcxproj", "{DA7B5B0B-3E99-4D78-8C10-A64218FC1C10}"
EndProject
Project("{8BC9CEB8-8B4A-11D0-8D11-00A0C91BC942}") = "OgrePaging", "OgrePaging\OgrePaging.vcxproj", "{347A5014-A452-47B3-9AFA-A6202A8F964C}"
EndProject
Project("{8BC9CEB8-8B4A-11D0-8D11-00A0C91BC942}") = "OgreProperty", "OgreProperty\OgreProperty.vcxproj", "{859E3A53-0A44-44EF-B68C-E78FA1ECE8B9}"
EndProject
Project("{8BC9CEB8-8B4A-11D0-8D11-00A0C91BC942}") = "OgreRTShaderSystem", "OgreRTShaderSystem\OgreRTShaderSystem.vcxproj", "{4BF2DEEB-5806-4AD1-9F1B-1311802E360B}"
EndProject
Project("{8BC9CEB8-8B4A-11D0-8D11-00A0C91BC942}") = "OgreTerrain", "OgreTerrain\OgreTerrain.vcxproj", "{57B9E8CC-EEB1-47AD-826E-B17A7C25F97E}"
EndProject
Project("{8BC9CEB8-8B4A-11D0-8D11-00A0C91BC942}") = "OgreVolume", "OgreVolume\OgreVolume.vcxproj", "{C185ED70-ABBA-4C57-889D-685D80F8505B}"
EndProject
Project("{8BC9CEB8-8B4A-11D0-8D11-00A0C91BC942}") = "OgreXMLConverter", "OgreXMLConverter\OgreXMLConverter.vcxproj", "{4EEA3F5A-E5BF-4DEE-B460-DB8F7FDCE73F}"
EndProject
Project("{8BC9CEB8-8B4A-11D0-8D11-00A0C91BC942}") = "Plugin_BSPSceneManager", "Plugin_BSPSceneManager\Plugin_BSPSceneManager.vcxproj", "{37C490DF-ED1B-486D-928F-C372811F6903}"
EndProject
Project("{8BC9CEB8-8B4A-11D0-8D11-00A0C91BC942}") = "Plugin_CgProgramManager", "Plugin_CgProgramManager\Plugin_CgProgramManager.vcxproj", "{39402C85-138B-4A60-BF00-B8B1EF740D84}"
EndProject
Project("{8BC9CEB8-8B4A-11D0-8D11-00A0C91BC942}") = "Plugin_OctreeSceneManager", "Plugin_OctreeSceneManager\Plugin_OctreeSceneManager.vcxproj", "{62EBDD0B-74DB-4C7F-B766-70DD8CB617E7}"
EndProject
Project("{8BC9CEB8-8B4A-11D0-8D11-00A0C91BC942}") = "Plugin_OctreeZone", "Plugin_OctreeZone\Plugin_OctreeZone.vcxproj", "{25FE4F64-BCA4-4E49-A180-2A785DFAB7BA}"
EndProject
Project("{8BC9CEB8-8B4A-11D0-8D11-00A0C91BC942}") = "Plugin_ParticleFX", "Plugin_ParticleFX\Plugin_ParticleFX.vcxproj", "{F8E68448-1C56-4418-8DB3-134C6106F027}"
EndProject
Project("{8BC9CEB8-8B4A-11D0-8D11-00A0C91BC942}") = "Plugin_PCZSceneManager", "Plugin_PCZSceneManager\Plugin_PCZSceneManager.vcxproj", "{885FC338-5BC9-4C21-82CD-36133F7F0F90}"
EndProject
Project("{8BC9CEB8-8B4A-11D0-8D11-00A0C91BC942}") = "RenderSystem_Direct3D9", "RenderSystem_Direct3D9\RenderSystem_Direct3D9.vcxproj", "{AA9BCDC7-7BE7-4461-931B-549184E71E6D}"
EndProject
Project("{8BC9CEB8-8B4A-11D0-8D11-00A0C91BC942}") = "RenderSystem_Direct3D11", "RenderSystem_Direct3D11\RenderSystem_Direct3D11.vcxproj", "{4574DF00-1CD3-46E0-ABBF-469009F97DA6}"
EndProject
Project("{8BC9CEB8-8B4A-11D0-8D11-00A0C91BC942}") = "RenderSystem_GL", "RenderSystem_GL\RenderSystem_GL.vcxproj", "{F80EE5ED-76AF-4F69-A4DE-30A098A2FEA3}"
EndProject
Project("{8BC9CEB8-8B4A-11D0-8D11-00A0C91BC942}") = "RenderSystem_GL3Plus", "RenderSystem_GL3Plus\RenderSystem_GL3Plus.vcxproj", "{42CA5B5A-435D-4B32-BEDF-1A918169A905}"
EndProject
Project("{8BC9CEB8-8B4A-11D0-8D11-00A0C91BC942}") = "RenderSystem_GLES", "RenderSystem_GLES\RenderSystem_GLES.vcxproj", "{802589B9-1257-4879-ACD5-90F81AE6B58D}"
EndProject
Project("{8BC9CEB8-8B4A-11D0-8D11-00A0C91BC942}") = "RenderSystem_GLES2", "RenderSystem_GLES2\RenderSystem_GLES2.vcxproj", "{F22EC1AC-99D5-410A-A210-740D378BC05E}"
EndProject
Project("{8BC9CEB8-8B4A-11D0-8D11-00A0C91BC942}") = "SDL2", "SDL2\SDL2.vcxproj", "{AC35D4B2-8AFD-4C45-AFF7-423BD2EF6107}"
EndProject
Project("{8BC9CEB8-8B4A-11D0-8D11-00A0C91BC942}") = "SDL2main", "SDL2main\SDL2main.vcxproj", "{2FA30E73-C767-46EC-BD23-EC3AE3F92ABC}"
EndProject
Project("{8BC9CEB8-8B4A-11D0-8D11-00A0C91BC942}") = "VRMLConverter", "VRMLConverter\VRMLConverter.vcxproj", "{D093F283-66B9-48C9-A7CD-2100111351F1}"
EndProject
Project("{2150E333-8FDC-42A3-9474-1A3956D46DE8}") = "tools", "tools", "{1E12910A-A415-4DA4-9760-4442330D2BEB}"
EndProject
Project("{8BC9CEB8-8B4A-11D0-8D11-00A0C91BC942}") = "OgreMehUpgrader", "OgreMehUpgrader\OgreMehUpgrader.vcxproj", "{03557AF6-A1D2-48AB-A704-AA29282E6C98}"
EndProject
Project("{8BC9CEB8-8B4A-11D0-8D11-00A0C91BC942}") = "libzzip", "libzzip\libzzip.vcxproj", "{C091B95A-81FE-4AB4-B448-2BA8F80A36E2}"
EndProject
Project("{2150E333-8FDC-42A3-9474-1A3956D46DE8}") = "samples", "samples", "{F749ACE3-BAC5-41AF-97F7-2F6BB1861432}"
EndProject
Project("{8BC9CEB8-8B4A-11D0-8D11-00A0C91BC942}") = "SampleBrowser", "Samples\SampleBrowser\SampleBrowser.vcxproj", "{ECDEDB15-CB6A-4814-93DA-F38D0246EAFF}"
EndProject
Project("{8BC9CEB8-8B4A-11D0-8D11-00A0C91BC942}") = "Sample_AtomicCounters", "Samples\Sample_AtomicCounters\Sample_AtomicCounters.vcxproj", "{CB0C9491-F837-4162-A56F-83A50CFCD629}"
EndProject
Project("{8BC9CEB8-8B4A-11D0-8D11-00A0C91BC942}") = "Sample_BezierPatch", "Samples\Sample_BezierPatch\Sample_BezierPatch.vcxproj", "{BFC02994-2C1A-4D7A-AC72-45990D023B49}"
EndProject
Project("{8BC9CEB8-8B4A-11D0-8D11-00A0C91BC942}") = "Sample_BSP", "Samples\Sample_BSP\Sample_BSP.vcxproj", "{F5ED5563-CF5C-4CF6-A5EE-BFB801E02ED2}"
EndProject
Project("{8BC9CEB8-8B4A-11D0-8D11-00A0C91BC942}") = "Sample_CameraTrack", "Samples\Sample_CameraTrack\Sample_CameraTrack.vcxproj", "{14944DA4-99B3-4EC3-B6CB-53CBB2756863}"
EndProject
Project("{8BC9CEB8-8B4A-11D0-8D11-00A0C91BC942}") = "Sample_CelShading", "Samples\Sample_CelShading\Sample_CelShading.vcxproj", "{345DF305-2C04-484E-A9E5-F56834CE1641}"
EndProject
Project("{8BC9CEB8-8B4A-11D0-8D11-00A0C91BC942}") = "Sample_Character", "Samples\Sample_Character\Sample_Character.vcxproj", "{64AF946C-A0E7-4799-AA41-BD3982D91BD8}"
EndProject
Project("{8BC9CEB8-8B4A-11D0-8D11-00A0C91BC942}") = "Sample_Compositor", "Samples\Sample_Compositor\Sample_Compositor.vcxproj", "{108889E4-B78C-45B1-9D75-BE0A44C02E8D}"
EndProject
Project("{8BC9CEB8-8B4A-11D0-8D11-00A0C91BC942}") = "Sample_Compute", "Samples\Sample_Compute\Sample_Compute.vcxproj", "{B6D13797-497F-43D4-94A5-3E3CCD7C075B}"
EndProject
Project("{8BC9CEB8-8B4A-11D0-8D11-00A0C91BC942}") = "Sample_CubeMapping", "Samples\Sample_CubeMapping\Sample_CubeMapping.vcxproj", "{6597B1E6-FA4E-4500-BE89-A5D2D49A7C3C}"
EndProject
Project("{8BC9CEB8-8B4A-11D0-8D11-00A0C91BC942}") = "Sample_DeferredShading", "Samples\Sample_DeferredShading\Sample_DeferredShading.vcxproj", "{3FF6D503-FF0A-450F-91BD-73A3E78B02C9}"
EndProject
Project("{8BC9CEB8-8B4A-11D0-8D11-00A0C91BC942}") = "Sample_Dot3Bump", "Samples\Sample_Dot3Bump\Sample_Dot3Bump.vcxproj", "{44AA4769-A6D9-4047-BFA1-3D062C16B820}"
EndProject
Project("{8BC9CEB8-8B4A-11D0-8D11-00A0C91BC942}") = "Sample_DualQuaternion", "Samples\Sample_DualQuaternion\Sample_DualQuaternion.vcxproj", "{4FAF29C6-B4C3-4E5C-9ACF-FCBDD627E14A}"
EndProject
Project("{8BC9CEB8-8B4A-11D0-8D11-00A0C91BC942}") = "Sample_DynTex", "Samples\Sample_DynTex\Sample_DynTex.vcxproj", "{B3C29485-F10B-4DC2-A13D-73876B880501}"
EndProject
Project("{8BC9CEB8-8B4A-11D0-8D11-00A0C91BC942}") = "Sample_EndlessWorld", "Samples\Sample_EndlessWorld\Sample_EndlessWorld.vcxproj", "{3F91D1CA-6611-4311-B4AC-C3604D40B8EE}"
EndProject
Project("{8BC9CEB8-8B4A-11D0-8D11-00A0C91BC942}") = "Sample_FacialAnimation", "Samples\Sample_FacialAnimation\Sample_FacialAnimation.vcxproj", "{F593647A-6625-49D5-9587-BBD4D94ED89C}"
EndProject
Project("{8BC9CEB8-8B4A-11D0-8D11-00A0C91BC942}") = "Sample_Fresnel", "Samples\Sample_Fresnel\Sample_Fresnel.vcxproj", "{7CA7B749-2E33-4CE2-9A58-FAC0AFFA2D45}"
EndProject
Project("{8BC9CEB8-8B4A-11D0-8D11-00A0C91BC942}") = "Sample_Grass", "Samples\Sample_Grass\Sample_Grass.vcxproj", "{22F9E8BC-E7C7-42FC-A369-1F71C22CF722}"
EndProject
Project("{8BC9CEB8-8B4A-11D0-8D11-00A0C91BC942}") = "Sample_Hair", "Samples\Sample_Hair\Sample_Hair.vcxproj", "{5A7A6845-23C4-44D7-8173-25F08D457B6F}"
EndProject
Project("{8BC9CEB8-8B4A-11D0-8D11-00A0C91BC942}") = "Sample_HLMS", "Samples\Sample_HLMS\Sample_HLMS.vcxproj", "{4F6F377E-648D-404E-A0E0-94F7A74732A6}"
EndProject
Project("{8BC9CEB8-8B4A-11D0-8D11-00A0C91BC942}") = "Sample_Instancing", "Samples\Sample_Instancing\Sample_Instancing.vcxproj", "{7DAD4DDD-EBC8-4DC3-AD00-D0FAB10331F8}"
EndProject
Project("{8BC9CEB8-8B4A-11D0-8D11-00A0C91BC942}") = "Sample_Isosurface", "Samples\Sample_Isosurface\Sample_Isosurface.vcxproj", "{241B84B4-50A4-4F1B-B554-DBB817BDF12F}"
EndProject
Project("{8BC9CEB8-8B4A-11D0-8D11-00A0C91BC942}") = "Sample_Island", "Samples\Sample_Island\Sample_Island.vcxproj", "{CBD2EB24-2A39-4CE9-9479-999BB70D88EC}"
EndProject
Project("{8BC9CEB8-8B4A-11D0-8D11-00A0C91BC942}") = "Sample_Lighting", "Samples\Sample_Lighting\Sample_Lighting.vcxproj", "{F48B96A1-A998-47B0-B924-EAAE600A1433}"
EndProject
Project("{8BC9CEB8-8B4A-11D0-8D11-00A0C91BC942}") = "Sample_MeshLod", "Samples\Sample_MeshLod\Sample_MeshLod.vcxproj", "{52A7FD96-5815-42B2-9BB6-193EA82899F7}"
EndProject
Project("{8BC9CEB8-8B4A-11D0-8D11-00A0C91BC942}") = "Sample_NewInstancing", "Samples\Sample_NewInstancing\Sample_NewInstancing.vcxproj", "{5A1EA912-FAE1-4C87-BFFE-808494553279}"
EndProject
Project("{8BC9CEB8-8B4A-11D0-8D11-00A0C91BC942}") = "Sample_Ocean", "Samples\Sample_Ocean\Sample_Ocean.vcxproj", "{7C375E58-63DD-440F-BFED-D52DD4B9E862}"
EndProject
Project("{8BC9CEB8-8B4A-11D0-8D11-00A0C91BC942}") = "Sample_ParticleFX", "Samples\Sample_ParticleFX\Sample_ParticleFX.vcxproj", "{556967FF-78B2-418F-9F98-931924B77D1F}"
EndProject
Project("{8BC9CEB8-8B4A-11D0-8D11-00A0C91BC942}") = "Sample_ParticleGS", "Samples\Sample_ParticleGS\Sample_ParticleGS.vcxproj", "{B02DC4BC-357A-42C0-A629-A6EECE2A5D32}"
EndProject
Project("{8BC9CEB8-8B4A-11D0-8D11-00A0C91BC942}") = "Sample_PBR", "Samples\Sample_PBR\Sample_PBR.vcxproj", "{22B8A2C7-5A9B-40FD-8EB1-A08360AADBF6}"
EndProject
Project("{8BC9CEB8-8B4A-11D0-8D11-00A0C91BC942}") = "Sample_PNTriangles", "Samples\Sample_PNTriangles\Sample_PNTriangles.vcxproj", "{F6C34008-FC40-43E5-B500-463DC7A804B5}"
EndProject
Project("{8BC9CEB8-8B4A-11D0-8D11-00A0C91BC942}") = "Sample_ShaderSystem", "Samples\Sample_ShaderSystem\Sample_ShaderSystem.vcxproj", "{ABDEFB1A-E21B-4AF4-B01C-1014FC49D5A0}"
EndProject
Project("{8BC9CEB8-8B4A-11D0-8D11-00A0C91BC942}") = "Sample_ShaderSystemMultiLight", "Samples\Sample_ShaderSystemMultiLight\Sample_ShaderSystemMultiLight.vcxproj", "{AC0AA71D-09F5-4693-A14B-0D5505FEF822}"
EndProject
Project("{8BC9CEB8-8B4A-11D0-8D11-00A0C91BC942}") = "Sample_ShaderSystemTexturedFog", "Samples\Sample_ShaderSystemTexturedFog\Sample_ShaderSystemTexturedFog.vcxproj", "{881FD956-2639-45E7-89E2-19777401DFF8}"
EndProject
Project("{8BC9CEB8-8B4A-11D0-8D11-00A0C91BC942}") = "Sample_Shadows", "Samples\Sample_Shadows\Sample_Shadows.vcxproj", "{963F775E-71D0-481A-96DB-083FE3AE1645}"
EndProject
Project("{8BC9CEB8-8B4A-11D0-8D11-00A0C91BC942}") = "Sample_SkeletalAnimation", "Samples\Sample_SkeletalAnimation\Sample_SkeletalAnimation.vcxproj", "{1A7E78BF-8A63-419E-8786-25F876A04E8C}"
EndProject
Project("{8BC9CEB8-8B4A-11D0-8D11-00A0C91BC942}") = "Sample_SkyBox", "Samples\Sample_SkyBox\Sample_SkyBox.vcxproj", "{988DC551-6172-458F-9B86-26C8414A6699}"
EndProject
Project("{8BC9CEB8-8B4A-11D0-8D11-00A0C91BC942}") = "Sample_SkyDome", "Samples\Sample_SkyDome\Sample_SkyDome.vcxproj", "{0BE6A9CB-1747-4E48-8A76-FC21C8398D54}"
EndProject
Project("{8BC9CEB8-8B4A-11D0-8D11-00A0C91BC942}") = "Sample_SkyPlane", "Samples\Sample_SkyPlane\Sample_SkyPlane.vcxproj", "{F596721F-5BDE-4AC4-A5A0-266452104BF0}"
EndProject
Project("{8BC9CEB8-8B4A-11D0-8D11-00A0C91BC942}") = "Sample_Smoke", "Samples\Sample_Smoke\Sample_Smoke.vcxproj", "{C6EA6CFF-6681-4B69-AAAF-420DD5415146}"
EndProject
Project("{8BC9CEB8-8B4A-11D0-8D11-00A0C91BC942}") = "Sample_SphereMapping", "Samples\Sample_SphereMapping\Sample_SphereMapping.vcxproj", "{CB582B08-7E80-4D77-9DAC-E3009B9E0B05}"
EndProject
Project("{8BC9CEB8-8B4A-11D0-8D11-00A0C91BC942}") = "Sample_SSAO", "Samples\Sample_SSAO\Sample_SSAO.vcxproj", "{09119816-B893-44A4-991C-490383E4FA16}"
EndProject
Project("{8BC9CEB8-8B4A-11D0-8D11-00A0C91BC942}") = "Sample_Terrain", "Samples\Sample_Terrain\Sample_Terrain.vcxproj", "{FC8559FF-E728-4D5C-AB6E-64703FFE0094}"
EndProject
Project("{8BC9CEB8-8B4A-11D0-8D11-00A0C91BC942}") = "Sample_TerrainTessellation", "Samples\Sample_TerrainTessellation\Sample_TerrainTessellation.vcxproj", "{6C223330-C214-4D79-9719-010FF1FB6B6A}"
EndProject
Project("{8BC9CEB8-8B4A-11D0-8D11-00A0C91BC942}") = "Sample_Tessellation", "Samples\Sample_Tessellation\Sample_Tessellation.vcxproj", "{FF728A27-EF5B-475E-9AC1-A4B4295CC2A1}"
EndProject
Project("{8BC9CEB8-8B4A-11D0-8D11-00A0C91BC942}") = "Sample_TextureArray", "Samples\Sample_TextureArray\Sample_TextureArray.vcxproj", "{6F84EC6F-50BA-4063-A503-80636F0ACBB4}"
EndProject
Project("{8BC9CEB8-8B4A-11D0-8D11-00A0C91BC942}") = "Sample_TextureFx", "Samples\Sample_TextureFx\Sample_TextureFx.vcxproj", "{E14777AB-2D65-4588-B91F-DD7867C69DCC}"
EndProject
Project("{8BC9CEB8-8B4A-11D0-8D11-00A0C91BC942}") = "Sample_Transparency", "Samples\Sample_Transparency\Sample_Transparency.vcxproj", "{699488D6-AB36-40B5-B466-BFBBCF15C0D1}"
EndProject
Project("{8BC9CEB8-8B4A-11D0-8D11-00A0C91BC942}") = "Sample_VolumeCSG", "Samples\Sample_VolumeCSG\Sample_VolumeCSG.vcxproj", "{67FE9186-0A5B-4D48-855B-D6C88AD6B4A4}"
EndProject
Project("{8BC9CEB8-8B4A-11D0-8D11-00A0C91BC942}") = "Sample_VolumeTerrain", "Samples\Sample_VolumeTerrain\Sample_VolumeTerrain.vcxproj", "{C336C05D-47C6-40F5-AFF5-907EB4D06E0E}"
EndProject
Project("{8BC9CEB8-8B4A-11D0-8D11-00A0C91BC942}") = "Sample_VolumeTex", "Samples\Sample_VolumeTex\Sample_VolumeTex.vcxproj", "{0C2F5506-575E-4AE9-AA61-B3DC78FA52F2}"
EndProject
Project("{8BC9CEB8-8B4A-11D0-8D11-00A0C91BC942}") = "Sample_Water", "Samples\Sample_Water\Sample_Water.vcxproj", "{CDA48516-CA30-4B23-9E12-395E79082EA4}"
EndProject
Project("{8BC9CEB8-8B4A-11D0-8D11-00A0C91BC942}") = "BaseSample", "BaseSample\BaseSample.vcxproj", "{AC242F15-BC88-4812-9155-0145E8602294}"
EndProject
Global
	GlobalSection(SolutionConfigurationPlatforms) = preSolution
		Debug|x64 = Debug|x64
		Debug|x86 = Debug|x86
		Release|x64 = Release|x64
		Release|x86 = Release|x86
	EndGlobalSection
	GlobalSection(ProjectConfigurationPlatforms) = postSolution
		{A44D4843-B5B2-454E-8A48-D7498CA6734E}.Debug|x64.ActiveCfg = Debug|x64
		{A44D4843-B5B2-454E-8A48-D7498CA6734E}.Debug|x64.Build.0 = Debug|x64
		{A44D4843-B5B2-454E-8A48-D7498CA6734E}.Debug|x86.ActiveCfg = Debug|Win32
		{A44D4843-B5B2-454E-8A48-D7498CA6734E}.Debug|x86.Build.0 = Debug|Win32
		{A44D4843-B5B2-454E-8A48-D7498CA6734E}.Release|x64.ActiveCfg = Release|x64
		{A44D4843-B5B2-454E-8A48-D7498CA6734E}.Release|x64.Build.0 = Release|x64
		{A44D4843-B5B2-454E-8A48-D7498CA6734E}.Release|x86.ActiveCfg = Release|Win32
		{A44D4843-B5B2-454E-8A48-D7498CA6734E}.Release|x86.Build.0 = Release|Win32
		{244455E0-5F25-4451-9540-F317883E52A8}.Debug|x64.ActiveCfg = Debug|x64
		{244455E0-5F25-4451-9540-F317883E52A8}.Debug|x64.Build.0 = Debug|x64
		{244455E0-5F25-4451-9540-F317883E52A8}.Debug|x86.ActiveCfg = Debug|Win32
		{244455E0-5F25-4451-9540-F317883E52A8}.Debug|x86.Build.0 = Debug|Win32
		{244455E0-5F25-4451-9540-F317883E52A8}.Release|x64.ActiveCfg = Release|x64
		{244455E0-5F25-4451-9540-F317883E52A8}.Release|x64.Build.0 = Release|x64
		{244455E0-5F25-4451-9540-F317883E52A8}.Release|x86.ActiveCfg = Release|Win32
		{244455E0-5F25-4451-9540-F317883E52A8}.Release|x86.Build.0 = Release|Win32
		{17A4874B-0606-4687-90B6-F91F8CB3B8AF}.Debug|x64.ActiveCfg = Debug|x64
		{17A4874B-0606-4687-90B6-F91F8CB3B8AF}.Debug|x64.Build.0 = Debug|x64
		{17A4874B-0606-4687-90B6-F91F8CB3B8AF}.Debug|x86.ActiveCfg = Debug|Win32
		{17A4874B-0606-4687-90B6-F91F8CB3B8AF}.Debug|x86.Build.0 = Debug|Win32
		{17A4874B-0606-4687-90B6-F91F8CB3B8AF}.Release|x64.ActiveCfg = Release|x64
		{17A4874B-0606-4687-90B6-F91F8CB3B8AF}.Release|x64.Build.0 = Release|x64
		{17A4874B-0606-4687-90B6-F91F8CB3B8AF}.Release|x86.ActiveCfg = Release|Win32
		{17A4874B-0606-4687-90B6-F91F8CB3B8AF}.Release|x86.Build.0 = Release|Win32
		{E3536C28-A7F1-4B53-8E52-7D2232F9E098}.Debug|x64.ActiveCfg = Debug|x64
		{E3536C28-A7F1-4B53-8E52-7D2232F9E098}.Debug|x64.Build.0 = Debug|x64
		{E3536C28-A7F1-4B53-8E52-7D2232F9E098}.Debug|x86.ActiveCfg = Debug|Win32
		{E3536C28-A7F1-4B53-8E52-7D2232F9E098}.Debug|x86.Build.0 = Debug|Win32
		{E3536C28-A7F1-4B53-8E52-7D2232F9E098}.Release|x64.ActiveCfg = Release|x64
		{E3536C28-A7F1-4B53-8E52-7D2232F9E098}.Release|x64.Build.0 = Release|x64
		{E3536C28-A7F1-4B53-8E52-7D2232F9E098}.Release|x86.ActiveCfg = Release|Win32
		{E3536C28-A7F1-4B53-8E52-7D2232F9E098}.Release|x86.Build.0 = Release|Win32
		{07F662C1-1323-42AB-B6AF-FBFD34A7437A}.Debug|x64.ActiveCfg = Debug|x64
		{07F662C1-1323-42AB-B6AF-FBFD34A7437A}.Debug|x64.Build.0 = Debug|x64
		{07F662C1-1323-42AB-B6AF-FBFD34A7437A}.Debug|x86.ActiveCfg = Debug|Win32
		{07F662C1-1323-42AB-B6AF-FBFD34A7437A}.Debug|x86.Build.0 = Debug|Win32
		{07F662C1-1323-42AB-B6AF-FBFD34A7437A}.Release|x64.ActiveCfg = Release|x64
		{07F662C1-1323-42AB-B6AF-FBFD34A7437A}.Release|x64.Build.0 = Release|x64
		{07F662C1-1323-42AB-B6AF-FBFD34A7437A}.Release|x86.ActiveCfg = Release|Win32
		{07F662C1-1323-42AB-B6AF-FBFD34A7437A}.Release|x86.Build.0 = Release|Win32
		{EC085CBD-E9C3-477F-9A97-CB9D5DA30E27}.Debug|x64.ActiveCfg = Debug|x64
		{EC085CBD-E9C3-477F-9A97-CB9D5DA30E27}.Debug|x64.Build.0 = Debug|x64
		{EC085CBD-E9C3-477F-9A97-CB9D5DA30E27}.Debug|x86.ActiveCfg = Debug|Win32
		{EC085CBD-E9C3-477F-9A97-CB9D5DA30E27}.Debug|x86.Build.0 = Debug|Win32
		{EC085CBD-E9C3-477F-9A97-CB9D5DA30E27}.Release|x64.ActiveCfg = Release|x64
		{EC085CBD-E9C3-477F-9A97-CB9D5DA30E27}.Release|x64.Build.0 = Release|x64
		{EC085CBD-E9C3-477F-9A97-CB9D5DA30E27}.Release|x86.ActiveCfg = Release|Win32
		{EC085CBD-E9C3-477F-9A97-CB9D5DA30E27}.Release|x86.Build.0 = Release|Win32
		{097D9F6C-FD0E-4CBC-9676-009012AAECA8}.Debug|x64.ActiveCfg = Debug|x64
		{097D9F6C-FD0E-4CBC-9676-009012AAECA8}.Debug|x64.Build.0 = Debug|x64
		{097D9F6C-FD0E-4CBC-9676-009012AAECA8}.Debug|x86.ActiveCfg = Debug|Win32
		{097D9F6C-FD0E-4CBC-9676-009012AAECA8}.Debug|x86.Build.0 = Debug|Win32
		{097D9F6C-FD0E-4CBC-9676-009012AAECA8}.Release|x64.ActiveCfg = Release|x64
		{097D9F6C-FD0E-4CBC-9676-009012AAECA8}.Release|x64.Build.0 = Release|x64
		{097D9F6C-FD0E-4CBC-9676-009012AAECA8}.Release|x86.ActiveCfg = Release|Win32
		{097D9F6C-FD0E-4CBC-9676-009012AAECA8}.Release|x86.Build.0 = Release|Win32
		{766D2C35-62D5-4699-94FC-C4EAABCC18A8}.Debug|x64.ActiveCfg = Debug|x64
		{766D2C35-62D5-4699-94FC-C4EAABCC18A8}.Debug|x64.Build.0 = Debug|x64
		{766D2C35-62D5-4699-94FC-C4EAABCC18A8}.Debug|x86.ActiveCfg = Debug|Win32
		{766D2C35-62D5-4699-94FC-C4EAABCC18A8}.Debug|x86.Build.0 = Debug|Win32
		{766D2C35-62D5-4699-94FC-C4EAABCC18A8}.Release|x64.ActiveCfg = Release|x64
		{766D2C35-62D5-4699-94FC-C4EAABCC18A8}.Release|x64.Build.0 = Release|x64
		{766D2C35-62D5-4699-94FC-C4EAABCC18A8}.Release|x86.ActiveCfg = Release|Win32
		{766D2C35-62D5-4699-94FC-C4EAABCC18A8}.Release|x86.Build.0 = Release|Win32
		{B6B6F6DB-EDC2-404E-9BEE-3ADB81606672}.Debug|x64.ActiveCfg = Debug|x64
		{B6B6F6DB-EDC2-404E-9BEE-3ADB81606672}.Debug|x64.Build.0 = Debug|x64
		{B6B6F6DB-EDC2-404E-9BEE-3ADB81606672}.Debug|x86.ActiveCfg = Debug|Win32
		{B6B6F6DB-EDC2-404E-9BEE-3ADB81606672}.Debug|x86.Build.0 = Debug|Win32
		{B6B6F6DB-EDC2-404E-9BEE-3ADB81606672}.Release|x64.ActiveCfg = Release|x64
		{B6B6F6DB-EDC2-404E-9BEE-3ADB81606672}.Release|x64.Build.0 = Release|x64
		{B6B6F6DB-EDC2-404E-9BEE-3ADB81606672}.Release|x86.ActiveCfg = Release|Win32
		{B6B6F6DB-EDC2-404E-9BEE-3ADB81606672}.Release|x86.Build.0 = Release|Win32
		{E739B8C8-12A7-4BF4-A259-507F9B694534}.Debug|x64.ActiveCfg = Debug|x64
		{E739B8C8-12A7-4BF4-A259-507F9B694534}.Debug|x64.Build.0 = Debug|x64
		{E739B8C8-12A7-4BF4-A259-507F9B694534}.Debug|x86.ActiveCfg = Debug|Win32
		{E739B8C8-12A7-4BF4-A259-507F9B694534}.Debug|x86.Build.0 = Debug|Win32
		{E739B8C8-12A7-4BF4-A259-507F9B694534}.Release|x64.ActiveCfg = Release|x64
		{E739B8C8-12A7-4BF4-A259-507F9B694534}.Release|x64.Build.0 = Release|x64
		{E739B8C8-12A7-4BF4-A259-507F9B694534}.Release|x86.ActiveCfg = Release|Win32
		{E739B8C8-12A7-4BF4-A259-507F9B694534}.Release|x86.Build.0 = Release|Win32
		{704023A8-B55F-4639-B982-05DAC1440951}.Debug|x64.ActiveCfg = Debug|x64
		{704023A8-B55F-4639-B982-05DAC1440951}.Debug|x64.Build.0 = Debug|x64
		{704023A8-B55F-4639-B982-05DAC1440951}.Debug|x86.ActiveCfg = Debug|Win32
		{704023A8-B55F-4639-B982-05DAC1440951}.Debug|x86.Build.0 = Debug|Win32
		{704023A8-B55F-4639-B982-05DAC1440951}.Release|x64.ActiveCfg = Release|x64
		{704023A8-B55F-4639-B982-05DAC1440951}.Release|x64.Build.0 = Release|x64
		{704023A8-B55F-4639-B982-05DAC1440951}.Release|x86.ActiveCfg = Release|Win32
		{704023A8-B55F-4639-B982-05DAC1440951}.Release|x86.Build.0 = Release|Win32
		{6B7A5F9B-9028-4D8B-8D73-1DBF415C5764}.Debug|x64.ActiveCfg = Debug|x64
		{6B7A5F9B-9028-4D8B-8D73-1DBF415C5764}.Debug|x64.Build.0 = Debug|x64
		{6B7A5F9B-9028-4D8B-8D73-1DBF415C5764}.Debug|x86.ActiveCfg = Debug|Win32
		{6B7A5F9B-9028-4D8B-8D73-1DBF415C5764}.Debug|x86.Build.0 = Debug|Win32
		{6B7A5F9B-9028-4D8B-8D73-1DBF415C5764}.Release|x64.ActiveCfg = Release|x64
		{6B7A5F9B-9028-4D8B-8D73-1DBF415C5764}.Release|x64.Build.0 = Release|x64
		{6B7A5F9B-9028-4D8B-8D73-1DBF415C5764}.Release|x86.ActiveCfg = Release|Win32
		{6B7A5F9B-9028-4D8B-8D73-1DBF415C5764}.Release|x86.Build.0 = Release|Win32
		{DA7B5B0B-3E99-4D78-8C10-A64218FC1C10}.Debug|x64.ActiveCfg = Debug|x64
		{DA7B5B0B-3E99-4D78-8C10-A64218FC1C10}.Debug|x64.Build.0 = Debug|x64
		{DA7B5B0B-3E99-4D78-8C10-A64218FC1C10}.Debug|x86.ActiveCfg = Debug|Win32
		{DA7B5B0B-3E99-4D78-8C10-A64218FC1C10}.Debug|x86.Build.0 = Debug|Win32
		{DA7B5B0B-3E99-4D78-8C10-A64218FC1C10}.Release|x64.ActiveCfg = Release|x64
		{DA7B5B0B-3E99-4D78-8C10-A64218FC1C10}.Release|x64.Build.0 = Release|x64
		{DA7B5B0B-3E99-4D78-8C10-A64218FC1C10}.Release|x86.ActiveCfg = Release|Win32
		{DA7B5B0B-3E99-4D78-8C10-A64218FC1C10}.Release|x86.Build.0 = Release|Win32
		{347A5014-A452-47B3-9AFA-A6202A8F964C}.Debug|x64.ActiveCfg = Debug|x64
		{347A5014-A452-47B3-9AFA-A6202A8F964C}.Debug|x64.Build.0 = Debug|x64
		{347A5014-A452-47B3-9AFA-A6202A8F964C}.Debug|x86.ActiveCfg = Debug|Win32
		{347A5014-A452-47B3-9AFA-A6202A8F964C}.Debug|x86.Build.0 = Debug|Win32
		{347A5014-A452-47B3-9AFA-A6202A8F964C}.Release|x64.ActiveCfg = Release|x64
		{347A5014-A452-47B3-9AFA-A6202A8F964C}.Release|x64.Build.0 = Release|x64
		{347A5014-A452-47B3-9AFA-A6202A8F964C}.Release|x86.ActiveCfg = Release|Win32
		{347A5014-A452-47B3-9AFA-A6202A8F964C}.Release|x86.Build.0 = Release|Win32
		{859E3A53-0A44-44EF-B68C-E78FA1ECE8B9}.Debug|x64.ActiveCfg = Debug|x64
		{859E3A53-0A44-44EF-B68C-E78FA1ECE8B9}.Debug|x64.Build.0 = Debug|x64
		{859E3A53-0A44-44EF-B68C-E78FA1ECE8B9}.Debug|x86.ActiveCfg = Debug|Win32
		{859E3A53-0A44-44EF-B68C-E78FA1ECE8B9}.Debug|x86.Build.0 = Debug|Win32
		{859E3A53-0A44-44EF-B68C-E78FA1ECE8B9}.Release|x64.ActiveCfg = Release|x64
		{859E3A53-0A44-44EF-B68C-E78FA1ECE8B9}.Release|x64.Build.0 = Release|x64
		{859E3A53-0A44-44EF-B68C-E78FA1ECE8B9}.Release|x86.ActiveCfg = Release|Win32
		{859E3A53-0A44-44EF-B68C-E78FA1ECE8B9}.Release|x86.Build.0 = Release|Win32
		{4BF2DEEB-5806-4AD1-9F1B-1311802E360B}.Debug|x64.ActiveCfg = Debug|x64
		{4BF2DEEB-5806-4AD1-9F1B-1311802E360B}.Debug|x64.Build.0 = Debug|x64
		{4BF2DEEB-5806-4AD1-9F1B-1311802E360B}.Debug|x86.ActiveCfg = Debug|Win32
		{4BF2DEEB-5806-4AD1-9F1B-1311802E360B}.Debug|x86.Build.0 = Debug|Win32
		{4BF2DEEB-5806-4AD1-9F1B-1311802E360B}.Release|x64.ActiveCfg = Release|x64
		{4BF2DEEB-5806-4AD1-9F1B-1311802E360B}.Release|x64.Build.0 = Release|x64
		{4BF2DEEB-5806-4AD1-9F1B-1311802E360B}.Release|x86.ActiveCfg = Release|Win32
		{4BF2DEEB-5806-4AD1-9F1B-1311802E360B}.Release|x86.Build.0 = Release|Win32
		{57B9E8CC-EEB1-47AD-826E-B17A7C25F97E}.Debug|x64.ActiveCfg = Debug|x64
		{57B9E8CC-EEB1-47AD-826E-B17A7C25F97E}.Debug|x64.Build.0 = Debug|x64
		{57B9E8CC-EEB1-47AD-826E-B17A7C25F97E}.Debug|x86.ActiveCfg = Debug|Win32
		{57B9E8CC-EEB1-47AD-826E-B17A7C25F97E}.Debug|x86.Build.0 = Debug|Win32
		{57B9E8CC-EEB1-47AD-826E-B17A7C25F97E}.Release|x64.ActiveCfg = Release|x64
		{57B9E8CC-EEB1-47AD-826E-B17A7C25F97E}.Release|x64.Build.0 = Release|x64
		{57B9E8CC-EEB1-47AD-826E-B17A7C25F97E}.Release|x86.ActiveCfg = Release|Win32
		{57B9E8CC-EEB1-47AD-826E-B17A7C25F97E}.Release|x86.Build.0 = Release|Win32
		{C185ED70-ABBA-4C57-889D-685D80F8505B}.Debug|x64.ActiveCfg = Debug|x64
		{C185ED70-ABBA-4C57-889D-685D80F8505B}.Debug|x64.Build.0 = Debug|x64
		{C185ED70-ABBA-4C57-889D-685D80F8505B}.Debug|x86.ActiveCfg = Debug|Win32
		{C185ED70-ABBA-4C57-889D-685D80F8505B}.Debug|x86.Build.0 = Debug|Win32
		{C185ED70-ABBA-4C57-889D-685D80F8505B}.Release|x64.ActiveCfg = Release|x64
		{C185ED70-ABBA-4C57-889D-685D80F8505B}.Release|x64.Build.0 = Release|x64
		{C185ED70-ABBA-4C57-889D-685D80F8505B}.Release|x86.ActiveCfg = Release|Win32
		{C185ED70-ABBA-4C57-889D-685D80F8505B}.Release|x86.Build.0 = Release|Win32
		{4EEA3F5A-E5BF-4DEE-B460-DB8F7FDCE73F}.Debug|x64.ActiveCfg = Debug|x64
		{4EEA3F5A-E5BF-4DEE-B460-DB8F7FDCE73F}.Debug|x64.Build.0 = Debug|x64
		{4EEA3F5A-E5BF-4DEE-B460-DB8F7FDCE73F}.Debug|x86.ActiveCfg = Debug|Win32
		{4EEA3F5A-E5BF-4DEE-B460-DB8F7FDCE73F}.Debug|x86.Build.0 = Debug|Win32
		{4EEA3F5A-E5BF-4DEE-B460-DB8F7FDCE73F}.Release|x64.ActiveCfg = Release|x64
		{4EEA3F5A-E5BF-4DEE-B460-DB8F7FDCE73F}.Release|x64.Build.0 = Release|x64
		{4EEA3F5A-E5BF-4DEE-B460-DB8F7FDCE73F}.Release|x86.ActiveCfg = Release|Win32
		{4EEA3F5A-E5BF-4DEE-B460-DB8F7FDCE73F}.Release|x86.Build.0 = Release|Win32
		{37C490DF-ED1B-486D-928F-C372811F6903}.Debug|x64.ActiveCfg = Debug|x64
		{37C490DF-ED1B-486D-928F-C372811F6903}.Debug|x64.Build.0 = Debug|x64
		{37C490DF-ED1B-486D-928F-C372811F6903}.Debug|x86.ActiveCfg = Debug|Win32
		{37C490DF-ED1B-486D-928F-C372811F6903}.Debug|x86.Build.0 = Debug|Win32
		{37C490DF-ED1B-486D-928F-C372811F6903}.Release|x64.ActiveCfg = Release|x64
		{37C490DF-ED1B-486D-928F-C372811F6903}.Release|x64.Build.0 = Release|x64
		{37C490DF-ED1B-486D-928F-C372811F6903}.Release|x86.ActiveCfg = Release|Win32
		{37C490DF-ED1B-486D-928F-C372811F6903}.Release|x86.Build.0 = Release|Win32
		{39402C85-138B-4A60-BF00-B8B1EF740D84}.Debug|x64.ActiveCfg = Debug|x64
		{39402C85-138B-4A60-BF00-B8B1EF740D84}.Debug|x64.Build.0 = Debug|x64
		{39402C85-138B-4A60-BF00-B8B1EF740D84}.Debug|x86.ActiveCfg = Debug|Win32
		{39402C85-138B-4A60-BF00-B8B1EF740D84}.Debug|x86.Build.0 = Debug|Win32
		{39402C85-138B-4A60-BF00-B8B1EF740D84}.Release|x64.ActiveCfg = Release|x64
		{39402C85-138B-4A60-BF00-B8B1EF740D84}.Release|x64.Build.0 = Release|x64
		{39402C85-138B-4A60-BF00-B8B1EF740D84}.Release|x86.ActiveCfg = Release|Win32
		{39402C85-138B-4A60-BF00-B8B1EF740D84}.Release|x86.Build.0 = Release|Win32
		{62EBDD0B-74DB-4C7F-B766-70DD8CB617E7}.Debug|x64.ActiveCfg = Debug|x64
		{62EBDD0B-74DB-4C7F-B766-70DD8CB617E7}.Debug|x64.Build.0 = Debug|x64
		{62EBDD0B-74DB-4C7F-B766-70DD8CB617E7}.Debug|x86.ActiveCfg = Debug|Win32
		{62EBDD0B-74DB-4C7F-B766-70DD8CB617E7}.Debug|x86.Build.0 = Debug|Win32
		{62EBDD0B-74DB-4C7F-B766-70DD8CB617E7}.Release|x64.ActiveCfg = Release|x64
		{62EBDD0B-74DB-4C7F-B766-70DD8CB617E7}.Release|x64.Build.0 = Release|x64
		{62EBDD0B-74DB-4C7F-B766-70DD8CB617E7}.Release|x86.ActiveCfg = Release|Win32
		{62EBDD0B-74DB-4C7F-B766-70DD8CB617E7}.Release|x86.Build.0 = Release|Win32
		{25FE4F64-BCA4-4E49-A180-2A785DFAB7BA}.Debug|x64.ActiveCfg = Debug|x64
		{25FE4F64-BCA4-4E49-A180-2A785DFAB7BA}.Debug|x64.Build.0 = Debug|x64
		{25FE4F64-BCA4-4E49-A180-2A785DFAB7BA}.Debug|x86.ActiveCfg = Debug|Win32
		{25FE4F64-BCA4-4E49-A180-2A785DFAB7BA}.Debug|x86.Build.0 = Debug|Win32
		{25FE4F64-BCA4-4E49-A180-2A785DFAB7BA}.Release|x64.ActiveCfg = Release|x64
		{25FE4F64-BCA4-4E49-A180-2A785DFAB7BA}.Release|x64.Build.0 = Release|x64
		{25FE4F64-BCA4-4E49-A180-2A785DFAB7BA}.Release|x86.ActiveCfg = Release|Win32
		{25FE4F64-BCA4-4E49-A180-2A785DFAB7BA}.Release|x86.Build.0 = Release|Win32
		{F8E68448-1C56-4418-8DB3-134C6106F027}.Debug|x64.ActiveCfg = Debug|x64
		{F8E68448-1C56-4418-8DB3-134C6106F027}.Debug|x64.Build.0 = Debug|x64
		{F8E68448-1C56-4418-8DB3-134C6106F027}.Debug|x86.ActiveCfg = Debug|Win32
		{F8E68448-1C56-4418-8DB3-134C6106F027}.Debug|x86.Build.0 = Debug|Win32
		{F8E68448-1C56-4418-8DB3-134C6106F027}.Release|x64.ActiveCfg = Release|x64
		{F8E68448-1C56-4418-8DB3-134C6106F027}.Release|x64.Build.0 = Release|x64
		{F8E68448-1C56-4418-8DB3-134C6106F027}.Release|x86.ActiveCfg = Release|Win32
		{F8E68448-1C56-4418-8DB3-134C6106F027}.Release|x86.Build.0 = Release|Win32
		{885FC338-5BC9-4C21-82CD-36133F7F0F90}.Debug|x64.ActiveCfg = Debug|x64
		{885FC338-5BC9-4C21-82CD-36133F7F0F90}.Debug|x64.Build.0 = Debug|x64
		{885FC338-5BC9-4C21-82CD-36133F7F0F90}.Debug|x86.ActiveCfg = Debug|Win32
		{885FC338-5BC9-4C21-82CD-36133F7F0F90}.Debug|x86.Build.0 = Debug|Win32
		{885FC338-5BC9-4C21-82CD-36133F7F0F90}.Release|x64.ActiveCfg = Release|x64
		{885FC338-5BC9-4C21-82CD-36133F7F0F90}.Release|x64.Build.0 = Release|x64
		{885FC338-5BC9-4C21-82CD-36133F7F0F90}.Release|x86.ActiveCfg = Release|Win32
		{885FC338-5BC9-4C21-82CD-36133F7F0F90}.Release|x86.Build.0 = Release|Win32
		{AA9BCDC7-7BE7-4461-931B-549184E71E6D}.Debug|x64.ActiveCfg = Debug|x64
		{AA9BCDC7-7BE7-4461-931B-549184E71E6D}.Debug|x64.Build.0 = Debug|x64
		{AA9BCDC7-7BE7-4461-931B-549184E71E6D}.Debug|x86.ActiveCfg = Debug|Win32
		{AA9BCDC7-7BE7-4461-931B-549184E71E6D}.Debug|x86.Build.0 = Debug|Win32
		{AA9BCDC7-7BE7-4461-931B-549184E71E6D}.Release|x64.ActiveCfg = Release|x64
		{AA9BCDC7-7BE7-4461-931B-549184E71E6D}.Release|x64.Build.0 = Release|x64
		{AA9BCDC7-7BE7-4461-931B-549184E71E6D}.Release|x86.ActiveCfg = Release|Win32
		{AA9BCDC7-7BE7-4461-931B-549184E71E6D}.Release|x86.Build.0 = Release|Win32
		{4574DF00-1CD3-46E0-ABBF-469009F97DA6}.Debug|x64.ActiveCfg = Debug|x64
		{4574DF00-1CD3-46E0-ABBF-469009F97DA6}.Debug|x64.Build.0 = Debug|x64
		{4574DF00-1CD3-46E0-ABBF-469009F97DA6}.Debug|x86.ActiveCfg = Debug|Win32
		{4574DF00-1CD3-46E0-ABBF-469009F97DA6}.Debug|x86.Build.0 = Debug|Win32
		{4574DF00-1CD3-46E0-ABBF-469009F97DA6}.Release|x64.ActiveCfg = Release|x64
		{4574DF00-1CD3-46E0-ABBF-469009F97DA6}.Release|x64.Build.0 = Release|x64
		{4574DF00-1CD3-46E0-ABBF-469009F97DA6}.Release|x86.ActiveCfg = Release|Win32
		{4574DF00-1CD3-46E0-ABBF-469009F97DA6}.Release|x86.Build.0 = Release|Win32
		{F80EE5ED-76AF-4F69-A4DE-30A098A2FEA3}.Debug|x64.ActiveCfg = Debug|x64
		{F80EE5ED-76AF-4F69-A4DE-30A098A2FEA3}.Debug|x64.Build.0 = Debug|x64
		{F80EE5ED-76AF-4F69-A4DE-30A098A2FEA3}.Debug|x86.ActiveCfg = Debug|Win32
		{F80EE5ED-76AF-4F69-A4DE-30A098A2FEA3}.Debug|x86.Build.0 = Debug|Win32
		{F80EE5ED-76AF-4F69-A4DE-30A098A2FEA3}.Release|x64.ActiveCfg = Release|x64
		{F80EE5ED-76AF-4F69-A4DE-30A098A2FEA3}.Release|x64.Build.0 = Release|x64
		{F80EE5ED-76AF-4F69-A4DE-30A098A2FEA3}.Release|x86.ActiveCfg = Release|Win32
		{F80EE5ED-76AF-4F69-A4DE-30A098A2FEA3}.Release|x86.Build.0 = Release|Win32
		{42CA5B5A-435D-4B32-BEDF-1A918169A905}.Debug|x64.ActiveCfg = Debug|x64
		{42CA5B5A-435D-4B32-BEDF-1A918169A905}.Debug|x64.Build.0 = Debug|x64
		{42CA5B5A-435D-4B32-BEDF-1A918169A905}.Debug|x86.ActiveCfg = Debug|Win32
		{42CA5B5A-435D-4B32-BEDF-1A918169A905}.Debug|x86.Build.0 = Debug|Win32
		{42CA5B5A-435D-4B32-BEDF-1A918169A905}.Release|x64.ActiveCfg = Release|x64
		{42CA5B5A-435D-4B32-BEDF-1A918169A905}.Release|x64.Build.0 = Release|x64
		{42CA5B5A-435D-4B32-BEDF-1A918169A905}.Release|x86.ActiveCfg = Release|Win32
		{42CA5B5A-435D-4B32-BEDF-1A918169A905}.Release|x86.Build.0 = Release|Win32
		{802589B9-1257-4879-ACD5-90F81AE6B58D}.Debug|x64.ActiveCfg = Debug|x64
		{802589B9-1257-4879-ACD5-90F81AE6B58D}.Debug|x64.Build.0 = Debug|x64
		{802589B9-1257-4879-ACD5-90F81AE6B58D}.Debug|x86.ActiveCfg = Debug|Win32
		{802589B9-1257-4879-ACD5-90F81AE6B58D}.Debug|x86.Build.0 = Debug|Win32
		{802589B9-1257-4879-ACD5-90F81AE6B58D}.Release|x64.ActiveCfg = Release|x64
		{802589B9-1257-4879-ACD5-90F81AE6B58D}.Release|x64.Build.0 = Release|x64
		{802589B9-1257-4879-ACD5-90F81AE6B58D}.Release|x86.ActiveCfg = Release|Win32
		{802589B9-1257-4879-ACD5-90F81AE6B58D}.Release|x86.Build.0 = Release|Win32
		{F22EC1AC-99D5-410A-A210-740D378BC05E}.Debug|x64.ActiveCfg = Debug|x64
		{F22EC1AC-99D5-410A-A210-740D378BC05E}.Debug|x64.Build.0 = Debug|x64
		{F22EC1AC-99D5-410A-A210-740D378BC05E}.Debug|x86.ActiveCfg = Debug|Win32
		{F22EC1AC-99D5-410A-A210-740D378BC05E}.Debug|x86.Build.0 = Debug|Win32
		{F22EC1AC-99D5-410A-A210-740D378BC05E}.Release|x64.ActiveCfg = Release|x64
		{F22EC1AC-99D5-410A-A210-740D378BC05E}.Release|x64.Build.0 = Release|x64
		{F22EC1AC-99D5-410A-A210-740D378BC05E}.Release|x86.ActiveCfg = Release|Win32
		{F22EC1AC-99D5-410A-A210-740D378BC05E}.Release|x86.Build.0 = Release|Win32
		{AC35D4B2-8AFD-4C45-AFF7-423BD2EF6107}.Debug|x64.ActiveCfg = Debug|x64
		{AC35D4B2-8AFD-4C45-AFF7-423BD2EF6107}.Debug|x64.Build.0 = Debug|x64
		{AC35D4B2-8AFD-4C45-AFF7-423BD2EF6107}.Debug|x86.ActiveCfg = Debug|Win32
		{AC35D4B2-8AFD-4C45-AFF7-423BD2EF6107}.Debug|x86.Build.0 = Debug|Win32
		{AC35D4B2-8AFD-4C45-AFF7-423BD2EF6107}.Release|x64.ActiveCfg = Release|x64
		{AC35D4B2-8AFD-4C45-AFF7-423BD2EF6107}.Release|x64.Build.0 = Release|x64
		{AC35D4B2-8AFD-4C45-AFF7-423BD2EF6107}.Release|x86.ActiveCfg = Release|Win32
		{AC35D4B2-8AFD-4C45-AFF7-423BD2EF6107}.Release|x86.Build.0 = Release|Win32
		{2FA30E73-C767-46EC-BD23-EC3AE3F92ABC}.Debug|x64.ActiveCfg = Debug|x64
		{2FA30E73-C767-46EC-BD23-EC3AE3F92ABC}.Debug|x64.Build.0 = Debug|x64
		{2FA30E73-C767-46EC-BD23-EC3AE3F92ABC}.Debug|x86.ActiveCfg = Debug|Win32
		{2FA30E73-C767-46EC-BD23-EC3AE3F92ABC}.Debug|x86.Build.0 = Debug|Win32
		{2FA30E73-C767-46EC-BD23-EC3AE3F92ABC}.Release|x64.ActiveCfg = Release|x64
		{2FA30E73-C767-46EC-BD23-EC3AE3F92ABC}.Release|x64.Build.0 = Release|x64
		{2FA30E73-C767-46EC-BD23-EC3AE3F92ABC}.Release|x86.ActiveCfg = Release|Win32
		{2FA30E73-C767-46EC-BD23-EC3AE3F92ABC}.Release|x86.Build.0 = Release|Win32
		{D093F283-66B9-48C9-A7CD-2100111351F1}.Debug|x64.ActiveCfg = Debug|x64
		{D093F283-66B9-48C9-A7CD-2100111351F1}.Debug|x64.Build.0 = Debug|x64
		{D093F283-66B9-48C9-A7CD-2100111351F1}.Debug|x86.ActiveCfg = Debug|Win32
		{D093F283-66B9-48C9-A7CD-2100111351F1}.Debug|x86.Build.0 = Debug|Win32
		{D093F283-66B9-48C9-A7CD-2100111351F1}.Release|x64.ActiveCfg = Release|x64
		{D093F283-66B9-48C9-A7CD-2100111351F1}.Release|x64.Build.0 = Release|x64
		{D093F283-66B9-48C9-A7CD-2100111351F1}.Release|x86.ActiveCfg = Release|Win32
		{D093F283-66B9-48C9-A7CD-2100111351F1}.Release|x86.Build.0 = Release|Win32
		{03557AF6-A1D2-48AB-A704-AA29282E6C98}.Debug|x64.ActiveCfg = Debug|x64
		{03557AF6-A1D2-48AB-A704-AA29282E6C98}.Debug|x64.Build.0 = Debug|x64
		{03557AF6-A1D2-48AB-A704-AA29282E6C98}.Debug|x86.ActiveCfg = Debug|Win32
		{03557AF6-A1D2-48AB-A704-AA29282E6C98}.Debug|x86.Build.0 = Debug|Win32
		{03557AF6-A1D2-48AB-A704-AA29282E6C98}.Release|x64.ActiveCfg = Release|x64
		{03557AF6-A1D2-48AB-A704-AA29282E6C98}.Release|x64.Build.0 = Release|x64
		{03557AF6-A1D2-48AB-A704-AA29282E6C98}.Release|x86.ActiveCfg = Release|Win32
		{03557AF6-A1D2-48AB-A704-AA29282E6C98}.Release|x86.Build.0 = Release|Win32
		{C091B95A-81FE-4AB4-B448-2BA8F80A36E2}.Debug|x64.ActiveCfg = Debug|x64
		{C091B95A-81FE-4AB4-B448-2BA8F80A36E2}.Debug|x64.Build.0 = Debug|x64
		{C091B95A-81FE-4AB4-B448-2BA8F80A36E2}.Debug|x86.ActiveCfg = Debug|Win32
		{C091B95A-81FE-4AB4-B448-2BA8F80A36E2}.Debug|x86.Build.0 = Debug|Win32
		{C091B95A-81FE-4AB4-B448-2BA8F80A36E2}.Release|x64.ActiveCfg = Release|x64
		{C091B95A-81FE-4AB4-B448-2BA8F80A36E2}.Release|x64.Build.0 = Release|x64
		{C091B95A-81FE-4AB4-B448-2BA8F80A36E2}.Release|x86.ActiveCfg = Release|Win32
		{C091B95A-81FE-4AB4-B448-2BA8F80A36E2}.Release|x86.Build.0 = Release|Win32
		{ECDEDB15-CB6A-4814-93DA-F38D0246EAFF}.Debug|x64.ActiveCfg = Debug|x64
		{ECDEDB15-CB6A-4814-93DA-F38D0246EAFF}.Debug|x64.Build.0 = Debug|x64
		{ECDEDB15-CB6A-4814-93DA-F38D0246EAFF}.Debug|x86.ActiveCfg = Debug|Win32
		{ECDEDB15-CB6A-4814-93DA-F38D0246EAFF}.Debug|x86.Build.0 = Debug|Win32
		{ECDEDB15-CB6A-4814-93DA-F38D0246EAFF}.Release|x64.ActiveCfg = Release|x64
		{ECDEDB15-CB6A-4814-93DA-F38D0246EAFF}.Release|x64.Build.0 = Release|x64
		{ECDEDB15-CB6A-4814-93DA-F38D0246EAFF}.Release|x86.ActiveCfg = Release|Win32
		{ECDEDB15-CB6A-4814-93DA-F38D0246EAFF}.Release|x86.Build.0 = Release|Win32
		{CB0C9491-F837-4162-A56F-83A50CFCD629}.Debug|x64.ActiveCfg = Debug|x64
		{CB0C9491-F837-4162-A56F-83A50CFCD629}.Debug|x64.Build.0 = Debug|x64
		{CB0C9491-F837-4162-A56F-83A50CFCD629}.Debug|x86.ActiveCfg = Debug|Win32
		{CB0C9491-F837-4162-A56F-83A50CFCD629}.Debug|x86.Build.0 = Debug|Win32
		{CB0C9491-F837-4162-A56F-83A50CFCD629}.Release|x64.ActiveCfg = Release|x64
		{CB0C9491-F837-4162-A56F-83A50CFCD629}.Release|x64.Build.0 = Release|x64
		{CB0C9491-F837-4162-A56F-83A50CFCD629}.Release|x86.ActiveCfg = Release|Win32
		{CB0C9491-F837-4162-A56F-83A50CFCD629}.Release|x86.Build.0 = Release|Win32
		{BFC02994-2C1A-4D7A-AC72-45990D023B49}.Debug|x64.ActiveCfg = Debug|x64
		{BFC02994-2C1A-4D7A-AC72-45990D023B49}.Debug|x64.Build.0 = Debug|x64
		{BFC02994-2C1A-4D7A-AC72-45990D023B49}.Debug|x86.ActiveCfg = Debug|Win32
		{BFC02994-2C1A-4D7A-AC72-45990D023B49}.Debug|x86.Build.0 = Debug|Win32
		{BFC02994-2C1A-4D7A-AC72-45990D023B49}.Release|x64.ActiveCfg = Release|x64
		{BFC02994-2C1A-4D7A-AC72-45990D023B49}.Release|x64.Build.0 = Release|x64
		{BFC02994-2C1A-4D7A-AC72-45990D023B49}.Release|x86.ActiveCfg = Release|Win32
		{BFC02994-2C1A-4D7A-AC72-45990D023B49}.Release|x86.Build.0 = Release|Win32
		{F5ED5563-CF5C-4CF6-A5EE-BFB801E02ED2}.Debug|x64.ActiveCfg = Debug|x64
		{F5ED5563-CF5C-4CF6-A5EE-BFB801E02ED2}.Debug|x64.Build.0 = Debug|x64
		{F5ED5563-CF5C-4CF6-A5EE-BFB801E02ED2}.Debug|x86.ActiveCfg = Debug|Win32
		{F5ED5563-CF5C-4CF6-A5EE-BFB801E02ED2}.Debug|x86.Build.0 = Debug|Win32
		{F5ED5563-CF5C-4CF6-A5EE-BFB801E02ED2}.Release|x64.ActiveCfg = Release|x64
		{F5ED5563-CF5C-4CF6-A5EE-BFB801E02ED2}.Release|x64.Build.0 = Release|x64
		{F5ED5563-CF5C-4CF6-A5EE-BFB801E02ED2}.Release|x86.ActiveCfg = Release|Win32
		{F5ED5563-CF5C-4CF6-A5EE-BFB801E02ED2}.Release|x86.Build.0 = Release|Win32
		{14944DA4-99B3-4EC3-B6CB-53CBB2756863}.Debug|x64.ActiveCfg = Debug|x64
		{14944DA4-99B3-4EC3-B6CB-53CBB2756863}.Debug|x64.Build.0 = Debug|x64
		{14944DA4-99B3-4EC3-B6CB-53CBB2756863}.Debug|x86.ActiveCfg = Debug|Win32
		{14944DA4-99B3-4EC3-B6CB-53CBB2756863}.Debug|x86.Build.0 = Debug|Win32
		{14944DA4-99B3-4EC3-B6CB-53CBB2756863}.Release|x64.ActiveCfg = Release|x64
		{14944DA4-99B3-4EC3-B6CB-53CBB2756863}.Release|x64.Build.0 = Release|x64
		{14944DA4-99B3-4EC3-B6CB-53CBB2756863}.Release|x86.ActiveCfg = Release|Win32
		{14944DA4-99B3-4EC3-B6CB-53CBB2756863}.Release|x86.Build.0 = Release|Win32
		{345DF305-2C04-484E-A9E5-F56834CE1641}.Debug|x64.ActiveCfg = Debug|x64
		{345DF305-2C04-484E-A9E5-F56834CE1641}.Debug|x64.Build.0 = Debug|x64
		{345DF305-2C04-484E-A9E5-F56834CE1641}.Debug|x86.ActiveCfg = Debug|Win32
		{345DF305-2C04-484E-A9E5-F56834CE1641}.Debug|x86.Build.0 = Debug|Win32
		{345DF305-2C04-484E-A9E5-F56834CE1641}.Release|x64.ActiveCfg = Release|x64
		{345DF305-2C04-484E-A9E5-F56834CE1641}.Release|x64.Build.0 = Release|x64
		{345DF305-2C04-484E-A9E5-F56834CE1641}.Release|x86.ActiveCfg = Release|Win32
		{345DF305-2C04-484E-A9E5-F56834CE1641}.Release|x86.Build.0 = Release|Win32
		{64AF946C-A0E7-4799-AA41-BD3982D91BD8}.Debug|x64.ActiveCfg = Debug|x64
		{64AF946C-A0E7-4799-AA41-BD3982D91BD8}.Debug|x64.Build.0 = Debug|x64
		{64AF946C-A0E7-4799-AA41-BD3982D91BD8}.Debug|x86.ActiveCfg = Debug|Win32
		{64AF946C-A0E7-4799-AA41-BD3982D91BD8}.Debug|x86.Build.0 = Debug|Win32
		{64AF946C-A0E7-4799-AA41-BD3982D91BD8}.Release|x64.ActiveCfg = Release|x64
		{64AF946C-A0E7-4799-AA41-BD3982D91BD8}.Release|x64.Build.0 = Release|x64
		{64AF946C-A0E7-4799-AA41-BD3982D91BD8}.Release|x86.ActiveCfg = Release|Win32
		{64AF946C-A0E7-4799-AA41-BD3982D91BD8}.Release|x86.Build.0 = Release|Win32
		{108889E4-B78C-45B1-9D75-BE0A44C02E8D}.Debug|x64.ActiveCfg = Debug|x64
		{108889E4-B78C-45B1-9D75-BE0A44C02E8D}.Debug|x64.Build.0 = Debug|x64
		{108889E4-B78C-45B1-9D75-BE0A44C02E8D}.Debug|x86.ActiveCfg = Debug|Win32
		{108889E4-B78C-45B1-9D75-BE0A44C02E8D}.Debug|x86.Build.0 = Debug|Win32
		{108889E4-B78C-45B1-9D75-BE0A44C02E8D}.Release|x64.ActiveCfg = Release|x64
		{108889E4-B78C-45B1-9D75-BE0A44C02E8D}.Release|x64.Build.0 = Release|x64
		{108889E4-B78C-45B1-9D75-BE0A44C02E8D}.Release|x86.ActiveCfg = Release|Win32
		{108889E4-B78C-45B1-9D75-BE0A44C02E8D}.Release|x86.Build.0 = Release|Win32
		{B6D13797-497F-43D4-94A5-3E3CCD7C075B}.Debug|x64.ActiveCfg = Debug|x64
		{B6D13797-497F-43D4-94A5-3E3CCD7C075B}.Debug|x64.Build.0 = Debug|x64
		{B6D13797-497F-43D4-94A5-3E3CCD7C075B}.Debug|x86.ActiveCfg = Debug|Win32
		{B6D13797-497F-43D4-94A5-3E3CCD7C075B}.Debug|x86.Build.0 = Debug|Win32
		{B6D13797-497F-43D4-94A5-3E3CCD7C075B}.Release|x64.ActiveCfg = Release|x64
		{B6D13797-497F-43D4-94A5-3E3CCD7C075B}.Release|x64.Build.0 = Release|x64
		{B6D13797-497F-43D4-94A5-3E3CCD7C075B}.Release|x86.ActiveCfg = Release|Win32
		{B6D13797-497F-43D4-94A5-3E3CCD7C075B}.Release|x86.Build.0 = Release|Win32
		{6597B1E6-FA4E-4500-BE89-A5D2D49A7C3C}.Debug|x64.ActiveCfg = Debug|x64
		{6597B1E6-FA4E-4500-BE89-A5D2D49A7C3C}.Debug|x64.Build.0 = Debug|x64
		{6597B1E6-FA4E-4500-BE89-A5D2D49A7C3C}.Debug|x86.ActiveCfg = Debug|Win32
		{6597B1E6-FA4E-4500-BE89-A5D2D49A7C3C}.Debug|x86.Build.0 = Debug|Win32
		{6597B1E6-FA4E-4500-BE89-A5D2D49A7C3C}.Release|x64.ActiveCfg = Release|x64
		{6597B1E6-FA4E-4500-BE89-A5D2D49A7C3C}.Release|x64.Build.0 = Release|x64
		{6597B1E6-FA4E-4500-BE89-A5D2D49A7C3C}.Release|x86.ActiveCfg = Release|Win32
		{6597B1E6-FA4E-4500-BE89-A5D2D49A7C3C}.Release|x86.Build.0 = Release|Win32
		{3FF6D503-FF0A-450F-91BD-73A3E78B02C9}.Debug|x64.ActiveCfg = Debug|x64
		{3FF6D503-FF0A-450F-91BD-73A3E78B02C9}.Debug|x64.Build.0 = Debug|x64
		{3FF6D503-FF0A-450F-91BD-73A3E78B02C9}.Debug|x86.ActiveCfg = Debug|Win32
		{3FF6D503-FF0A-450F-91BD-73A3E78B02C9}.Debug|x86.Build.0 = Debug|Win32
		{3FF6D503-FF0A-450F-91BD-73A3E78B02C9}.Release|x64.ActiveCfg = Release|x64
		{3FF6D503-FF0A-450F-91BD-73A3E78B02C9}.Release|x64.Build.0 = Release|x64
		{3FF6D503-FF0A-450F-91BD-73A3E78B02C9}.Release|x86.ActiveCfg = Release|Win32
		{3FF6D503-FF0A-450F-91BD-73A3E78B02C9}.Release|x86.Build.0 = Release|Win32
		{44AA4769-A6D9-4047-BFA1-3D062C16B820}.Debug|x64.ActiveCfg = Debug|x64
		{44AA4769-A6D9-4047-BFA1-3D062C16B820}.Debug|x64.Build.0 = Debug|x64
		{44AA4769-A6D9-4047-BFA1-3D062C16B820}.Debug|x86.ActiveCfg = Debug|Win32
		{44AA4769-A6D9-4047-BFA1-3D062C16B820}.Debug|x86.Build.0 = Debug|Win32
		{44AA4769-A6D9-4047-BFA1-3D062C16B820}.Release|x64.ActiveCfg = Release|x64
		{44AA4769-A6D9-4047-BFA1-3D062C16B820}.Release|x64.Build.0 = Release|x64
		{44AA4769-A6D9-4047-BFA1-3D062C16B820}.Release|x86.ActiveCfg = Release|Win32
		{44AA4769-A6D9-4047-BFA1-3D062C16B820}.Release|x86.Build.0 = Release|Win32
		{4FAF29C6-B4C3-4E5C-9ACF-FCBDD627E14A}.Debug|x64.ActiveCfg = Debug|x64
		{4FAF29C6-B4C3-4E5C-9ACF-FCBDD627E14A}.Debug|x64.Build.0 = Debug|x64
		{4FAF29C6-B4C3-4E5C-9ACF-FCBDD627E14A}.Debug|x86.ActiveCfg = Debug|Win32
		{4FAF29C6-B4C3-4E5C-9ACF-FCBDD627E14A}.Debug|x86.Build.0 = Debug|Win32
		{4FAF29C6-B4C3-4E5C-9ACF-FCBDD627E14A}.Release|x64.ActiveCfg = Release|x64
		{4FAF29C6-B4C3-4E5C-9ACF-FCBDD627E14A}.Release|x64.Build.0 = Release|x64
		{4FAF29C6-B4C3-4E5C-9ACF-FCBDD627E14A}.Release|x86.ActiveCfg = Release|Win32
		{4FAF29C6-B4C3-4E5C-9ACF-FCBDD627E14A}.Release|x86.Build.0 = Release|Win32
		{B3C29485-F10B-4DC2-A13D-73876B880501}.Debug|x64.ActiveCfg = Debug|x64
		{B3C29485-F10B-4DC2-A13D-73876B880501}.Debug|x64.Build.0 = Debug|x64
		{B3C29485-F10B-4DC2-A13D-73876B880501}.Debug|x86.ActiveCfg = Debug|Win32
		{B3C29485-F10B-4DC2-A13D-73876B880501}.Debug|x86.Build.0 = Debug|Win32
		{B3C29485-F10B-4DC2-A13D-73876B880501}.Release|x64.ActiveCfg = Release|x64
		{B3C29485-F10B-4DC2-A13D-73876B880501}.Release|x64.Build.0 = Release|x64
		{B3C29485-F10B-4DC2-A13D-73876B880501}.Release|x86.ActiveCfg = Release|Win32
		{B3C29485-F10B-4DC2-A13D-73876B880501}.Release|x86.Build.0 = Release|Win32
		{3F91D1CA-6611-4311-B4AC-C3604D40B8EE}.Debug|x64.ActiveCfg = Debug|x64
		{3F91D1CA-6611-4311-B4AC-C3604D40B8EE}.Debug|x64.Build.0 = Debug|x64
		{3F91D1CA-6611-4311-B4AC-C3604D40B8EE}.Debug|x86.ActiveCfg = Debug|Win32
		{3F91D1CA-6611-4311-B4AC-C3604D40B8EE}.Debug|x86.Build.0 = Debug|Win32
		{3F91D1CA-6611-4311-B4AC-C3604D40B8EE}.Release|x64.ActiveCfg = Release|x64
		{3F91D1CA-6611-4311-B4AC-C3604D40B8EE}.Release|x64.Build.0 = Release|x64
		{3F91D1CA-6611-4311-B4AC-C3604D40B8EE}.Release|x86.ActiveCfg = Release|Win32
		{3F91D1CA-6611-4311-B4AC-C3604D40B8EE}.Release|x86.Build.0 = Release|Win32
		{F593647A-6625-49D5-9587-BBD4D94ED89C}.Debug|x64.ActiveCfg = Debug|x64
		{F593647A-6625-49D5-9587-BBD4D94ED89C}.Debug|x64.Build.0 = Debug|x64
		{F593647A-6625-49D5-9587-BBD4D94ED89C}.Debug|x86.ActiveCfg = Debug|Win32
		{F593647A-6625-49D5-9587-BBD4D94ED89C}.Debug|x86.Build.0 = Debug|Win32
		{F593647A-6625-49D5-9587-BBD4D94ED89C}.Release|x64.ActiveCfg = Release|x64
		{F593647A-6625-49D5-9587-BBD4D94ED89C}.Release|x64.Build.0 = Release|x64
		{F593647A-6625-49D5-9587-BBD4D94ED89C}.Release|x86.ActiveCfg = Release|Win32
		{F593647A-6625-49D5-9587-BBD4D94ED89C}.Release|x86.Build.0 = Release|Win32
		{7CA7B749-2E33-4CE2-9A58-FAC0AFFA2D45}.Debug|x64.ActiveCfg = Debug|x64
		{7CA7B749-2E33-4CE2-9A58-FAC0AFFA2D45}.Debug|x64.Build.0 = Debug|x64
		{7CA7B749-2E33-4CE2-9A58-FAC0AFFA2D45}.Debug|x86.ActiveCfg = Debug|Win32
		{7CA7B749-2E33-4CE2-9A58-FAC0AFFA2D45}.Debug|x86.Build.0 = Debug|Win32
		{7CA7B749-2E33-4CE2-9A58-FAC0AFFA2D45}.Release|x64.ActiveCfg = Release|x64
		{7CA7B749-2E33-4CE2-9A58-FAC0AFFA2D45}.Release|x64.Build.0 = Release|x64
		{7CA7B749-2E33-4CE2-9A58-FAC0AFFA2D45}.Release|x86.ActiveCfg = Release|Win32
		{7CA7B749-2E33-4CE2-9A58-FAC0AFFA2D45}.Release|x86.Build.0 = Release|Win32
		{22F9E8BC-E7C7-42FC-A369-1F71C22CF722}.Debug|x64.ActiveCfg = Debug|x64
		{22F9E8BC-E7C7-42FC-A369-1F71C22CF722}.Debug|x64.Build.0 = Debug|x64
		{22F9E8BC-E7C7-42FC-A369-1F71C22CF722}.Debug|x86.ActiveCfg = Debug|Win32
		{22F9E8BC-E7C7-42FC-A369-1F71C22CF722}.Debug|x86.Build.0 = Debug|Win32
		{22F9E8BC-E7C7-42FC-A369-1F71C22CF722}.Release|x64.ActiveCfg = Release|x64
		{22F9E8BC-E7C7-42FC-A369-1F71C22CF722}.Release|x64.Build.0 = Release|x64
		{22F9E8BC-E7C7-42FC-A369-1F71C22CF722}.Release|x86.ActiveCfg = Release|Win32
		{22F9E8BC-E7C7-42FC-A369-1F71C22CF722}.Release|x86.Build.0 = Release|Win32
		{5A7A6845-23C4-44D7-8173-25F08D457B6F}.Debug|x64.ActiveCfg = Debug|x64
		{5A7A6845-23C4-44D7-8173-25F08D457B6F}.Debug|x64.Build.0 = Debug|x64
		{5A7A6845-23C4-44D7-8173-25F08D457B6F}.Debug|x86.ActiveCfg = Debug|Win32
		{5A7A6845-23C4-44D7-8173-25F08D457B6F}.Debug|x86.Build.0 = Debug|Win32
		{5A7A6845-23C4-44D7-8173-25F08D457B6F}.Release|x64.ActiveCfg = Release|x64
		{5A7A6845-23C4-44D7-8173-25F08D457B6F}.Release|x64.Build.0 = Release|x64
		{5A7A6845-23C4-44D7-8173-25F08D457B6F}.Release|x86.ActiveCfg = Release|Win32
		{5A7A6845-23C4-44D7-8173-25F08D457B6F}.Release|x86.Build.0 = Release|Win32
		{4F6F377E-648D-404E-A0E0-94F7A74732A6}.Debug|x64.ActiveCfg = Debug|x64
		{4F6F377E-648D-404E-A0E0-94F7A74732A6}.Debug|x64.Build.0 = Debug|x64
		{4F6F377E-648D-404E-A0E0-94F7A74732A6}.Debug|x86.ActiveCfg = Debug|Win32
		{4F6F377E-648D-404E-A0E0-94F7A74732A6}.Debug|x86.Build.0 = Debug|Win32
		{4F6F377E-648D-404E-A0E0-94F7A74732A6}.Release|x64.ActiveCfg = Release|x64
		{4F6F377E-648D-404E-A0E0-94F7A74732A6}.Release|x64.Build.0 = Release|x64
		{4F6F377E-648D-404E-A0E0-94F7A74732A6}.Release|x86.ActiveCfg = Release|Win32
		{4F6F377E-648D-404E-A0E0-94F7A74732A6}.Release|x86.Build.0 = Release|Win32
		{7DAD4DDD-EBC8-4DC3-AD00-D0FAB10331F8}.Debug|x64.ActiveCfg = Debug|x64
		{7DAD4DDD-EBC8-4DC3-AD00-D0FAB10331F8}.Debug|x64.Build.0 = Debug|x64
		{7DAD4DDD-EBC8-4DC3-AD00-D0FAB10331F8}.Debug|x86.ActiveCfg = Debug|Win32
		{7DAD4DDD-EBC8-4DC3-AD00-D0FAB10331F8}.Debug|x86.Build.0 = Debug|Win32
		{7DAD4DDD-EBC8-4DC3-AD00-D0FAB10331F8}.Release|x64.ActiveCfg = Release|x64
		{7DAD4DDD-EBC8-4DC3-AD00-D0FAB10331F8}.Release|x64.Build.0 = Release|x64
		{7DAD4DDD-EBC8-4DC3-AD00-D0FAB10331F8}.Release|x86.ActiveCfg = Release|Win32
		{7DAD4DDD-EBC8-4DC3-AD00-D0FAB10331F8}.Release|x86.Build.0 = Release|Win32
		{241B84B4-50A4-4F1B-B554-DBB817BDF12F}.Debug|x64.ActiveCfg = Debug|x64
		{241B84B4-50A4-4F1B-B554-DBB817BDF12F}.Debug|x64.Build.0 = Debug|x64
		{241B84B4-50A4-4F1B-B554-DBB817BDF12F}.Debug|x86.ActiveCfg = Debug|Win32
		{241B84B4-50A4-4F1B-B554-DBB817BDF12F}.Debug|x86.Build.0 = Debug|Win32
		{241B84B4-50A4-4F1B-B554-DBB817BDF12F}.Release|x64.ActiveCfg = Release|x64
		{241B84B4-50A4-4F1B-B554-DBB817BDF12F}.Release|x64.Build.0 = Release|x64
		{241B84B4-50A4-4F1B-B554-DBB817BDF12F}.Release|x86.ActiveCfg = Release|Win32
		{241B84B4-50A4-4F1B-B554-DBB817BDF12F}.Release|x86.Build.0 = Release|Win32
		{CBD2EB24-2A39-4CE9-9479-999BB70D88EC}.Debug|x64.ActiveCfg = Debug|x64
		{CBD2EB24-2A39-4CE9-9479-999BB70D88EC}.Debug|x64.Build.0 = Debug|x64
		{CBD2EB24-2A39-4CE9-9479-999BB70D88EC}.Debug|x86.ActiveCfg = Debug|Win32
		{CBD2EB24-2A39-4CE9-9479-999BB70D88EC}.Debug|x86.Build.0 = Debug|Win32
		{CBD2EB24-2A39-4CE9-9479-999BB70D88EC}.Release|x64.ActiveCfg = Release|x64
		{CBD2EB24-2A39-4CE9-9479-999BB70D88EC}.Release|x64.Build.0 = Release|x64
		{CBD2EB24-2A39-4CE9-9479-999BB70D88EC}.Release|x86.ActiveCfg = Release|Win32
		{CBD2EB24-2A39-4CE9-9479-999BB70D88EC}.Release|x86.Build.0 = Release|Win32
		{F48B96A1-A998-47B0-B924-EAAE600A1433}.Debug|x64.ActiveCfg = Debug|x64
		{F48B96A1-A998-47B0-B924-EAAE600A1433}.Debug|x64.Build.0 = Debug|x64
		{F48B96A1-A998-47B0-B924-EAAE600A1433}.Debug|x86.ActiveCfg = Debug|Win32
		{F48B96A1-A998-47B0-B924-EAAE600A1433}.Debug|x86.Build.0 = Debug|Win32
		{F48B96A1-A998-47B0-B924-EAAE600A1433}.Release|x64.ActiveCfg = Release|x64
		{F48B96A1-A998-47B0-B924-EAAE600A1433}.Release|x64.Build.0 = Release|x64
		{F48B96A1-A998-47B0-B924-EAAE600A1433}.Release|x86.ActiveCfg = Release|Win32
		{F48B96A1-A998-47B0-B924-EAAE600A1433}.Release|x86.Build.0 = Release|Win32
		{52A7FD96-5815-42B2-9BB6-193EA82899F7}.Debug|x64.ActiveCfg = Debug|x64
		{52A7FD96-5815-42B2-9BB6-193EA82899F7}.Debug|x64.Build.0 = Debug|x64
		{52A7FD96-5815-42B2-9BB6-193EA82899F7}.Debug|x86.ActiveCfg = Debug|Win32
		{52A7FD96-5815-42B2-9BB6-193EA82899F7}.Debug|x86.Build.0 = Debug|Win32
		{52A7FD96-5815-42B2-9BB6-193EA82899F7}.Release|x64.ActiveCfg = Release|x64
		{52A7FD96-5815-42B2-9BB6-193EA82899F7}.Release|x64.Build.0 = Release|x64
		{52A7FD96-5815-42B2-9BB6-193EA82899F7}.Release|x86.ActiveCfg = Release|Win32
		{52A7FD96-5815-42B2-9BB6-193EA82899F7}.Release|x86.Build.0 = Release|Win32
		{5A1EA912-FAE1-4C87-BFFE-808494553279}.Debug|x64.ActiveCfg = Debug|x64
		{5A1EA912-FAE1-4C87-BFFE-808494553279}.Debug|x64.Build.0 = Debug|x64
		{5A1EA912-FAE1-4C87-BFFE-808494553279}.Debug|x86.ActiveCfg = Debug|Win32
		{5A1EA912-FAE1-4C87-BFFE-808494553279}.Debug|x86.Build.0 = Debug|Win32
		{5A1EA912-FAE1-4C87-BFFE-808494553279}.Release|x64.ActiveCfg = Release|x64
		{5A1EA912-FAE1-4C87-BFFE-808494553279}.Release|x64.Build.0 = Release|x64
		{5A1EA912-FAE1-4C87-BFFE-808494553279}.Release|x86.ActiveCfg = Release|Win32
		{5A1EA912-FAE1-4C87-BFFE-808494553279}.Release|x86.Build.0 = Release|Win32
		{7C375E58-63DD-440F-BFED-D52DD4B9E862}.Debug|x64.ActiveCfg = Debug|x64
		{7C375E58-63DD-440F-BFED-D52DD4B9E862}.Debug|x64.Build.0 = Debug|x64
		{7C375E58-63DD-440F-BFED-D52DD4B9E862}.Debug|x86.ActiveCfg = Debug|Win32
		{7C375E58-63DD-440F-BFED-D52DD4B9E862}.Debug|x86.Build.0 = Debug|Win32
		{7C375E58-63DD-440F-BFED-D52DD4B9E862}.Release|x64.ActiveCfg = Release|x64
		{7C375E58-63DD-440F-BFED-D52DD4B9E862}.Release|x64.Build.0 = Release|x64
		{7C375E58-63DD-440F-BFED-D52DD4B9E862}.Release|x86.ActiveCfg = Release|Win32
		{7C375E58-63DD-440F-BFED-D52DD4B9E862}.Release|x86.Build.0 = Release|Win32
		{556967FF-78B2-418F-9F98-931924B77D1F}.Debug|x64.ActiveCfg = Debug|x64
		{556967FF-78B2-418F-9F98-931924B77D1F}.Debug|x64.Build.0 = Debug|x64
		{556967FF-78B2-418F-9F98-931924B77D1F}.Debug|x86.ActiveCfg = Debug|Win32
		{556967FF-78B2-418F-9F98-931924B77D1F}.Debug|x86.Build.0 = Debug|Win32
		{556967FF-78B2-418F-9F98-931924B77D1F}.Release|x64.ActiveCfg = Release|x64
		{556967FF-78B2-418F-9F98-931924B77D1F}.Release|x64.Build.0 = Release|x64
		{556967FF-78B2-418F-9F98-931924B77D1F}.Release|x86.ActiveCfg = Release|Win32
		{556967FF-78B2-418F-9F98-931924B77D1F}.Release|x86.Build.0 = Release|Win32
		{B02DC4BC-357A-42C0-A629-A6EECE2A5D32}.Debug|x64.ActiveCfg = Debug|x64
		{B02DC4BC-357A-42C0-A629-A6EECE2A5D32}.Debug|x64.Build.0 = Debug|x64
		{B02DC4BC-357A-42C0-A629-A6EECE2A5D32}.Debug|x86.ActiveCfg = Debug|Win32
		{B02DC4BC-357A-42C0-A629-A6EECE2A5D32}.Debug|x86.Build.0 = Debug|Win32
		{B02DC4BC-357A-42C0-A629-A6EECE2A5D32}.Release|x64.ActiveCfg = Release|x64
		{B02DC4BC-357A-42C0-A629-A6EECE2A5D32}.Release|x64.Build.0 = Release|x64
		{B02DC4BC-357A-42C0-A629-A6EECE2A5D32}.Release|x86.ActiveCfg = Release|Win32
		{B02DC4BC-357A-42C0-A629-A6EECE2A5D32}.Release|x86.Build.0 = Release|Win32
		{22B8A2C7-5A9B-40FD-8EB1-A08360AADBF6}.Debug|x64.ActiveCfg = Debug|x64
		{22B8A2C7-5A9B-40FD-8EB1-A08360AADBF6}.Debug|x64.Build.0 = Debug|x64
		{22B8A2C7-5A9B-40FD-8EB1-A08360AADBF6}.Debug|x86.ActiveCfg = Debug|Win32
		{22B8A2C7-5A9B-40FD-8EB1-A08360AADBF6}.Debug|x86.Build.0 = Debug|Win32
		{22B8A2C7-5A9B-40FD-8EB1-A08360AADBF6}.Release|x64.ActiveCfg = Release|x64
		{22B8A2C7-5A9B-40FD-8EB1-A08360AADBF6}.Release|x64.Build.0 = Release|x64
		{22B8A2C7-5A9B-40FD-8EB1-A08360AADBF6}.Release|x86.ActiveCfg = Release|Win32
		{22B8A2C7-5A9B-40FD-8EB1-A08360AADBF6}.Release|x86.Build.0 = Release|Win32
		{F6C34008-FC40-43E5-B500-463DC7A804B5}.Debug|x64.ActiveCfg = Debug|x64
		{F6C34008-FC40-43E5-B500-463DC7A804B5}.Debug|x64.Build.0 = Debug|x64
		{F6C34008-FC40-43E5-B500-463DC7A804B5}.Debug|x86.ActiveCfg = Debug|Win32
		{F6C34008-FC40-43E5-B500-463DC7A804B5}.Debug|x86.Build.0 = Debug|Win32
		{F6C34008-FC40-43E5-B500-463DC7A804B5}.Release|x64.ActiveCfg = Release|x64
		{F6C34008-FC40-43E5-B500-463DC7A804B5}.Release|x64.Build.0 = Release|x64
		{F6C34008-FC40-43E5-B500-463DC7A804B5}.Release|x86.ActiveCfg = Release|Win32
		{F6C34008-FC40-43E5-B500-463DC7A804B5}.Release|x86.Build.0 = Release|Win32
		{ABDEFB1A-E21B-4AF4-B01C-1014FC49D5A0}.Debug|x64.ActiveCfg = Debug|x64
		{ABDEFB1A-E21B-4AF4-B01C-1014FC49D5A0}.Debug|x64.Build.0 = Debug|x64
		{ABDEFB1A-E21B-4AF4-B01C-1014FC49D5A0}.Debug|x86.ActiveCfg = Debug|Win32
		{ABDEFB1A-E21B-4AF4-B01C-1014FC49D5A0}.Debug|x86.Build.0 = Debug|Win32
		{ABDEFB1A-E21B-4AF4-B01C-1014FC49D5A0}.Release|x64.ActiveCfg = Release|x64
		{ABDEFB1A-E21B-4AF4-B01C-1014FC49D5A0}.Release|x64.Build.0 = Release|x64
		{ABDEFB1A-E21B-4AF4-B01C-1014FC49D5A0}.Release|x86.ActiveCfg = Release|Win32
		{ABDEFB1A-E21B-4AF4-B01C-1014FC49D5A0}.Release|x86.Build.0 = Release|Win32
		{AC0AA71D-09F5-4693-A14B-0D5505FEF822}.Debug|x64.ActiveCfg = Debug|x64
		{AC0AA71D-09F5-4693-A14B-0D5505FEF822}.Debug|x64.Build.0 = Debug|x64
		{AC0AA71D-09F5-4693-A14B-0D5505FEF822}.Debug|x86.ActiveCfg = Debug|Win32
		{AC0AA71D-09F5-4693-A14B-0D5505FEF822}.Debug|x86.Build.0 = Debug|Win32
		{AC0AA71D-09F5-4693-A14B-0D5505FEF822}.Release|x64.ActiveCfg = Release|x64
		{AC0AA71D-09F5-4693-A14B-0D5505FEF822}.Release|x64.Build.0 = Release|x64
		{AC0AA71D-09F5-4693-A14B-0D5505FEF822}.Release|x86.ActiveCfg = Release|Win32
		{AC0AA71D-09F5-4693-A14B-0D5505FEF822}.Release|x86.Build.0 = Release|Win32
		{881FD956-2639-45E7-89E2-19777401DFF8}.Debug|x64.ActiveCfg = Debug|x64
		{881FD956-2639-45E7-89E2-19777401DFF8}.Debug|x64.Build.0 = Debug|x64
		{881FD956-2639-45E7-89E2-19777401DFF8}.Debug|x86.ActiveCfg = Debug|Win32
		{881FD956-2639-45E7-89E2-19777401DFF8}.Debug|x86.Build.0 = Debug|Win32
		{881FD956-2639-45E7-89E2-19777401DFF8}.Release|x64.ActiveCfg = Release|x64
		{881FD956-2639-45E7-89E2-19777401DFF8}.Release|x64.Build.0 = Release|x64
		{881FD956-2639-45E7-89E2-19777401DFF8}.Release|x86.ActiveCfg = Release|Win32
		{881FD956-2639-45E7-89E2-19777401DFF8}.Release|x86.Build.0 = Release|Win32
		{963F775E-71D0-481A-96DB-083FE3AE1645}.Debug|x64.ActiveCfg = Debug|x64
		{963F775E-71D0-481A-96DB-083FE3AE1645}.Debug|x64.Build.0 = Debug|x64
		{963F775E-71D0-481A-96DB-083FE3AE1645}.Debug|x86.ActiveCfg = Debug|Win32
		{963F775E-71D0-481A-96DB-083FE3AE1645}.Debug|x86.Build.0 = Debug|Win32
		{963F775E-71D0-481A-96DB-083FE3AE1645}.Release|x64.ActiveCfg = Release|x64
		{963F775E-71D0-481A-96DB-083FE3AE1645}.Release|x64.Build.0 = Release|x64
		{963F775E-71D0-481A-96DB-083FE3AE1645}.Release|x86.ActiveCfg = Release|Win32
		{963F775E-71D0-481A-96DB-083FE3AE1645}.Release|x86.Build.0 = Release|Win32
		{1A7E78BF-8A63-419E-8786-25F876A04E8C}.Debug|x64.ActiveCfg = Debug|x64
		{1A7E78BF-8A63-419E-8786-25F876A04E8C}.Debug|x64.Build.0 = Debug|x64
		{1A7E78BF-8A63-419E-8786-25F876A04E8C}.Debug|x86.ActiveCfg = Debug|Win32
		{1A7E78BF-8A63-419E-8786-25F876A04E8C}.Debug|x86.Build.0 = Debug|Win32
		{1A7E78BF-8A63-419E-8786-25F876A04E8C}.Release|x64.ActiveCfg = Release|x64
		{1A7E78BF-8A63-419E-8786-25F876A04E8C}.Release|x64.Build.0 = Release|x64
		{1A7E78BF-8A63-419E-8786-25F876A04E8C}.Release|x86.ActiveCfg = Release|Win32
		{1A7E78BF-8A63-419E-8786-25F876A04E8C}.Release|x86.Build.0 = Release|Win32
		{988DC551-6172-458F-9B86-26C8414A6699}.Debug|x64.ActiveCfg = Debug|x64
		{988DC551-6172-458F-9B86-26C8414A6699}.Debug|x64.Build.0 = Debug|x64
		{988DC551-6172-458F-9B86-26C8414A6699}.Debug|x86.ActiveCfg = Debug|Win32
		{988DC551-6172-458F-9B86-26C8414A6699}.Debug|x86.Build.0 = Debug|Win32
		{988DC551-6172-458F-9B86-26C8414A6699}.Release|x64.ActiveCfg = Release|x64
		{988DC551-6172-458F-9B86-26C8414A6699}.Release|x64.Build.0 = Release|x64
		{988DC551-6172-458F-9B86-26C8414A6699}.Release|x86.ActiveCfg = Release|Win32
		{988DC551-6172-458F-9B86-26C8414A6699}.Release|x86.Build.0 = Release|Win32
		{0BE6A9CB-1747-4E48-8A76-FC21C8398D54}.Debug|x64.ActiveCfg = Debug|x64
		{0BE6A9CB-1747-4E48-8A76-FC21C8398D54}.Debug|x64.Build.0 = Debug|x64
		{0BE6A9CB-1747-4E48-8A76-FC21C8398D54}.Debug|x86.ActiveCfg = Debug|Win32
		{0BE6A9CB-1747-4E48-8A76-FC21C8398D54}.Debug|x86.Build.0 = Debug|Win32
		{0BE6A9CB-1747-4E48-8A76-FC21C8398D54}.Release|x64.ActiveCfg = Release|x64
		{0BE6A9CB-1747-4E48-8A76-FC21C8398D54}.Release|x64.Build.0 = Release|x64
		{0BE6A9CB-1747-4E48-8A76-FC21C8398D54}.Release|x86.ActiveCfg = Release|Win32
		{0BE6A9CB-1747-4E48-8A76-FC21C8398D54}.Release|x86.Build.0 = Release|Win32
		{F596721F-5BDE-4AC4-A5A0-266452104BF0}.Debug|x64.ActiveCfg = Debug|x64
		{F596721F-5BDE-4AC4-A5A0-266452104BF0}.Debug|x64.Build.0 = Debug|x64
		{F596721F-5BDE-4AC4-A5A0-266452104BF0}.Debug|x86.ActiveCfg = Debug|Win32
		{F596721F-5BDE-4AC4-A5A0-266452104BF0}.Debug|x86.Build.0 = Debug|Win32
		{F596721F-5BDE-4AC4-A5A0-266452104BF0}.Release|x64.ActiveCfg = Release|x64
		{F596721F-5BDE-4AC4-A5A0-266452104BF0}.Release|x64.Build.0 = Release|x64
		{F596721F-5BDE-4AC4-A5A0-266452104BF0}.Release|x86.ActiveCfg = Release|Win32
		{F596721F-5BDE-4AC4-A5A0-266452104BF0}.Release|x86.Build.0 = Release|Win32
		{C6EA6CFF-6681-4B69-AAAF-420DD5415146}.Debug|x64.ActiveCfg = Debug|x64
		{C6EA6CFF-6681-4B69-AAAF-420DD5415146}.Debug|x64.Build.0 = Debug|x64
		{C6EA6CFF-6681-4B69-AAAF-420DD5415146}.Debug|x86.ActiveCfg = Debug|Win32
		{C6EA6CFF-6681-4B69-AAAF-420DD5415146}.Debug|x86.Build.0 = Debug|Win32
		{C6EA6CFF-6681-4B69-AAAF-420DD5415146}.Release|x64.ActiveCfg = Release|x64
		{C6EA6CFF-6681-4B69-AAAF-420DD5415146}.Release|x64.Build.0 = Release|x64
		{C6EA6CFF-6681-4B69-AAAF-420DD5415146}.Release|x86.ActiveCfg = Release|Win32
		{C6EA6CFF-6681-4B69-AAAF-420DD5415146}.Release|x86.Build.0 = Release|Win32
		{CB582B08-7E80-4D77-9DAC-E3009B9E0B05}.Debug|x64.ActiveCfg = Debug|x64
		{CB582B08-7E80-4D77-9DAC-E3009B9E0B05}.Debug|x64.Build.0 = Debug|x64
		{CB582B08-7E80-4D77-9DAC-E3009B9E0B05}.Debug|x86.ActiveCfg = Debug|Win32
		{CB582B08-7E80-4D77-9DAC-E3009B9E0B05}.Debug|x86.Build.0 = Debug|Win32
		{CB582B08-7E80-4D77-9DAC-E3009B9E0B05}.Release|x64.ActiveCfg = Release|x64
		{CB582B08-7E80-4D77-9DAC-E3009B9E0B05}.Release|x64.Build.0 = Release|x64
		{CB582B08-7E80-4D77-9DAC-E3009B9E0B05}.Release|x86.ActiveCfg = Release|Win32
		{CB582B08-7E80-4D77-9DAC-E3009B9E0B05}.Release|x86.Build.0 = Release|Win32
		{09119816-B893-44A4-991C-490383E4FA16}.Debug|x64.ActiveCfg = Debug|x64
		{09119816-B893-44A4-991C-490383E4FA16}.Debug|x64.Build.0 = Debug|x64
		{09119816-B893-44A4-991C-490383E4FA16}.Debug|x86.ActiveCfg = Debug|Win32
		{09119816-B893-44A4-991C-490383E4FA16}.Debug|x86.Build.0 = Debug|Win32
		{09119816-B893-44A4-991C-490383E4FA16}.Release|x64.ActiveCfg = Release|x64
		{09119816-B893-44A4-991C-490383E4FA16}.Release|x64.Build.0 = Release|x64
		{09119816-B893-44A4-991C-490383E4FA16}.Release|x86.ActiveCfg = Release|Win32
		{09119816-B893-44A4-991C-490383E4FA16}.Release|x86.Build.0 = Release|Win32
		{FC8559FF-E728-4D5C-AB6E-64703FFE0094}.Debug|x64.ActiveCfg = Debug|x64
		{FC8559FF-E728-4D5C-AB6E-64703FFE0094}.Debug|x64.Build.0 = Debug|x64
		{FC8559FF-E728-4D5C-AB6E-64703FFE0094}.Debug|x86.ActiveCfg = Debug|Win32
		{FC8559FF-E728-4D5C-AB6E-64703FFE0094}.Debug|x86.Build.0 = Debug|Win32
		{FC8559FF-E728-4D5C-AB6E-64703FFE0094}.Release|x64.ActiveCfg = Release|x64
		{FC8559FF-E728-4D5C-AB6E-64703FFE0094}.Release|x64.Build.0 = Release|x64
		{FC8559FF-E728-4D5C-AB6E-64703FFE0094}.Release|x86.ActiveCfg = Release|Win32
		{FC8559FF-E728-4D5C-AB6E-64703FFE0094}.Release|x86.Build.0 = Release|Win32
		{6C223330-C214-4D79-9719-010FF1FB6B6A}.Debug|x64.ActiveCfg = Debug|x64
		{6C223330-C214-4D79-9719-010FF1FB6B6A}.Debug|x64.Build.0 = Debug|x64
		{6C223330-C214-4D79-9719-010FF1FB6B6A}.Debug|x86.ActiveCfg = Debug|Win32
		{6C223330-C214-4D79-9719-010FF1FB6B6A}.Debug|x86.Build.0 = Debug|Win32
		{6C223330-C214-4D79-9719-010FF1FB6B6A}.Release|x64.ActiveCfg = Release|x64
		{6C223330-C214-4D79-9719-010FF1FB6B6A}.Release|x64.Build.0 = Release|x64
		{6C223330-C214-4D79-9719-010FF1FB6B6A}.Release|x86.ActiveCfg = Release|Win32
		{6C223330-C214-4D79-9719-010FF1FB6B6A}.Release|x86.Build.0 = Release|Win32
		{FF728A27-EF5B-475E-9AC1-A4B4295CC2A1}.Debug|x64.ActiveCfg = Debug|x64
		{FF728A27-EF5B-475E-9AC1-A4B4295CC2A1}.Debug|x64.Build.0 = Debug|x64
		{FF728A27-EF5B-475E-9AC1-A4B4295CC2A1}.Debug|x86.ActiveCfg = Debug|Win32
		{FF728A27-EF5B-475E-9AC1-A4B4295CC2A1}.Debug|x86.Build.0 = Debug|Win32
		{FF728A27-EF5B-475E-9AC1-A4B4295CC2A1}.Release|x64.ActiveCfg = Release|x64
		{FF728A27-EF5B-475E-9AC1-A4B4295CC2A1}.Release|x64.Build.0 = Release|x64
		{FF728A27-EF5B-475E-9AC1-A4B4295CC2A1}.Release|x86.ActiveCfg = Release|Win32
		{FF728A27-EF5B-475E-9AC1-A4B4295CC2A1}.Release|x86.Build.0 = Release|Win32
		{6F84EC6F-50BA-4063-A503-80636F0ACBB4}.Debug|x64.ActiveCfg = Debug|x64
		{6F84EC6F-50BA-4063-A503-80636F0ACBB4}.Debug|x64.Build.0 = Debug|x64
		{6F84EC6F-50BA-4063-A503-80636F0ACBB4}.Debug|x86.ActiveCfg = Debug|Win32
		{6F84EC6F-50BA-4063-A503-80636F0ACBB4}.Debug|x86.Build.0 = Debug|Win32
		{6F84EC6F-50BA-4063-A503-80636F0ACBB4}.Release|x64.ActiveCfg = Release|x64
		{6F84EC6F-50BA-4063-A503-80636F0ACBB4}.Release|x64.Build.0 = Release|x64
		{6F84EC6F-50BA-4063-A503-80636F0ACBB4}.Release|x86.ActiveCfg = Release|Win32
		{6F84EC6F-50BA-4063-A503-80636F0ACBB4}.Release|x86.Build.0 = Release|Win32
		{E14777AB-2D65-4588-B91F-DD7867C69DCC}.Debug|x64.ActiveCfg = Debug|x64
		{E14777AB-2D65-4588-B91F-DD7867C69DCC}.Debug|x64.Build.0 = Debug|x64
		{E14777AB-2D65-4588-B91F-DD7867C69DCC}.Debug|x86.ActiveCfg = Debug|Win32
		{E14777AB-2D65-4588-B91F-DD7867C69DCC}.Debug|x86.Build.0 = Debug|Win32
		{E14777AB-2D65-4588-B91F-DD7867C69DCC}.Release|x64.ActiveCfg = Release|x64
		{E14777AB-2D65-4588-B91F-DD7867C69DCC}.Release|x64.Build.0 = Release|x64
		{E14777AB-2D65-4588-B91F-DD7867C69DCC}.Release|x86.ActiveCfg = Release|Win32
		{E14777AB-2D65-4588-B91F-DD7867C69DCC}.Release|x86.Build.0 = Release|Win32
		{699488D6-AB36-40B5-B466-BFBBCF15C0D1}.Debug|x64.ActiveCfg = Debug|x64
		{699488D6-AB36-40B5-B466-BFBBCF15C0D1}.Debug|x64.Build.0 = Debug|x64
		{699488D6-AB36-40B5-B466-BFBBCF15C0D1}.Debug|x86.ActiveCfg = Debug|Win32
		{699488D6-AB36-40B5-B466-BFBBCF15C0D1}.Debug|x86.Build.0 = Debug|Win32
		{699488D6-AB36-40B5-B466-BFBBCF15C0D1}.Release|x64.ActiveCfg = Release|x64
		{699488D6-AB36-40B5-B466-BFBBCF15C0D1}.Release|x64.Build.0 = Release|x64
		{699488D6-AB36-40B5-B466-BFBBCF15C0D1}.Release|x86.ActiveCfg = Release|Win32
		{699488D6-AB36-40B5-B466-BFBBCF15C0D1}.Release|x86.Build.0 = Release|Win32
		{67FE9186-0A5B-4D48-855B-D6C88AD6B4A4}.Debug|x64.ActiveCfg = Debug|x64
		{67FE9186-0A5B-4D48-855B-D6C88AD6B4A4}.Debug|x64.Build.0 = Debug|x64
		{67FE9186-0A5B-4D48-855B-D6C88AD6B4A4}.Debug|x86.ActiveCfg = Debug|Win32
		{67FE9186-0A5B-4D48-855B-D6C88AD6B4A4}.Debug|x86.Build.0 = Debug|Win32
		{67FE9186-0A5B-4D48-855B-D6C88AD6B4A4}.Release|x64.ActiveCfg = Release|x64
		{67FE9186-0A5B-4D48-855B-D6C88AD6B4A4}.Release|x64.Build.0 = Release|x64
		{67FE9186-0A5B-4D48-855B-D6C88AD6B4A4}.Release|x86.ActiveCfg = Release|Win32
		{67FE9186-0A5B-4D48-855B-D6C88AD6B4A4}.Release|x86.Build.0 = Release|Win32
		{C336C05D-47C6-40F5-AFF5-907EB4D06E0E}.Debug|x64.ActiveCfg = Debug|x64
		{C336C05D-47C6-40F5-AFF5-907EB4D06E0E}.Debug|x64.Build.0 = Debug|x64
		{C336C05D-47C6-40F5-AFF5-907EB4D06E0E}.Debug|x86.ActiveCfg = Debug|Win32
		{C336C05D-47C6-40F5-AFF5-907EB4D06E0E}.Debug|x86.Build.0 = Debug|Win32
		{C336C05D-47C6-40F5-AFF5-907EB4D06E0E}.Release|x64.ActiveCfg = Release|x64
		{C336C05D-47C6-40F5-AFF5-907EB4D06E0E}.Release|x64.Build.0 = Release|x64
		{C336C05D-47C6-40F5-AFF5-907EB4D06E0E}.Release|x86.ActiveCfg = Release|Win32
		{C336C05D-47C6-40F5-AFF5-907EB4D06E0E}.Release|x86.Build.0 = Release|Win32
		{0C2F5506-575E-4AE9-AA61-B3DC78FA52F2}.Debug|x64.ActiveCfg = Debug|x64
		{0C2F5506-575E-4AE9-AA61-B3DC78FA52F2}.Debug|x64.Build.0 = Debug|x64
		{0C2F5506-575E-4AE9-AA61-B3DC78FA52F2}.Debug|x86.ActiveCfg = Debug|Win32
		{0C2F5506-575E-4AE9-AA61-B3DC78FA52F2}.Debug|x86.Build.0 = Debug|Win32
		{0C2F5506-575E-4AE9-AA61-B3DC78FA52F2}.Release|x64.ActiveCfg = Release|x64
		{0C2F5506-575E-4AE9-AA61-B3DC78FA52F2}.Release|x64.Build.0 = Release|x64
		{0C2F5506-575E-4AE9-AA61-B3DC78FA52F2}.Release|x86.ActiveCfg = Release|Win32
		{0C2F5506-575E-4AE9-AA61-B3DC78FA52F2}.Release|x86.Build.0 = Release|Win32
		{CDA48516-CA30-4B23-9E12-395E79082EA4}.Debug|x64.ActiveCfg = Debug|x64
		{CDA48516-CA30-4B23-9E12-395E79082EA4}.Debug|x64.Build.0 = Debug|x64
		{CDA48516-CA30-4B23-9E12-395E79082EA4}.Debug|x86.ActiveCfg = Debug|Win32
		{CDA48516-CA30-4B23-9E12-395E79082EA4}.Debug|x86.Build.0 = Debug|Win32
		{CDA48516-CA30-4B23-9E12-395E79082EA4}.Release|x64.ActiveCfg = Release|x64
		{CDA48516-CA30-4B23-9E12-395E79082EA4}.Release|x64.Build.0 = Release|x64
		{CDA48516-CA30-4B23-9E12-395E79082EA4}.Release|x86.ActiveCfg = Release|Win32
		{CDA48516-CA30-4B23-9E12-395E79082EA4}.Release|x86.Build.0 = Release|Win32
		{AC242F15-BC88-4812-9155-0145E8602294}.Debug|x64.ActiveCfg = Debug|x64
		{AC242F15-BC88-4812-9155-0145E8602294}.Debug|x64.Build.0 = Debug|x64
		{AC242F15-BC88-4812-9155-0145E8602294}.Debug|x86.ActiveCfg = Debug|Win32
		{AC242F15-BC88-4812-9155-0145E8602294}.Debug|x86.Build.0 = Debug|Win32
		{AC242F15-BC88-4812-9155-0145E8602294}.Release|x64.ActiveCfg = Release|x64
		{AC242F15-BC88-4812-9155-0145E8602294}.Release|x64.Build.0 = Release|x64
		{AC242F15-BC88-4812-9155-0145E8602294}.Release|x86.ActiveCfg = Release|Win32
		{AC242F15-BC88-4812-9155-0145E8602294}.Release|x86.Build.0 = Release|Win32
	EndGlobalSection
	GlobalSection(SolutionProperties) = preSolution
		HideSolutionNode = FALSE
	EndGlobalSection
	GlobalSection(NestedProjects) = preSolution
		{A44D4843-B5B2-454E-8A48-D7498CA6734E} = {F8BE681D-C98C-4B1E-832F-A45CEBB12CB3}
		{244455E0-5F25-4451-9540-F317883E52A8} = {F8BE681D-C98C-4B1E-832F-A45CEBB12CB3}
		{17A4874B-0606-4687-90B6-F91F8CB3B8AF} = {F8BE681D-C98C-4B1E-832F-A45CEBB12CB3}
		{E3536C28-A7F1-4B53-8E52-7D2232F9E098} = {F8BE681D-C98C-4B1E-832F-A45CEBB12CB3}
		{07F662C1-1323-42AB-B6AF-FBFD34A7437A} = {F8BE681D-C98C-4B1E-832F-A45CEBB12CB3}
		{EC085CBD-E9C3-477F-9A97-CB9D5DA30E27} = {F8BE681D-C98C-4B1E-832F-A45CEBB12CB3}
		{097D9F6C-FD0E-4CBC-9676-009012AAECA8} = {F8BE681D-C98C-4B1E-832F-A45CEBB12CB3}
		{4EEA3F5A-E5BF-4DEE-B460-DB8F7FDCE73F} = {1E12910A-A415-4DA4-9760-4442330D2BEB}
		{D093F283-66B9-48C9-A7CD-2100111351F1} = {1E12910A-A415-4DA4-9760-4442330D2BEB}
		{03557AF6-A1D2-48AB-A704-AA29282E6C98} = {1E12910A-A415-4DA4-9760-4442330D2BEB}
		{ECDEDB15-CB6A-4814-93DA-F38D0246EAFF} = {F749ACE3-BAC5-41AF-97F7-2F6BB1861432}
		{CB0C9491-F837-4162-A56F-83A50CFCD629} = {F749ACE3-BAC5-41AF-97F7-2F6BB1861432}
		{BFC02994-2C1A-4D7A-AC72-45990D023B49} = {F749ACE3-BAC5-41AF-97F7-2F6BB1861432}
		{F5ED5563-CF5C-4CF6-A5EE-BFB801E02ED2} = {F749ACE3-BAC5-41AF-97F7-2F6BB1861432}
		{14944DA4-99B3-4EC3-B6CB-53CBB2756863} = {F749ACE3-BAC5-41AF-97F7-2F6BB1861432}
		{345DF305-2C04-484E-A9E5-F56834CE1641} = {F749ACE3-BAC5-41AF-97F7-2F6BB1861432}
		{64AF946C-A0E7-4799-AA41-BD3982D91BD8} = {F749ACE3-BAC5-41AF-97F7-2F6BB1861432}
		{108889E4-B78C-45B1-9D75-BE0A44C02E8D} = {F749ACE3-BAC5-41AF-97F7-2F6BB1861432}
		{B6D13797-497F-43D4-94A5-3E3CCD7C075B} = {F749ACE3-BAC5-41AF-97F7-2F6BB1861432}
		{6597B1E6-FA4E-4500-BE89-A5D2D49A7C3C} = {F749ACE3-BAC5-41AF-97F7-2F6BB1861432}
		{3FF6D503-FF0A-450F-91BD-73A3E78B02C9} = {F749ACE3-BAC5-41AF-97F7-2F6BB1861432}
		{44AA4769-A6D9-4047-BFA1-3D062C16B820} = {F749ACE3-BAC5-41AF-97F7-2F6BB1861432}
		{4FAF29C6-B4C3-4E5C-9ACF-FCBDD627E14A} = {F749ACE3-BAC5-41AF-97F7-2F6BB1861432}
		{B3C29485-F10B-4DC2-A13D-73876B880501} = {F749ACE3-BAC5-41AF-97F7-2F6BB1861432}
		{3F91D1CA-6611-4311-B4AC-C3604D40B8EE} = {F749ACE3-BAC5-41AF-97F7-2F6BB1861432}
		{F593647A-6625-49D5-9587-BBD4D94ED89C} = {F749ACE3-BAC5-41AF-97F7-2F6BB1861432}
		{7CA7B749-2E33-4CE2-9A58-FAC0AFFA2D45} = {F749ACE3-BAC5-41AF-97F7-2F6BB1861432}
		{22F9E8BC-E7C7-42FC-A369-1F71C22CF722} = {F749ACE3-BAC5-41AF-97F7-2F6BB1861432}
		{5A7A6845-23C4-44D7-8173-25F08D457B6F} = {F749ACE3-BAC5-41AF-97F7-2F6BB1861432}
		{4F6F377E-648D-404E-A0E0-94F7A74732A6} = {F749ACE3-BAC5-41AF-97F7-2F6BB1861432}
		{7DAD4DDD-EBC8-4DC3-AD00-D0FAB10331F8} = {F749ACE3-BAC5-41AF-97F7-2F6BB1861432}
		{241B84B4-50A4-4F1B-B554-DBB817BDF12F} = {F749ACE3-BAC5-41AF-97F7-2F6BB1861432}
		{CBD2EB24-2A39-4CE9-9479-999BB70D88EC} = {F749ACE3-BAC5-41AF-97F7-2F6BB1861432}
		{F48B96A1-A998-47B0-B924-EAAE600A1433} = {F749ACE3-BAC5-41AF-97F7-2F6BB1861432}
		{52A7FD96-5815-42B2-9BB6-193EA82899F7} = {F749ACE3-BAC5-41AF-97F7-2F6BB1861432}
		{5A1EA912-FAE1-4C87-BFFE-808494553279} = {F749ACE3-BAC5-41AF-97F7-2F6BB1861432}
		{7C375E58-63DD-440F-BFED-D52DD4B9E862} = {F749ACE3-BAC5-41AF-97F7-2F6BB1861432}
		{556967FF-78B2-418F-9F98-931924B77D1F} = {F749ACE3-BAC5-41AF-97F7-2F6BB1861432}
		{B02DC4BC-357A-42C0-A629-A6EECE2A5D32} = {F749ACE3-BAC5-41AF-97F7-2F6BB1861432}
		{22B8A2C7-5A9B-40FD-8EB1-A08360AADBF6} = {F749ACE3-BAC5-41AF-97F7-2F6BB1861432}
		{F6C34008-FC40-43E5-B500-463DC7A804B5} = {F749ACE3-BAC5-41AF-97F7-2F6BB1861432}
		{ABDEFB1A-E21B-4AF4-B01C-1014FC49D5A0} = {F749ACE3-BAC5-41AF-97F7-2F6BB1861432}
		{AC0AA71D-09F5-4693-A14B-0D5505FEF822} = {F749ACE3-BAC5-41AF-97F7-2F6BB1861432}
		{881FD956-2639-45E7-89E2-19777401DFF8} = {F749ACE3-BAC5-41AF-97F7-2F6BB1861432}
		{963F775E-71D0-481A-96DB-083FE3AE1645} = {F749ACE3-BAC5-41AF-97F7-2F6BB1861432}
		{1A7E78BF-8A63-419E-8786-25F876A04E8C} = {F749ACE3-BAC5-41AF-97F7-2F6BB1861432}
		{988DC551-6172-458F-9B86-26C8414A6699} = {F749ACE3-BAC5-41AF-97F7-2F6BB1861432}
		{0BE6A9CB-1747-4E48-8A76-FC21C8398D54} = {F749ACE3-BAC5-41AF-97F7-2F6BB1861432}
		{F596721F-5BDE-4AC4-A5A0-266452104BF0} = {F749ACE3-BAC5-41AF-97F7-2F6BB1861432}
		{C6EA6CFF-6681-4B69-AAAF-420DD5415146} = {F749ACE3-BAC5-41AF-97F7-2F6BB1861432}
		{CB582B08-7E80-4D77-9DAC-E3009B9E0B05} = {F749ACE3-BAC5-41AF-97F7-2F6BB1861432}
		{09119816-B893-44A4-991C-490383E4FA16} = {F749ACE3-BAC5-41AF-97F7-2F6BB1861432}
		{FC8559FF-E728-4D5C-AB6E-64703FFE0094} = {F749ACE3-BAC5-41AF-97F7-2F6BB1861432}
		{6C223330-C214-4D79-9719-010FF1FB6B6A} = {F749ACE3-BAC5-41AF-97F7-2F6BB1861432}
		{FF728A27-EF5B-475E-9AC1-A4B4295CC2A1} = {F749ACE3-BAC5-41AF-97F7-2F6BB1861432}
		{6F84EC6F-50BA-4063-A503-80636F0ACBB4} = {F749ACE3-BAC5-41AF-97F7-2F6BB1861432}
		{E14777AB-2D65-4588-B91F-DD7867C69DCC} = {F749ACE3-BAC5-41AF-97F7-2F6BB1861432}
		{699488D6-AB36-40B5-B466-BFBBCF15C0D1} = {F749ACE3-BAC5-41AF-97F7-2F6BB1861432}
		{67FE9186-0A5B-4D48-855B-D6C88AD6B4A4} = {F749ACE3-BAC5-41AF-97F7-2F6BB1861432}
		{C336C05D-47C6-40F5-AFF5-907EB4D06E0E} = {F749ACE3-BAC5-41AF-97F7-2F6BB1861432}
		{0C2F5506-575E-4AE9-AA61-B3DC78FA52F2} = {F749ACE3-BAC5-41AF-97F7-2F6BB1861432}
		{CDA48516-CA30-4B23-9E12-395E79082EA4} = {F749ACE3-BAC5-41AF-97F7-2F6BB1861432}
	EndGlobalSection
EndGlobal
