<?xml version="1.0" encoding="utf-8"?>
<Project ToolsVersion="4.0" xmlns="http://schemas.microsoft.com/developer/msbuild/2003">
  <ItemGroup>
    <Filter Include="Source Files">
      <UniqueIdentifier>{4FC737F1-C7A5-4376-A066-2A32D752A2FF}</UniqueIdentifier>
      <Extensions>cpp;c;cc;cxx;def;odl;idl;hpj;bat;asm;asmx</Extensions>
    </Filter>
    <Filter Include="Header Files">
      <UniqueIdentifier>{93995380-89BD-4b04-88EB-625FBE52EBFB}</UniqueIdentifier>
      <Extensions>h;hh;hpp;hxx;hm;inl;inc;xsd</Extensions>
    </Filter>
    <Filter Include="Resource Files">
      <UniqueIdentifier>{67DA6AB6-F800-4c08-8B7A-83BB121AAD01}</UniqueIdentifier>
      <Extensions>rc;ico;cur;bmp;dlg;rc2;rct;bin;rgs;gif;jpg;jpeg;jpe;resx;tiff;tif;png;wav;mfcribbon-ms</Extensions>
    </Filter>
    <Filter Include="Source Files\falagard">
      <UniqueIdentifier>{6bdfebc5-c564-4d2b-affe-0b5a0cad1ae2}</UniqueIdentifier>
    </Filter>
    <Filter Include="Source Files\widget">
      <UniqueIdentifier>{1a6520c0-2b90-4e54-a294-368630214f0c}</UniqueIdentifier>
    </Filter>
  </ItemGroup>
  <ItemGroup>
    <ClCompile Include="src\falagard\ComponentBase.cpp">
      <Filter>Source Files\falagard</Filter>
    </ClCompile>
    <ClCompile Include="src\falagard\Dimensions.cpp">
      <Filter>Source Files\falagard</Filter>
    </ClCompile>
    <ClCompile Include="src\falagard\EventAction.cpp">
      <Filter>Source Files\falagard</Filter>
    </ClCompile>
    <ClCompile Include="src\falagard\EventLinkDefinition.cpp">
      <Filter>Source Files\falagard</Filter>
    </ClCompile>
    <ClCompile Include="src\falagard\FormattingSetting.cpp">
      <Filter>Source Files\falagard</Filter>
    </ClCompile>
    <ClCompile Include="src\falagard\FrameComponent.cpp">
      <Filter>Source Files\falagard</Filter>
    </ClCompile>
    <ClCompile Include="src\falagard\ImageryComponent.cpp">
      <Filter>Source Files\falagard</Filter>
    </ClCompile>
    <ClCompile Include="src\falagard\ImagerySection.cpp">
      <Filter>Source Files\falagard</Filter>
    </ClCompile>
    <ClCompile Include="src\falagard\LayerSpecification.cpp">
      <Filter>Source Files\falagard</Filter>
    </ClCompile>
    <ClCompile Include="src\falagard\NamedArea.cpp">
      <Filter>Source Files\falagard</Filter>
    </ClCompile>
    <ClCompile Include="src\falagard\PropertyDefinitionBase.cpp">
      <Filter>Source Files\falagard</Filter>
    </ClCompile>
    <ClCompile Include="src\falagard\PropertyInitialiser.cpp">
      <Filter>Source Files\falagard</Filter>
    </ClCompile>
    <ClCompile Include="src\falagard\SectionSpecification.cpp">
      <Filter>Source Files\falagard</Filter>
    </ClCompile>
    <ClCompile Include="src\falagard\StateImagery.cpp">
      <Filter>Source Files\falagard</Filter>
    </ClCompile>
    <ClCompile Include="src\falagard\TextComponent.cpp">
      <Filter>Source Files\falagard</Filter>
    </ClCompile>
    <ClCompile Include="src\falagard\WidgetComponent.cpp">
      <Filter>Source Files\falagard</Filter>
    </ClCompile>
    <ClCompile Include="src\falagard\WidgetLookFeel.cpp">
      <Filter>Source Files\falagard</Filter>
    </ClCompile>
    <ClCompile Include="src\falagard\WidgetLookManager.cpp">
      <Filter>Source Files\falagard</Filter>
    </ClCompile>
    <ClCompile Include="src\falagard\XMLEnumHelper.cpp">
      <Filter>Source Files\falagard</Filter>
    </ClCompile>
    <ClCompile Include="src\widgets\ButtonBase.cpp">
      <Filter>Source Files\widget</Filter>
    </ClCompile>
    <ClCompile Include="src\widgets\ClippedContainer.cpp">
      <Filter>Source Files\widget</Filter>
    </ClCompile>
    <ClCompile Include="src\widgets\Combobox.cpp">
      <Filter>Source Files\widget</Filter>
    </ClCompile>
    <ClCompile Include="src\widgets\ComboDropList.cpp">
      <Filter>Source Files\widget</Filter>
    </ClCompile>
    <ClCompile Include="src\widgets\DefaultWindow.cpp">
      <Filter>Source Files\widget</Filter>
    </ClCompile>
    <ClCompile Include="src\widgets\DragContainer.cpp">
      <Filter>Source Files\widget</Filter>
    </ClCompile>
    <ClCompile Include="src\widgets\Editbox.cpp">
      <Filter>Source Files\widget</Filter>
    </ClCompile>
    <ClCompile Include="src\widgets\FrameWindow.cpp">
      <Filter>Source Files\widget</Filter>
    </ClCompile>
    <ClCompile Include="src\widgets\GridLayoutContainer.cpp">
      <Filter>Source Files\widget</Filter>
    </ClCompile>
    <ClCompile Include="src\widgets\GroupBox.cpp">
      <Filter>Source Files\widget</Filter>
    </ClCompile>
    <ClCompile Include="src\widgets\HorizontalLayoutContainer.cpp">
      <Filter>Source Files\widget</Filter>
    </ClCompile>
    <ClCompile Include="src\widgets\ItemEntry.cpp">
      <Filter>Source Files\widget</Filter>
    </ClCompile>
    <ClCompile Include="src\widgets\ItemListBase.cpp">
      <Filter>Source Files\widget</Filter>
    </ClCompile>
    <ClCompile Include="src\widgets\ItemListbox.cpp">
      <Filter>Source Files\widget</Filter>
    </ClCompile>
    <ClCompile Include="src\widgets\LayoutCell.cpp">
      <Filter>Source Files\widget</Filter>
    </ClCompile>
    <ClCompile Include="src\widgets\LayoutContainer.cpp">
      <Filter>Source Files\widget</Filter>
    </ClCompile>
    <ClCompile Include="src\widgets\Listbox.cpp">
      <Filter>Source Files\widget</Filter>
    </ClCompile>
    <ClCompile Include="src\widgets\ListboxItem.cpp">
      <Filter>Source Files\widget</Filter>
    </ClCompile>
    <ClCompile Include="src\widgets\ListboxTextItem.cpp">
      <Filter>Source Files\widget</Filter>
    </ClCompile>
    <ClCompile Include="src\widgets\ListHeader.cpp">
      <Filter>Source Files\widget</Filter>
    </ClCompile>
    <ClCompile Include="src\widgets\ListHeaderSegment.cpp">
      <Filter>Source Files\widget</Filter>
    </ClCompile>
    <ClCompile Include="src\widgets\Menubar.cpp">
      <Filter>Source Files\widget</Filter>
    </ClCompile>
    <ClCompile Include="src\widgets\MenuBase.cpp">
      <Filter>Source Files\widget</Filter>
    </ClCompile>
    <ClCompile Include="src\widgets\MenuItem.cpp">
      <Filter>Source Files\widget</Filter>
    </ClCompile>
    <ClCompile Include="src\widgets\MultiColumnList.cpp">
      <Filter>Source Files\widget</Filter>
    </ClCompile>
    <ClCompile Include="src\widgets\MultiLineEditbox.cpp">
      <Filter>Source Files\widget</Filter>
    </ClCompile>
    <ClCompile Include="src\widgets\PopupMenu.cpp">
      <Filter>Source Files\widget</Filter>
    </ClCompile>
    <ClCompile Include="src\widgets\ProgressBar.cpp">
      <Filter>Source Files\widget</Filter>
    </ClCompile>
    <ClCompile Include="src\widgets\PushButton.cpp">
      <Filter>Source Files\widget</Filter>
    </ClCompile>
    <ClCompile Include="src\widgets\RadioButton.cpp">
      <Filter>Source Files\widget</Filter>
    </ClCompile>
    <ClCompile Include="src\widgets\ScrollablePane.cpp">
      <Filter>Source Files\widget</Filter>
    </ClCompile>
    <ClCompile Include="src\widgets\Scrollbar.cpp">
      <Filter>Source Files\widget</Filter>
    </ClCompile>
    <ClCompile Include="src\widgets\ScrolledContainer.cpp">
      <Filter>Source Files\widget</Filter>
    </ClCompile>
    <ClCompile Include="src\widgets\ScrolledItemListBase.cpp">
      <Filter>Source Files\widget</Filter>
    </ClCompile>
    <ClCompile Include="src\widgets\SequentialLayoutContainer.cpp">
      <Filter>Source Files\widget</Filter>
    </ClCompile>
    <ClCompile Include="src\widgets\Slider.cpp">
      <Filter>Source Files\widget</Filter>
    </ClCompile>
    <ClCompile Include="src\widgets\Spinner.cpp">
      <Filter>Source Files\widget</Filter>
    </ClCompile>
    <ClCompile Include="src\widgets\TabButton.cpp">
      <Filter>Source Files\widget</Filter>
    </ClCompile>
    <ClCompile Include="src\widgets\TabControl.cpp">
      <Filter>Source Files\widget</Filter>
    </ClCompile>
    <ClCompile Include="src\widgets\Thumb.cpp">
      <Filter>Source Files\widget</Filter>
    </ClCompile>
    <ClCompile Include="src\widgets\Titlebar.cpp">
      <Filter>Source Files\widget</Filter>
    </ClCompile>
    <ClCompile Include="src\widgets\ToggleButton.cpp">
      <Filter>Source Files\widget</Filter>
    </ClCompile>
    <ClCompile Include="src\widgets\Tooltip.cpp">
      <Filter>Source Files\widget</Filter>
    </ClCompile>
    <ClCompile Include="src\widgets\Tree.cpp">
      <Filter>Source Files\widget</Filter>
    </ClCompile>
    <ClCompile Include="src\widgets\TreeItem.cpp">
      <Filter>Source Files\widget</Filter>
    </ClCompile>
    <ClCompile Include="src\widgets\VerticalLayoutContainer.cpp">
      <Filter>Source Files\widget</Filter>
    </ClCompile>
    <ClCompile Include="src\Affector.cpp">
      <Filter>Source Files</Filter>
    </ClCompile>
    <ClCompile Include="src\Animation.cpp">
      <Filter>Source Files</Filter>
    </ClCompile>
    <ClCompile Include="src\Animation_xmlHandler.cpp">
      <Filter>Source Files</Filter>
    </ClCompile>
    <ClCompile Include="src\AnimationInstance.cpp">
      <Filter>Source Files</Filter>
    </ClCompile>
    <ClCompile Include="src\AnimationManager.cpp">
      <Filter>Source Files</Filter>
    </ClCompile>
    <ClCompile Include="src\Base.cpp">
      <Filter>Source Files</Filter>
    </ClCompile>
    <ClCompile Include="src\BasicImage.cpp">
      <Filter>Source Files</Filter>
    </ClCompile>
    <ClCompile Include="src\BasicRenderedStringParser.cpp">
      <Filter>Source Files</Filter>
    </ClCompile>
    <ClCompile Include="src\BidiVisualMapping.cpp">
      <Filter>Source Files</Filter>
    </ClCompile>
    <ClCompile Include="src\BoundSlot.cpp">
      <Filter>Source Files</Filter>
    </ClCompile>
    <ClCompile Include="src\CentredRenderedString.cpp">
      <Filter>Source Files</Filter>
    </ClCompile>
    <ClCompile Include="src\ChainedXMLHandler.cpp">
      <Filter>Source Files</Filter>
    </ClCompile>
    <ClCompile Include="src\Clipboard.cpp">
      <Filter>Source Files</Filter>
    </ClCompile>
    <ClCompile Include="src\Colour.cpp">
      <Filter>Source Files</Filter>
    </ClCompile>
    <ClCompile Include="src\ColourRect.cpp">
      <Filter>Source Files</Filter>
    </ClCompile>
    <ClCompile Include="src\CompositeResourceProvider.cpp">
      <Filter>Source Files</Filter>
    </ClCompile>
    <ClCompile Include="src\Config_xmlHandler.cpp">
      <Filter>Source Files</Filter>
    </ClCompile>
    <ClCompile Include="src\CoordConverter.cpp">
      <Filter>Source Files</Filter>
    </ClCompile>
    <ClCompile Include="src\DataContainer.cpp">
      <Filter>Source Files</Filter>
    </ClCompile>
    <ClCompile Include="src\DefaultLogger.cpp">
      <Filter>Source Files</Filter>
    </ClCompile>
    <ClCompile Include="src\DefaultRenderedStringParser.cpp">
      <Filter>Source Files</Filter>
    </ClCompile>
    <ClCompile Include="src\DefaultResourceProvider.cpp">
      <Filter>Source Files</Filter>
    </ClCompile>
    <ClCompile Include="src\DynamicModule.cpp">
      <Filter>Source Files</Filter>
    </ClCompile>
    <ClCompile Include="src\Element.cpp">
      <Filter>Source Files</Filter>
    </ClCompile>
    <ClCompile Include="src\Event.cpp">
      <Filter>Source Files</Filter>
    </ClCompile>
    <ClCompile Include="src\EventArgs.cpp">
      <Filter>Source Files</Filter>
    </ClCompile>
    <ClCompile Include="src\EventSet.cpp">
      <Filter>Source Files</Filter>
    </ClCompile>
    <ClCompile Include="src\Exceptions.cpp">
      <Filter>Source Files</Filter>
    </ClCompile>
    <ClCompile Include="src\FactoryModule.cpp">
      <Filter>Source Files</Filter>
    </ClCompile>
    <ClCompile Include="src\FactoryRegisterer.cpp">
      <Filter>Source Files</Filter>
    </ClCompile>
    <ClCompile Include="src\Font.cpp">
      <Filter>Source Files</Filter>
    </ClCompile>
    <ClCompile Include="src\Font_xmlHandler.cpp">
      <Filter>Source Files</Filter>
    </ClCompile>
    <ClCompile Include="src\FontManager.cpp">
      <Filter>Source Files</Filter>
    </ClCompile>
    <ClCompile Include="src\FormattedRenderedString.cpp">
      <Filter>Source Files</Filter>
    </ClCompile>
    <ClCompile Include="src\GeometryBuffer.cpp">
      <Filter>Source Files</Filter>
    </ClCompile>
    <ClCompile Include="src\GlobalEventSet.cpp">
      <Filter>Source Files</Filter>
    </ClCompile>
    <ClCompile Include="src\GUIContext.cpp">
      <Filter>Source Files</Filter>
    </ClCompile>
    <ClCompile Include="src\GUILayout_xmlHandler.cpp">
      <Filter>Source Files</Filter>
    </ClCompile>
    <ClCompile Include="src\Image.cpp">
      <Filter>Source Files</Filter>
    </ClCompile>
    <ClCompile Include="src\ImageCodec.cpp">
      <Filter>Source Files</Filter>
    </ClCompile>
    <ClCompile Include="src\ImageManager.cpp">
      <Filter>Source Files</Filter>
    </ClCompile>
    <ClCompile Include="src\JustifiedRenderedString.cpp">
      <Filter>Source Files</Filter>
    </ClCompile>
    <ClCompile Include="src\JustifiedRenderedStringWordWrapper.cpp">
      <Filter>Source Files</Filter>
    </ClCompile>
    <ClCompile Include="src\KeyFrame.cpp">
      <Filter>Source Files</Filter>
    </ClCompile>
    <ClCompile Include="src\LeftAlignedRenderedString.cpp">
      <Filter>Source Files</Filter>
    </ClCompile>
    <ClCompile Include="src\LinkedEvent.cpp">
      <Filter>Source Files</Filter>
    </ClCompile>
    <ClCompile Include="src\Logger.cpp">
      <Filter>Source Files</Filter>
    </ClCompile>
    <ClCompile Include="src\MouseCursor.cpp">
      <Filter>Source Files</Filter>
    </ClCompile>
    <ClCompile Include="src\NamedElement.cpp">
      <Filter>Source Files</Filter>
    </ClCompile>
    <ClCompile Include="src\NamedXMLResourceManager.cpp">
      <Filter>Source Files</Filter>
    </ClCompile>
    <ClCompile Include="src\PixmapFont.cpp">
      <Filter>Source Files</Filter>
    </ClCompile>
    <ClCompile Include="src\Property.cpp">
      <Filter>Source Files</Filter>
    </ClCompile>
    <ClCompile Include="src\PropertyHelper.cpp">
      <Filter>Source Files</Filter>
    </ClCompile>
    <ClCompile Include="src\PropertySet.cpp">
      <Filter>Source Files</Filter>
    </ClCompile>
    <ClCompile Include="src\Quaternion.cpp">
      <Filter>Source Files</Filter>
    </ClCompile>
    <ClCompile Include="src\Rect.cpp">
      <Filter>Source Files</Filter>
    </ClCompile>
    <ClCompile Include="src\RenderedString.cpp">
      <Filter>Source Files</Filter>
    </ClCompile>
    <ClCompile Include="src\RenderedStringComponent.cpp">
      <Filter>Source Files</Filter>
    </ClCompile>
    <ClCompile Include="src\RenderedStringImageComponent.cpp">
      <Filter>Source Files</Filter>
    </ClCompile>
    <ClCompile Include="src\RenderedStringTextComponent.cpp">
      <Filter>Source Files</Filter>
    </ClCompile>
    <ClCompile Include="src\RenderedStringWidgetComponent.cpp">
      <Filter>Source Files</Filter>
    </ClCompile>
    <ClCompile Include="src\RenderEffectManager.cpp">
      <Filter>Source Files</Filter>
    </ClCompile>
    <ClCompile Include="src\RenderingSurface.cpp">
      <Filter>Source Files</Filter>
    </ClCompile>
    <ClCompile Include="src\RenderingWindow.cpp">
      <Filter>Source Files</Filter>
    </ClCompile>
    <ClCompile Include="src\RenderQueue.cpp">
      <Filter>Source Files</Filter>
    </ClCompile>
    <ClCompile Include="src\RenderTarget.cpp">
      <Filter>Source Files</Filter>
    </ClCompile>
    <ClCompile Include="src\RightAlignedRenderedString.cpp">
      <Filter>Source Files</Filter>
    </ClCompile>
    <ClCompile Include="src\Scheme.cpp">
      <Filter>Source Files</Filter>
    </ClCompile>
    <ClCompile Include="src\Scheme_xmlHandler.cpp">
      <Filter>Source Files</Filter>
    </ClCompile>
    <ClCompile Include="src\SchemeManager.cpp">
      <Filter>Source Files</Filter>
    </ClCompile>
    <ClCompile Include="src\ScriptModule.cpp">
      <Filter>Source Files</Filter>
    </ClCompile>
    <ClCompile Include="src\SimpleTimer.cpp">
      <Filter>Source Files</Filter>
    </ClCompile>
    <ClCompile Include="src\String.cpp">
      <Filter>Source Files</Filter>
    </ClCompile>
    <ClCompile Include="src\SubscriberSlot.cpp">
      <Filter>Source Files</Filter>
    </ClCompile>
    <ClCompile Include="src\System.cpp">
      <Filter>Source Files</Filter>
    </ClCompile>
    <ClCompile Include="src\SystemKeys.cpp">
      <Filter>Source Files</Filter>
    </ClCompile>
    <ClCompile Include="src\TextUtils.cpp">
      <Filter>Source Files</Filter>
    </ClCompile>
    <ClCompile Include="src\Win32StringTranscoder.cpp">
      <Filter>Source Files</Filter>
    </ClCompile>
    <ClCompile Include="src\Window.cpp">
      <Filter>Source Files</Filter>
    </ClCompile>
    <ClCompile Include="src\WindowFactory.cpp">
      <Filter>Source Files</Filter>
    </ClCompile>
    <ClCompile Include="src\WindowFactoryManager.cpp">
      <Filter>Source Files</Filter>
    </ClCompile>
    <ClCompile Include="src\WindowManager.cpp">
      <Filter>Source Files</Filter>
    </ClCompile>
    <ClCompile Include="src\WindowRenderer.cpp">
      <Filter>Source Files</Filter>
    </ClCompile>
    <ClCompile Include="src\WindowRendererManager.cpp">
      <Filter>Source Files</Filter>
    </ClCompile>
    <ClCompile Include="src\XMLAttributes.cpp">
      <Filter>Source Files</Filter>
    </ClCompile>
    <ClCompile Include="src\XMLHandler.cpp">
      <Filter>Source Files</Filter>
    </ClCompile>
    <ClCompile Include="src\XMLParser.cpp">
      <Filter>Source Files</Filter>
    </ClCompile>
    <ClCompile Include="src\XMLSerializer.cpp">
      <Filter>Source Files</Filter>
    </ClCompile>
    <ClCompile Include="src\falagard\_XMLHandler.cpp">
      <Filter>Source Files\falagard</Filter>
    </ClCompile>
  </ItemGroup>
</Project>